PODS:
  - RxCocoa (5.0.1):
    - RxRelay (~> 5)
    - RxSwift (~> 5)
  - RxRelay (5.0.1):
    - RxSwift (~> 5)
  - RxSwift (5.0.1)
  - SideMenu (6.4.7)
  - Swinject (2.6.2)
  - SwinjectAutoregistration (2.6.0):
    - Swinject (~> 2.6)

DEPENDENCIES:
  - RxCocoa (~> 5)
  - RxSwift (~> 5)
  - SideMenu (~> 6.0)
  - Swinject (~> 2.6.0)
  - SwinjectAutoregistration (= 2.6.0)

SPEC REPOS:
  trunk:
    - RxCocoa
    - RxRelay
    - RxSwift
    - SideMenu
    - Swinject
    - SwinjectAutoregistration

SPEC CHECKSUMS:
  RxCocoa: e741b9749968e8a143e2b787f1dfbff2b63d0a5c
  RxRelay: 89d54507f4fd4d969e6ec1d4bd7f3673640b4640
  RxSwift: e2dc62b366a3adf6a0be44ba9f405efd4c94e0c4
  SideMenu: 928a015669c3afc201e1fe3a87f1b0bc8993a664
  Swinject: cf7458774b1b00323080a9c67e47a1ee7f9d2af1
  SwinjectAutoregistration: 93a908f7543c401b0c315305ac0ae501efdbce89

PODFILE CHECKSUM: 017fc2d1e4e7e6953461c88c6caa505099be27e7

COCOAPODS: 1.8.4
