// !$*UTF8*$!
{
	archiveVersion = 1;
	classes = {
	};
	objectVersion = 51;
	objects = {

/* Begin PBXBuildFile section */
		1E022BD7238B5888007D2EE6 /* AppDelegate.swift in Sources */ = {isa = PBXBuildFile; fileRef = 1E022BD6238B5888007D2EE6 /* AppDelegate.swift */; };
		1E022BDB238B5888007D2EE6 /* SignInViewController.swift in Sources */ = {isa = PBXBuildFile; fileRef = 1E022BDA238B5888007D2EE6 /* SignInViewController.swift */; };
		1E022BE0238B5888007D2EE6 /* Assets.xcassets in Resources */ = {isa = PBXBuildFile; fileRef = 1E022BDF238B5888007D2EE6 /* Assets.xcassets */; };
		1E022BE3238B5888007D2EE6 /* LaunchScreen.storyboard in Resources */ = {isa = PBXBuildFile; fileRef = 1E022BE1238B5888007D2EE6 /* LaunchScreen.storyboard */; };
		1E100DF12393444C00DE0291 /* SettingsRootView.swift in Sources */ = {isa = PBXBuildFile; fileRef = 1E100DF02393444C00DE0291 /* SettingsRootView.swift */; };
		1E356505238EC9D200C407F1 /* SettingsCoordinator.swift in Sources */ = {isa = PBXBuildFile; fileRef = 1E356504238EC9D200C407F1 /* SettingsCoordinator.swift */; };
		1E356507238ED3D000C407F1 /* UIImageView+Additions.swift in Sources */ = {isa = PBXBuildFile; fileRef = 1E356506238ED3D000C407F1 /* UIImageView+Additions.swift */; };
		1E356511238ED53A00C407F1 /* SpotifyDailyTests.swift in Sources */ = {isa = PBXBuildFile; fileRef = 1E356510238ED53A00C407F1 /* SpotifyDailyTests.swift */; };
		1E3759A4238D7B0F00928EDD /* SettingsViewController.swift in Sources */ = {isa = PBXBuildFile; fileRef = 1E3759A3238D7B0F00928EDD /* SettingsViewController.swift */; };
		1E37D9522391E1680047613B /* ProfileEndpointResponse.swift in Sources */ = {isa = PBXBuildFile; fileRef = 1E37D9512391E1680047613B /* ProfileEndpointResponse.swift */; };
		1E37D9542391E19C0047613B /* TokenEndpointResponse.swift in Sources */ = {isa = PBXBuildFile; fileRef = 1E37D9532391E19C0047613B /* TokenEndpointResponse.swift */; };
		1E3AFA75238F1B4C00FAD3E6 /* RecommendationsCoordinator.swift in Sources */ = {isa = PBXBuildFile; fileRef = 1E3AFA74238F1B4C00FAD3E6 /* RecommendationsCoordinator.swift */; };
		1E583A0223901D5B00DC033F /* Logger.swift in Sources */ = {isa = PBXBuildFile; fileRef = 1E583A0123901D5B00DC033F /* Logger.swift */; };
		1E583A0423909E0200DC033F /* ViewControllerUtils.swift in Sources */ = {isa = PBXBuildFile; fileRef = 1E583A0323909E0200DC033F /* ViewControllerUtils.swift */; };
		1E896A62238C246400C745F0 /* UIColor+Additions.swift in Sources */ = {isa = PBXBuildFile; fileRef = 1E896A61238C246400C745F0 /* UIColor+Additions.swift */; };
		1E896A64238C27F000C745F0 /* AppCoordinator.swift in Sources */ = {isa = PBXBuildFile; fileRef = 1E896A63238C27F000C745F0 /* AppCoordinator.swift */; };
		1E896A68238C29F400C745F0 /* BaseCoordinator.swift in Sources */ = {isa = PBXBuildFile; fileRef = 1E896A67238C29F400C745F0 /* BaseCoordinator.swift */; };
		1E896A6A238C2A8D00C745F0 /* SignInCoordinator.swift in Sources */ = {isa = PBXBuildFile; fileRef = 1E896A69238C2A8D00C745F0 /* SignInCoordinator.swift */; };
		1EA8FDA82391843400498AA6 /* ViewControllerWithSideMenu.swift in Sources */ = {isa = PBXBuildFile; fileRef = 1EA8FDA72391843400498AA6 /* ViewControllerWithSideMenu.swift */; };
		1EA8FDAB2391866A00498AA6 /* DrawerMenuCoordinator.swift in Sources */ = {isa = PBXBuildFile; fileRef = 1EA8FDAA2391866A00498AA6 /* DrawerMenuCoordinator.swift */; };
		1EA8FDAD2391868100498AA6 /* DrawerMenuViewModel.swift in Sources */ = {isa = PBXBuildFile; fileRef = 1EA8FDAC2391868100498AA6 /* DrawerMenuViewModel.swift */; };
		1EA8FDAF2391869300498AA6 /* DrawerMenuViewController.swift in Sources */ = {isa = PBXBuildFile; fileRef = 1EA8FDAE2391869300498AA6 /* DrawerMenuViewController.swift */; };
		1EA8FDB12391875500498AA6 /* DrawerMenuScreen.swift in Sources */ = {isa = PBXBuildFile; fileRef = 1EA8FDB02391875500498AA6 /* DrawerMenuScreen.swift */; };
		1EA8FDB82391AC8700498AA6 /* Container+RegisterDependencies.swift in Sources */ = {isa = PBXBuildFile; fileRef = 1EA8FDB72391AC8700498AA6 /* Container+RegisterDependencies.swift */; };
		1EA8FDBA2391AC9500498AA6 /* Container+Services.swift in Sources */ = {isa = PBXBuildFile; fileRef = 1EA8FDB92391AC9500498AA6 /* Container+Services.swift */; };
		1EA8FDBC2391AD0100498AA6 /* Container+ViewModels.swift in Sources */ = {isa = PBXBuildFile; fileRef = 1EA8FDBB2391AD0100498AA6 /* Container+ViewModels.swift */; };
		1EA8FDBE2391AD2100498AA6 /* Container+Coordinators.swift in Sources */ = {isa = PBXBuildFile; fileRef = 1EA8FDBD2391AD2100498AA6 /* Container+Coordinators.swift */; };
		1EA8FDC02391AD4000498AA6 /* RecommendationsViewModel.swift in Sources */ = {isa = PBXBuildFile; fileRef = 1EA8FDBF2391AD4000498AA6 /* RecommendationsViewModel.swift */; };
		1EA8FDC22391AD4A00498AA6 /* SettingsViewModel.swift in Sources */ = {isa = PBXBuildFile; fileRef = 1EA8FDC12391AD4A00498AA6 /* SettingsViewModel.swift */; };
		1EA8FDC42391C1ED00498AA6 /* MenuCell.swift in Sources */ = {isa = PBXBuildFile; fileRef = 1EA8FDC32391C1ED00498AA6 /* MenuCell.swift */; };
		1EAB9487238F083900C45AD4 /* UIImage+Additions.swift in Sources */ = {isa = PBXBuildFile; fileRef = 1EAB9486238F083900C45AD4 /* UIImage+Additions.swift */; };
		1EAB948D238F164B00C45AD4 /* RecommendationsViewController.swift in Sources */ = {isa = PBXBuildFile; fileRef = 1EAB948C238F164B00C45AD4 /* RecommendationsViewController.swift */; };
		1EB60BB123917FE6001DA148 /* DashboardViewModel.swift in Sources */ = {isa = PBXBuildFile; fileRef = 1EB60BB023917FE6001DA148 /* DashboardViewModel.swift */; };
		1EB60BB323918085001DA148 /* BaseNavigationController.swift in Sources */ = {isa = PBXBuildFile; fileRef = 1EB60BB223918085001DA148 /* BaseNavigationController.swift */; };
		1EB830D4238CC97E00C002DA /* DashboardViewController.swift in Sources */ = {isa = PBXBuildFile; fileRef = 1EB830D3238CC97E00C002DA /* DashboardViewController.swift */; };
		1EB830D6238CE37400C002DA /* DashboardCoordinator.swift in Sources */ = {isa = PBXBuildFile; fileRef = 1EB830D5238CE37400C002DA /* DashboardCoordinator.swift */; };
		1EC2A12723916547006E5E96 /* SignInResponse.swift in Sources */ = {isa = PBXBuildFile; fileRef = 1EC2A12623916547006E5E96 /* SignInResponse.swift */; };
		1EC2A129239166B5006E5E96 /* Token.swift in Sources */ = {isa = PBXBuildFile; fileRef = 1EC2A128239166B5006E5E96 /* Token.swift */; };
		1EC2A12E23916861006E5E96 /* SessionService.swift in Sources */ = {isa = PBXBuildFile; fileRef = 1EC2A12D23916861006E5E96 /* SessionService.swift */; };
		1EC2A131239168BA006E5E96 /* DataManager.swift in Sources */ = {isa = PBXBuildFile; fileRef = 1EC2A130239168BA006E5E96 /* DataManager.swift */; };
		1EC2A133239169EA006E5E96 /* UserDataManager.swift in Sources */ = {isa = PBXBuildFile; fileRef = 1EC2A132239169EA006E5E96 /* UserDataManager.swift */; };
		1EC2A13523916D33006E5E96 /* Json.swift in Sources */ = {isa = PBXBuildFile; fileRef = 1EC2A13423916D33006E5E96 /* Json.swift */; };
		1EC2A13823916D86006E5E96 /* Data+Json.swift in Sources */ = {isa = PBXBuildFile; fileRef = 1EC2A13723916D86006E5E96 /* Data+Json.swift */; };
		1EC2A13A23916DC9006E5E96 /* Encodable+Json.swift in Sources */ = {isa = PBXBuildFile; fileRef = 1EC2A13923916DC9006E5E96 /* Encodable+Json.swift */; };
		1EC2A13C23916E5D006E5E96 /* SettingKey.swift in Sources */ = {isa = PBXBuildFile; fileRef = 1EC2A13B23916E5D006E5E96 /* SettingKey.swift */; };
		1EC2A16523917624006E5E96 /* URLBuilder.swift in Sources */ = {isa = PBXBuildFile; fileRef = 1EC2A15623917623006E5E96 /* URLBuilder.swift */; };
		1EC2A16623917624006E5E96 /* User.swift in Sources */ = {isa = PBXBuildFile; fileRef = 1EC2A15723917623006E5E96 /* User.swift */; };
		1EC2A16723917624006E5E96 /* Constants.swift in Sources */ = {isa = PBXBuildFile; fileRef = 1EC2A15823917623006E5E96 /* Constants.swift */; };
		1EC2A16823917624006E5E96 /* SpotifyLoginButton.swift in Sources */ = {isa = PBXBuildFile; fileRef = 1EC2A15923917623006E5E96 /* SpotifyLoginButton.swift */; };
		1EC2A16923917624006E5E96 /* Networking.swift in Sources */ = {isa = PBXBuildFile; fileRef = 1EC2A15A23917623006E5E96 /* Networking.swift */; };
		1EC2A16B23917624006E5E96 /* SpotifyLogin.swift in Sources */ = {isa = PBXBuildFile; fileRef = 1EC2A15C23917624006E5E96 /* SpotifyLogin.swift */; };
		1EC2A16C23917624006E5E96 /* SafariDelegate.swift in Sources */ = {isa = PBXBuildFile; fileRef = 1EC2A15D23917624006E5E96 /* SafariDelegate.swift */; };
		1EC2A16D23917624006E5E96 /* Scope.swift in Sources */ = {isa = PBXBuildFile; fileRef = 1EC2A15E23917624006E5E96 /* Scope.swift */; };
		1EC2A16E23917624006E5E96 /* Session.swift in Sources */ = {isa = PBXBuildFile; fileRef = 1EC2A15F23917624006E5E96 /* Session.swift */; };
		1EC2A17223917624006E5E96 /* SpotifyLoginPresenter.swift in Sources */ = {isa = PBXBuildFile; fileRef = 1EC2A16423917624006E5E96 /* SpotifyLoginPresenter.swift */; };
		1EC2A17423917D39006E5E96 /* SignInViewModel.swift in Sources */ = {isa = PBXBuildFile; fileRef = 1EC2A17323917D39006E5E96 /* SignInViewModel.swift */; };
		750AE71E376491629780F577 /* Pods_SpotifyDaily.framework in Frameworks */ = {isa = PBXBuildFile; fileRef = 80944179D3EB853F2CAC1487 /* Pods_SpotifyDaily.framework */; };
/* End PBXBuildFile section */

/* Begin PBXContainerItemProxy section */
		1E356513238ED53A00C407F1 /* PBXContainerItemProxy */ = {
			isa = PBXContainerItemProxy;
			containerPortal = 1E022BCB238B5888007D2EE6 /* Project object */;
			proxyType = 1;
			remoteGlobalIDString = 1E022BD2238B5888007D2EE6;
			remoteInfo = SpotifyDaily;
		};
/* End PBXContainerItemProxy section */

/* Begin PBXFileReference section */
		0690C4734A0BF02C9DB10A7D /* Pods-SpotifyDaily.debug.xcconfig */ = {isa = PBXFileReference; includeInIndex = 1; lastKnownFileType = text.xcconfig; name = "Pods-SpotifyDaily.debug.xcconfig"; path = "Target Support Files/Pods-SpotifyDaily/Pods-SpotifyDaily.debug.xcconfig"; sourceTree = "<group>"; };
		1E022BD3238B5888007D2EE6 /* SpotifyDaily.app */ = {isa = PBXFileReference; explicitFileType = wrapper.application; includeInIndex = 0; path = SpotifyDaily.app; sourceTree = BUILT_PRODUCTS_DIR; };
		1E022BD6238B5888007D2EE6 /* AppDelegate.swift */ = {isa = PBXFileReference; lastKnownFileType = sourcecode.swift; path = AppDelegate.swift; sourceTree = "<group>"; };
		1E022BDA238B5888007D2EE6 /* SignInViewController.swift */ = {isa = PBXFileReference; lastKnownFileType = sourcecode.swift; path = SignInViewController.swift; sourceTree = "<group>"; };
		1E022BDF238B5888007D2EE6 /* Assets.xcassets */ = {isa = PBXFileReference; lastKnownFileType = folder.assetcatalog; path = Assets.xcassets; sourceTree = "<group>"; };
		1E022BE2238B5888007D2EE6 /* Base */ = {isa = PBXFileReference; lastKnownFileType = file.storyboard; name = Base; path = Base.lproj/LaunchScreen.storyboard; sourceTree = "<group>"; };
		1E022BE4238B5888007D2EE6 /* Info.plist */ = {isa = PBXFileReference; lastKnownFileType = text.plist.xml; path = Info.plist; sourceTree = "<group>"; };
		1E100DF02393444C00DE0291 /* SettingsRootView.swift */ = {isa = PBXFileReference; lastKnownFileType = sourcecode.swift; path = SettingsRootView.swift; sourceTree = "<group>"; };
		1E356504238EC9D200C407F1 /* SettingsCoordinator.swift */ = {isa = PBXFileReference; lastKnownFileType = sourcecode.swift; path = SettingsCoordinator.swift; sourceTree = "<group>"; };
		1E356506238ED3D000C407F1 /* UIImageView+Additions.swift */ = {isa = PBXFileReference; lastKnownFileType = sourcecode.swift; path = "UIImageView+Additions.swift"; sourceTree = "<group>"; };
		1E35650E238ED53A00C407F1 /* SpotifyDailyTests.xctest */ = {isa = PBXFileReference; explicitFileType = wrapper.cfbundle; includeInIndex = 0; path = SpotifyDailyTests.xctest; sourceTree = BUILT_PRODUCTS_DIR; };
		1E356510238ED53A00C407F1 /* SpotifyDailyTests.swift */ = {isa = PBXFileReference; lastKnownFileType = sourcecode.swift; path = SpotifyDailyTests.swift; sourceTree = "<group>"; };
		1E356512238ED53A00C407F1 /* Info.plist */ = {isa = PBXFileReference; lastKnownFileType = text.plist.xml; path = Info.plist; sourceTree = "<group>"; };
		1E3759A3238D7B0F00928EDD /* SettingsViewController.swift */ = {isa = PBXFileReference; lastKnownFileType = sourcecode.swift; path = SettingsViewController.swift; sourceTree = "<group>"; };
		1E37D9512391E1680047613B /* ProfileEndpointResponse.swift */ = {isa = PBXFileReference; lastKnownFileType = sourcecode.swift; path = ProfileEndpointResponse.swift; sourceTree = "<group>"; };
		1E37D9532391E19C0047613B /* TokenEndpointResponse.swift */ = {isa = PBXFileReference; lastKnownFileType = sourcecode.swift; path = TokenEndpointResponse.swift; sourceTree = "<group>"; };
		1E3AFA74238F1B4C00FAD3E6 /* RecommendationsCoordinator.swift */ = {isa = PBXFileReference; lastKnownFileType = sourcecode.swift; path = RecommendationsCoordinator.swift; sourceTree = "<group>"; };
		1E583A0123901D5B00DC033F /* Logger.swift */ = {isa = PBXFileReference; lastKnownFileType = sourcecode.swift; path = Logger.swift; sourceTree = "<group>"; };
		1E583A0323909E0200DC033F /* ViewControllerUtils.swift */ = {isa = PBXFileReference; lastKnownFileType = sourcecode.swift; path = ViewControllerUtils.swift; sourceTree = "<group>"; };
		1E896A61238C246400C745F0 /* UIColor+Additions.swift */ = {isa = PBXFileReference; lastKnownFileType = sourcecode.swift; path = "UIColor+Additions.swift"; sourceTree = "<group>"; };
		1E896A63238C27F000C745F0 /* AppCoordinator.swift */ = {isa = PBXFileReference; lastKnownFileType = sourcecode.swift; path = AppCoordinator.swift; sourceTree = "<group>"; };
		1E896A67238C29F400C745F0 /* BaseCoordinator.swift */ = {isa = PBXFileReference; lastKnownFileType = sourcecode.swift; path = BaseCoordinator.swift; sourceTree = "<group>"; };
		1E896A69238C2A8D00C745F0 /* SignInCoordinator.swift */ = {isa = PBXFileReference; lastKnownFileType = sourcecode.swift; path = SignInCoordinator.swift; sourceTree = "<group>"; };
		1EA8FDA72391843400498AA6 /* ViewControllerWithSideMenu.swift */ = {isa = PBXFileReference; lastKnownFileType = sourcecode.swift; path = ViewControllerWithSideMenu.swift; sourceTree = "<group>"; };
		1EA8FDAA2391866A00498AA6 /* DrawerMenuCoordinator.swift */ = {isa = PBXFileReference; lastKnownFileType = sourcecode.swift; path = DrawerMenuCoordinator.swift; sourceTree = "<group>"; };
		1EA8FDAC2391868100498AA6 /* DrawerMenuViewModel.swift */ = {isa = PBXFileReference; lastKnownFileType = sourcecode.swift; path = DrawerMenuViewModel.swift; sourceTree = "<group>"; };
		1EA8FDAE2391869300498AA6 /* DrawerMenuViewController.swift */ = {isa = PBXFileReference; lastKnownFileType = sourcecode.swift; path = DrawerMenuViewController.swift; sourceTree = "<group>"; };
		1EA8FDB02391875500498AA6 /* DrawerMenuScreen.swift */ = {isa = PBXFileReference; lastKnownFileType = sourcecode.swift; path = DrawerMenuScreen.swift; sourceTree = "<group>"; };
		1EA8FDB72391AC8700498AA6 /* Container+RegisterDependencies.swift */ = {isa = PBXFileReference; lastKnownFileType = sourcecode.swift; path = "Container+RegisterDependencies.swift"; sourceTree = "<group>"; };
		1EA8FDB92391AC9500498AA6 /* Container+Services.swift */ = {isa = PBXFileReference; lastKnownFileType = sourcecode.swift; path = "Container+Services.swift"; sourceTree = "<group>"; };
		1EA8FDBB2391AD0100498AA6 /* Container+ViewModels.swift */ = {isa = PBXFileReference; lastKnownFileType = sourcecode.swift; path = "Container+ViewModels.swift"; sourceTree = "<group>"; };
		1EA8FDBD2391AD2100498AA6 /* Container+Coordinators.swift */ = {isa = PBXFileReference; lastKnownFileType = sourcecode.swift; path = "Container+Coordinators.swift"; sourceTree = "<group>"; };
		1EA8FDBF2391AD4000498AA6 /* RecommendationsViewModel.swift */ = {isa = PBXFileReference; lastKnownFileType = sourcecode.swift; path = RecommendationsViewModel.swift; sourceTree = "<group>"; };
		1EA8FDC12391AD4A00498AA6 /* SettingsViewModel.swift */ = {isa = PBXFileReference; lastKnownFileType = sourcecode.swift; path = SettingsViewModel.swift; sourceTree = "<group>"; };
		1EA8FDC32391C1ED00498AA6 /* MenuCell.swift */ = {isa = PBXFileReference; lastKnownFileType = sourcecode.swift; path = MenuCell.swift; sourceTree = "<group>"; };
		1EAB9486238F083900C45AD4 /* UIImage+Additions.swift */ = {isa = PBXFileReference; lastKnownFileType = sourcecode.swift; path = "UIImage+Additions.swift"; sourceTree = "<group>"; };
		1EAB948C238F164B00C45AD4 /* RecommendationsViewController.swift */ = {isa = PBXFileReference; lastKnownFileType = sourcecode.swift; path = RecommendationsViewController.swift; sourceTree = "<group>"; };
		1EB60BB023917FE6001DA148 /* DashboardViewModel.swift */ = {isa = PBXFileReference; lastKnownFileType = sourcecode.swift; path = DashboardViewModel.swift; sourceTree = "<group>"; };
		1EB60BB223918085001DA148 /* BaseNavigationController.swift */ = {isa = PBXFileReference; lastKnownFileType = sourcecode.swift; path = BaseNavigationController.swift; sourceTree = "<group>"; };
		1EB830D3238CC97E00C002DA /* DashboardViewController.swift */ = {isa = PBXFileReference; lastKnownFileType = sourcecode.swift; path = DashboardViewController.swift; sourceTree = "<group>"; };
		1EB830D5238CE37400C002DA /* DashboardCoordinator.swift */ = {isa = PBXFileReference; lastKnownFileType = sourcecode.swift; path = DashboardCoordinator.swift; sourceTree = "<group>"; };
		1EC2A12623916547006E5E96 /* SignInResponse.swift */ = {isa = PBXFileReference; lastKnownFileType = sourcecode.swift; path = SignInResponse.swift; sourceTree = "<group>"; };
		1EC2A128239166B5006E5E96 /* Token.swift */ = {isa = PBXFileReference; lastKnownFileType = sourcecode.swift; path = Token.swift; sourceTree = "<group>"; };
		1EC2A12D23916861006E5E96 /* SessionService.swift */ = {isa = PBXFileReference; lastKnownFileType = sourcecode.swift; path = SessionService.swift; sourceTree = "<group>"; };
		1EC2A130239168BA006E5E96 /* DataManager.swift */ = {isa = PBXFileReference; lastKnownFileType = sourcecode.swift; path = DataManager.swift; sourceTree = "<group>"; };
		1EC2A132239169EA006E5E96 /* UserDataManager.swift */ = {isa = PBXFileReference; lastKnownFileType = sourcecode.swift; path = UserDataManager.swift; sourceTree = "<group>"; };
		1EC2A13423916D33006E5E96 /* Json.swift */ = {isa = PBXFileReference; lastKnownFileType = sourcecode.swift; path = Json.swift; sourceTree = "<group>"; };
		1EC2A13723916D86006E5E96 /* Data+Json.swift */ = {isa = PBXFileReference; lastKnownFileType = sourcecode.swift; path = "Data+Json.swift"; sourceTree = "<group>"; };
		1EC2A13923916DC9006E5E96 /* Encodable+Json.swift */ = {isa = PBXFileReference; lastKnownFileType = sourcecode.swift; path = "Encodable+Json.swift"; sourceTree = "<group>"; };
		1EC2A13B23916E5D006E5E96 /* SettingKey.swift */ = {isa = PBXFileReference; lastKnownFileType = sourcecode.swift; path = SettingKey.swift; sourceTree = "<group>"; };
		1EC2A15623917623006E5E96 /* URLBuilder.swift */ = {isa = PBXFileReference; fileEncoding = 4; lastKnownFileType = sourcecode.swift; path = URLBuilder.swift; sourceTree = "<group>"; };
		1EC2A15723917623006E5E96 /* User.swift */ = {isa = PBXFileReference; fileEncoding = 4; lastKnownFileType = sourcecode.swift; path = User.swift; sourceTree = "<group>"; };
		1EC2A15823917623006E5E96 /* Constants.swift */ = {isa = PBXFileReference; fileEncoding = 4; lastKnownFileType = sourcecode.swift; path = Constants.swift; sourceTree = "<group>"; };
		1EC2A15923917623006E5E96 /* SpotifyLoginButton.swift */ = {isa = PBXFileReference; fileEncoding = 4; lastKnownFileType = sourcecode.swift; path = SpotifyLoginButton.swift; sourceTree = "<group>"; };
		1EC2A15A23917623006E5E96 /* Networking.swift */ = {isa = PBXFileReference; fileEncoding = 4; lastKnownFileType = sourcecode.swift; path = Networking.swift; sourceTree = "<group>"; };
		1EC2A15C23917624006E5E96 /* SpotifyLogin.swift */ = {isa = PBXFileReference; fileEncoding = 4; lastKnownFileType = sourcecode.swift; path = SpotifyLogin.swift; sourceTree = "<group>"; };
		1EC2A15D23917624006E5E96 /* SafariDelegate.swift */ = {isa = PBXFileReference; fileEncoding = 4; lastKnownFileType = sourcecode.swift; path = SafariDelegate.swift; sourceTree = "<group>"; };
		1EC2A15E23917624006E5E96 /* Scope.swift */ = {isa = PBXFileReference; fileEncoding = 4; lastKnownFileType = sourcecode.swift; path = Scope.swift; sourceTree = "<group>"; };
		1EC2A15F23917624006E5E96 /* Session.swift */ = {isa = PBXFileReference; fileEncoding = 4; lastKnownFileType = sourcecode.swift; path = Session.swift; sourceTree = "<group>"; };
		1EC2A16423917624006E5E96 /* SpotifyLoginPresenter.swift */ = {isa = PBXFileReference; fileEncoding = 4; lastKnownFileType = sourcecode.swift; path = SpotifyLoginPresenter.swift; sourceTree = "<group>"; };
		1EC2A17323917D39006E5E96 /* SignInViewModel.swift */ = {isa = PBXFileReference; lastKnownFileType = sourcecode.swift; path = SignInViewModel.swift; sourceTree = "<group>"; };
		77127B0B306A5FA5FD8243FD /* Pods-SpotifyDaily.release.xcconfig */ = {isa = PBXFileReference; includeInIndex = 1; lastKnownFileType = text.xcconfig; name = "Pods-SpotifyDaily.release.xcconfig"; path = "Target Support Files/Pods-SpotifyDaily/Pods-SpotifyDaily.release.xcconfig"; sourceTree = "<group>"; };
		80944179D3EB853F2CAC1487 /* Pods_SpotifyDaily.framework */ = {isa = PBXFileReference; explicitFileType = wrapper.framework; includeInIndex = 0; path = Pods_SpotifyDaily.framework; sourceTree = BUILT_PRODUCTS_DIR; };
/* End PBXFileReference section */

/* Begin PBXFrameworksBuildPhase section */
		1E022BD0238B5888007D2EE6 /* Frameworks */ = {
			isa = PBXFrameworksBuildPhase;
			buildActionMask = 2147483647;
			files = (
				750AE71E376491629780F577 /* Pods_SpotifyDaily.framework in Frameworks */,
			);
			runOnlyForDeploymentPostprocessing = 0;
		};
		1E35650B238ED53A00C407F1 /* Frameworks */ = {
			isa = PBXFrameworksBuildPhase;
			buildActionMask = 2147483647;
			files = (
			);
			runOnlyForDeploymentPostprocessing = 0;
		};
/* End PBXFrameworksBuildPhase section */

/* Begin PBXGroup section */
		1E022BCA238B5888007D2EE6 = {
			isa = PBXGroup;
			children = (
				1E022BD5238B5888007D2EE6 /* SpotifyDaily */,
				1E022BEB238B5903007D2EE6 /* SpotifyDaily_iOS */,
				1E35650F238ED53A00C407F1 /* SpotifyDailyTests */,
				1E022BD4238B5888007D2EE6 /* Products */,
				C65A3C24A672FA67A86509B2 /* Pods */,
				E63FCB5763EE7C5960C238D8 /* Frameworks */,
			);
			sourceTree = "<group>";
		};
		1E022BD4238B5888007D2EE6 /* Products */ = {
			isa = PBXGroup;
			children = (
				1E022BD3238B5888007D2EE6 /* SpotifyDaily.app */,
				1E35650E238ED53A00C407F1 /* SpotifyDailyTests.xctest */,
			);
			name = Products;
			sourceTree = "<group>";
		};
		1E022BD5238B5888007D2EE6 /* SpotifyDaily */ = {
			isa = PBXGroup;
			children = (
				1E022BD6238B5888007D2EE6 /* AppDelegate.swift */,
				1E022BE1238B5888007D2EE6 /* LaunchScreen.storyboard */,
				1E022BDF238B5888007D2EE6 /* Assets.xcassets */,
				1E022BE4238B5888007D2EE6 /* Info.plist */,
			);
			path = SpotifyDaily;
			sourceTree = "<group>";
		};
		1E022BEB238B5903007D2EE6 /* SpotifyDaily_iOS */ = {
			isa = PBXGroup;
			children = (
				1E896A6E238C2CD900C745F0 /* App */,
				1EA8FDB62391AC0300498AA6 /* DependencyInjection */,
				1EC2A13623916D56006E5E96 /* Extensions */,
				1EC2A12323916401006E5E96 /* Models */,
				1E894F6F2391D72200C272A6 /* Networking */,
				1EC2A12F239168B3006E5E96 /* Protocols */,
				1EC2A12C2391685B006E5E96 /* Services */,
				1EC2A13D23917443006E5E96 /* Spotify */,
				1E896A6F238C2CF200C745F0 /* Utils */,
			);
			path = SpotifyDaily_iOS;
			sourceTree = "<group>";
		};
		1E35650F238ED53A00C407F1 /* SpotifyDailyTests */ = {
			isa = PBXGroup;
			children = (
				1E356510238ED53A00C407F1 /* SpotifyDailyTests.swift */,
				1E356512238ED53A00C407F1 /* Info.plist */,
			);
			path = SpotifyDailyTests;
			sourceTree = "<group>";
		};
		1E3759A2238D7AFD00928EDD /* Settings */ = {
			isa = PBXGroup;
			children = (
				1E356504238EC9D200C407F1 /* SettingsCoordinator.swift */,
				1E3759A3238D7B0F00928EDD /* SettingsViewController.swift */,
				1EA8FDC12391AD4A00498AA6 /* SettingsViewModel.swift */,
				1E100DF02393444C00DE0291 /* SettingsRootView.swift */,
			);
			path = Settings;
			sourceTree = "<group>";
		};
		1E37D9502391E15E0047613B /* Endpoints */ = {
			isa = PBXGroup;
			children = (
				1E37D9512391E1680047613B /* ProfileEndpointResponse.swift */,
				1E37D9532391E19C0047613B /* TokenEndpointResponse.swift */,
			);
			path = Endpoints;
			sourceTree = "<group>";
		};
		1E49BF6C2391DF12009B6CC2 /* Login */ = {
			isa = PBXGroup;
			children = (
				1EC2A15D23917624006E5E96 /* SafariDelegate.swift */,
				1EC2A15C23917624006E5E96 /* SpotifyLogin.swift */,
				1EC2A15623917623006E5E96 /* URLBuilder.swift */,
			);
			path = Login;
			sourceTree = "<group>";
		};
		1E894F6F2391D72200C272A6 /* Networking */ = {
			isa = PBXGroup;
			children = (
				1EC2A15823917623006E5E96 /* Constants.swift */,
				1EC2A15E23917624006E5E96 /* Scope.swift */,
				1EC2A15A23917623006E5E96 /* Networking.swift */,
				1E37D9502391E15E0047613B /* Endpoints */,
				1E49BF6C2391DF12009B6CC2 /* Login */,
			);
			path = Networking;
			sourceTree = "<group>";
		};
		1E896A6E238C2CD900C745F0 /* App */ = {
			isa = PBXGroup;
			children = (
				1E896A63238C27F000C745F0 /* AppCoordinator.swift */,
				1EA8FDB52391AB2100498AA6 /* Base */,
				1EB830D7238CE79C00C002DA /* SignIn */,
				1EA8FDA92391865E00498AA6 /* DrawerMenu */,
				1EAB948B238F161200C45AD4 /* Recommendations */,
				1EB830D8238CE7A400C002DA /* Dashboard */,
				1E3759A2238D7AFD00928EDD /* Settings */,
			);
			path = App;
			sourceTree = "<group>";
		};
		1E896A6F238C2CF200C745F0 /* Utils */ = {
			isa = PBXGroup;
			children = (
				1E583A0123901D5B00DC033F /* Logger.swift */,
				1E583A0323909E0200DC033F /* ViewControllerUtils.swift */,
				1EC2A13423916D33006E5E96 /* Json.swift */,
			);
			path = Utils;
			sourceTree = "<group>";
		};
		1EA8FDA92391865E00498AA6 /* DrawerMenu */ = {
			isa = PBXGroup;
			children = (
				1EA8FDAA2391866A00498AA6 /* DrawerMenuCoordinator.swift */,
				1EA8FDAE2391869300498AA6 /* DrawerMenuViewController.swift */,
				1EA8FDAC2391868100498AA6 /* DrawerMenuViewModel.swift */,
				1EA8FDC52391D09C00498AA6 /* Cell */,
			);
			path = DrawerMenu;
			sourceTree = "<group>";
		};
		1EA8FDB52391AB2100498AA6 /* Base */ = {
			isa = PBXGroup;
			children = (
				1E896A67238C29F400C745F0 /* BaseCoordinator.swift */,
				1EB60BB223918085001DA148 /* BaseNavigationController.swift */,
				1EA8FDA72391843400498AA6 /* ViewControllerWithSideMenu.swift */,
			);
			path = Base;
			sourceTree = "<group>";
		};
		1EA8FDB62391AC0300498AA6 /* DependencyInjection */ = {
			isa = PBXGroup;
			children = (
				1EA8FDB72391AC8700498AA6 /* Container+RegisterDependencies.swift */,
				1EA8FDB92391AC9500498AA6 /* Container+Services.swift */,
				1EA8FDBB2391AD0100498AA6 /* Container+ViewModels.swift */,
				1EA8FDBD2391AD2100498AA6 /* Container+Coordinators.swift */,
			);
			path = DependencyInjection;
			sourceTree = "<group>";
		};
		1EA8FDC52391D09C00498AA6 /* Cell */ = {
			isa = PBXGroup;
			children = (
				1EA8FDC32391C1ED00498AA6 /* MenuCell.swift */,
			);
			path = Cell;
			sourceTree = "<group>";
		};
		1EAB948B238F161200C45AD4 /* Recommendations */ = {
			isa = PBXGroup;
			children = (
				1E3AFA74238F1B4C00FAD3E6 /* RecommendationsCoordinator.swift */,
				1EAB948C238F164B00C45AD4 /* RecommendationsViewController.swift */,
				1EA8FDBF2391AD4000498AA6 /* RecommendationsViewModel.swift */,
			);
			path = Recommendations;
			sourceTree = "<group>";
		};
		1EB830D7238CE79C00C002DA /* SignIn */ = {
			isa = PBXGroup;
			children = (
				1E896A69238C2A8D00C745F0 /* SignInCoordinator.swift */,
				1E022BDA238B5888007D2EE6 /* SignInViewController.swift */,
				1EC2A17323917D39006E5E96 /* SignInViewModel.swift */,
			);
			path = SignIn;
			sourceTree = "<group>";
		};
		1EB830D8238CE7A400C002DA /* Dashboard */ = {
			isa = PBXGroup;
			children = (
				1EB830D5238CE37400C002DA /* DashboardCoordinator.swift */,
				1EB830D3238CC97E00C002DA /* DashboardViewController.swift */,
				1EB60BB023917FE6001DA148 /* DashboardViewModel.swift */,
			);
			path = Dashboard;
			sourceTree = "<group>";
		};
		1EC2A12323916401006E5E96 /* Models */ = {
			isa = PBXGroup;
			children = (
				1EC2A128239166B5006E5E96 /* Token.swift */,
				1EC2A12623916547006E5E96 /* SignInResponse.swift */,
				1EC2A13B23916E5D006E5E96 /* SettingKey.swift */,
				1EA8FDB02391875500498AA6 /* DrawerMenuScreen.swift */,
				1EC2A15F23917624006E5E96 /* Session.swift */,
				1EC2A15723917623006E5E96 /* User.swift */,
			);
			path = Models;
			sourceTree = "<group>";
		};
		1EC2A12C2391685B006E5E96 /* Services */ = {
			isa = PBXGroup;
			children = (
				1EC2A12D23916861006E5E96 /* SessionService.swift */,
				1EC2A132239169EA006E5E96 /* UserDataManager.swift */,
			);
			path = Services;
			sourceTree = "<group>";
		};
		1EC2A12F239168B3006E5E96 /* Protocols */ = {
			isa = PBXGroup;
			children = (
				1EC2A130239168BA006E5E96 /* DataManager.swift */,
			);
			path = Protocols;
			sourceTree = "<group>";
		};
		1EC2A13623916D56006E5E96 /* Extensions */ = {
			isa = PBXGroup;
			children = (
				1E896A61238C246400C745F0 /* UIColor+Additions.swift */,
				1E356506238ED3D000C407F1 /* UIImageView+Additions.swift */,
				1EAB9486238F083900C45AD4 /* UIImage+Additions.swift */,
				1EC2A13723916D86006E5E96 /* Data+Json.swift */,
				1EC2A13923916DC9006E5E96 /* Encodable+Json.swift */,
			);
			path = Extensions;
			sourceTree = "<group>";
		};
		1EC2A13D23917443006E5E96 /* Spotify */ = {
			isa = PBXGroup;
			children = (
				1EC2A15923917623006E5E96 /* SpotifyLoginButton.swift */,
				1EC2A16423917624006E5E96 /* SpotifyLoginPresenter.swift */,
			);
			path = Spotify;
			sourceTree = "<group>";
		};
		C65A3C24A672FA67A86509B2 /* Pods */ = {
			isa = PBXGroup;
			children = (
				0690C4734A0BF02C9DB10A7D /* Pods-SpotifyDaily.debug.xcconfig */,
				77127B0B306A5FA5FD8243FD /* Pods-SpotifyDaily.release.xcconfig */,
			);
			path = Pods;
			sourceTree = "<group>";
		};
		E63FCB5763EE7C5960C238D8 /* Frameworks */ = {
			isa = PBXGroup;
			children = (
				80944179D3EB853F2CAC1487 /* Pods_SpotifyDaily.framework */,
			);
			name = Frameworks;
			sourceTree = "<group>";
		};
/* End PBXGroup section */

/* Begin PBXNativeTarget section */
		1E022BD2238B5888007D2EE6 /* SpotifyDaily */ = {
			isa = PBXNativeTarget;
			buildConfigurationList = 1E022BE7238B5888007D2EE6 /* Build configuration list for PBXNativeTarget "SpotifyDaily" */;
			buildPhases = (
				E0A66B216CD24DEE53486C99 /* [CP] Check Pods Manifest.lock */,
				1E022BCF238B5888007D2EE6 /* Sources */,
				1E022BD0238B5888007D2EE6 /* Frameworks */,
				1E022BD1238B5888007D2EE6 /* Resources */,
				7F71F44A17551036986E6C65 /* [CP] Embed Pods Frameworks */,
			);
			buildRules = (
			);
			dependencies = (
			);
			name = SpotifyDaily;
			productName = SpotifyDaily;
			productReference = 1E022BD3238B5888007D2EE6 /* SpotifyDaily.app */;
			productType = "com.apple.product-type.application";
		};
		1E35650D238ED53A00C407F1 /* SpotifyDailyTests */ = {
			isa = PBXNativeTarget;
			buildConfigurationList = 1E356515238ED53A00C407F1 /* Build configuration list for PBXNativeTarget "SpotifyDailyTests" */;
			buildPhases = (
				1E35650A238ED53A00C407F1 /* Sources */,
				1E35650B238ED53A00C407F1 /* Frameworks */,
				1E35650C238ED53A00C407F1 /* Resources */,
			);
			buildRules = (
			);
			dependencies = (
				1E356514238ED53A00C407F1 /* PBXTargetDependency */,
			);
			name = SpotifyDailyTests;
			productName = SpotifyDailyTests;
			productReference = 1E35650E238ED53A00C407F1 /* SpotifyDailyTests.xctest */;
			productType = "com.apple.product-type.bundle.unit-test";
		};
/* End PBXNativeTarget section */

/* Begin PBXProject section */
		1E022BCB238B5888007D2EE6 /* Project object */ = {
			isa = PBXProject;
			attributes = {
				LastSwiftUpdateCheck = 1120;
				LastUpgradeCheck = 1120;
				ORGANIZATIONNAME = "Kevin Li";
				TargetAttributes = {
					1E022BD2238B5888007D2EE6 = {
						CreatedOnToolsVersion = 11.2.1;
					};
					1E35650D238ED53A00C407F1 = {
						CreatedOnToolsVersion = 11.2.1;
						TestTargetID = 1E022BD2238B5888007D2EE6;
					};
				};
			};
			buildConfigurationList = 1E022BCE238B5888007D2EE6 /* Build configuration list for PBXProject "SpotifyDaily" */;
			compatibilityVersion = "Xcode 9.3";
			developmentRegion = en;
			hasScannedForEncodings = 0;
			knownRegions = (
				en,
				Base,
			);
			mainGroup = 1E022BCA238B5888007D2EE6;
			productRefGroup = 1E022BD4238B5888007D2EE6 /* Products */;
			projectDirPath = "";
			projectRoot = "";
			targets = (
				1E022BD2238B5888007D2EE6 /* SpotifyDaily */,
				1E35650D238ED53A00C407F1 /* SpotifyDailyTests */,
			);
		};
/* End PBXProject section */

/* Begin PBXResourcesBuildPhase section */
		1E022BD1238B5888007D2EE6 /* Resources */ = {
			isa = PBXResourcesBuildPhase;
			buildActionMask = 2147483647;
			files = (
				1E022BE3238B5888007D2EE6 /* LaunchScreen.storyboard in Resources */,
				1E022BE0238B5888007D2EE6 /* Assets.xcassets in Resources */,
			);
			runOnlyForDeploymentPostprocessing = 0;
		};
		1E35650C238ED53A00C407F1 /* Resources */ = {
			isa = PBXResourcesBuildPhase;
			buildActionMask = 2147483647;
			files = (
			);
			runOnlyForDeploymentPostprocessing = 0;
		};
/* End PBXResourcesBuildPhase section */

/* Begin PBXShellScriptBuildPhase section */
		7F71F44A17551036986E6C65 /* [CP] Embed Pods Frameworks */ = {
			isa = PBXShellScriptBuildPhase;
			buildActionMask = 2147483647;
			files = (
			);
			inputFileListPaths = (
				"${PODS_ROOT}/Target Support Files/Pods-SpotifyDaily/Pods-SpotifyDaily-frameworks-${CONFIGURATION}-input-files.xcfilelist",
			);
			name = "[CP] Embed Pods Frameworks";
			outputFileListPaths = (
				"${PODS_ROOT}/Target Support Files/Pods-SpotifyDaily/Pods-SpotifyDaily-frameworks-${CONFIGURATION}-output-files.xcfilelist",
			);
			runOnlyForDeploymentPostprocessing = 0;
			shellPath = /bin/sh;
			shellScript = "\"${PODS_ROOT}/Target Support Files/Pods-SpotifyDaily/Pods-SpotifyDaily-frameworks.sh\"\n";
			showEnvVarsInLog = 0;
		};
		E0A66B216CD24DEE53486C99 /* [CP] Check Pods Manifest.lock */ = {
			isa = PBXShellScriptBuildPhase;
			buildActionMask = 2147483647;
			files = (
			);
			inputFileListPaths = (
			);
			inputPaths = (
				"${PODS_PODFILE_DIR_PATH}/Podfile.lock",
				"${PODS_ROOT}/Manifest.lock",
			);
			name = "[CP] Check Pods Manifest.lock";
			outputFileListPaths = (
			);
			outputPaths = (
				"$(DERIVED_FILE_DIR)/Pods-SpotifyDaily-checkManifestLockResult.txt",
			);
			runOnlyForDeploymentPostprocessing = 0;
			shellPath = /bin/sh;
			shellScript = "diff \"${PODS_PODFILE_DIR_PATH}/Podfile.lock\" \"${PODS_ROOT}/Manifest.lock\" > /dev/null\nif [ $? != 0 ] ; then\n    # print error to STDERR\n    echo \"error: The sandbox is not in sync with the Podfile.lock. Run 'pod install' or update your CocoaPods installation.\" >&2\n    exit 1\nfi\n# This output is used by Xcode 'outputs' to avoid re-running this script phase.\necho \"SUCCESS\" > \"${SCRIPT_OUTPUT_FILE_0}\"\n";
			showEnvVarsInLog = 0;
		};
/* End PBXShellScriptBuildPhase section */

/* Begin PBXSourcesBuildPhase section */
		1E022BCF238B5888007D2EE6 /* Sources */ = {
			isa = PBXSourcesBuildPhase;
			buildActionMask = 2147483647;
			files = (
				1EA8FDAB2391866A00498AA6 /* DrawerMenuCoordinator.swift in Sources */,
				1EB830D6238CE37400C002DA /* DashboardCoordinator.swift in Sources */,
				1EA8FDC42391C1ED00498AA6 /* MenuCell.swift in Sources */,
				1EA8FDAD2391868100498AA6 /* DrawerMenuViewModel.swift in Sources */,
				1EC2A131239168BA006E5E96 /* DataManager.swift in Sources */,
				1EB830D4238CC97E00C002DA /* DashboardViewController.swift in Sources */,
				1E022BDB238B5888007D2EE6 /* SignInViewController.swift in Sources */,
				1EC2A16623917624006E5E96 /* User.swift in Sources */,
				1EC2A17223917624006E5E96 /* SpotifyLoginPresenter.swift in Sources */,
				1EC2A17423917D39006E5E96 /* SignInViewModel.swift in Sources */,
				1EC2A13C23916E5D006E5E96 /* SettingKey.swift in Sources */,
				1EC2A16523917624006E5E96 /* URLBuilder.swift in Sources */,
				1EC2A16823917624006E5E96 /* SpotifyLoginButton.swift in Sources */,
				1EC2A16723917624006E5E96 /* Constants.swift in Sources */,
				1E100DF12393444C00DE0291 /* SettingsRootView.swift in Sources */,
				1EC2A12E23916861006E5E96 /* SessionService.swift in Sources */,
				1E022BD7238B5888007D2EE6 /* AppDelegate.swift in Sources */,
				1E896A64238C27F000C745F0 /* AppCoordinator.swift in Sources */,
				1EC2A16C23917624006E5E96 /* SafariDelegate.swift in Sources */,
				1EAB9487238F083900C45AD4 /* UIImage+Additions.swift in Sources */,
				1E356505238EC9D200C407F1 /* SettingsCoordinator.swift in Sources */,
				1E583A0423909E0200DC033F /* ViewControllerUtils.swift in Sources */,
				1E37D9522391E1680047613B /* ProfileEndpointResponse.swift in Sources */,
				1EC2A13523916D33006E5E96 /* Json.swift in Sources */,
				1E583A0223901D5B00DC033F /* Logger.swift in Sources */,
				1EC2A13823916D86006E5E96 /* Data+Json.swift in Sources */,
				1EC2A16E23917624006E5E96 /* Session.swift in Sources */,
				1EA8FDB82391AC8700498AA6 /* Container+RegisterDependencies.swift in Sources */,
				1EC2A16923917624006E5E96 /* Networking.swift in Sources */,
				1EA8FDBE2391AD2100498AA6 /* Container+Coordinators.swift in Sources */,
				1E356507238ED3D000C407F1 /* UIImageView+Additions.swift in Sources */,
				1EA8FDBC2391AD0100498AA6 /* Container+ViewModels.swift in Sources */,
				1EB60BB123917FE6001DA148 /* DashboardViewModel.swift in Sources */,
				1EA8FDA82391843400498AA6 /* ViewControllerWithSideMenu.swift in Sources */,
				1EAB948D238F164B00C45AD4 /* RecommendationsViewController.swift in Sources */,
				1EC2A16B23917624006E5E96 /* SpotifyLogin.swift in Sources */,
				1E896A6A238C2A8D00C745F0 /* SignInCoordinator.swift in Sources */,
				1EA8FDC02391AD4000498AA6 /* RecommendationsViewModel.swift in Sources */,
				1EA8FDC22391AD4A00498AA6 /* SettingsViewModel.swift in Sources */,
				1EC2A133239169EA006E5E96 /* UserDataManager.swift in Sources */,
				1E896A68238C29F400C745F0 /* BaseCoordinator.swift in Sources */,
				1EC2A129239166B5006E5E96 /* Token.swift in Sources */,
				1EA8FDAF2391869300498AA6 /* DrawerMenuViewController.swift in Sources */,
				1E896A62238C246400C745F0 /* UIColor+Additions.swift in Sources */,
				1EA8FDBA2391AC9500498AA6 /* Container+Services.swift in Sources */,
				1EB60BB323918085001DA148 /* BaseNavigationController.swift in Sources */,
				1EC2A16D23917624006E5E96 /* Scope.swift in Sources */,
				1E3AFA75238F1B4C00FAD3E6 /* RecommendationsCoordinator.swift in Sources */,
				1EA8FDB12391875500498AA6 /* DrawerMenuScreen.swift in Sources */,
				1EC2A13A23916DC9006E5E96 /* Encodable+Json.swift in Sources */,
				1EC2A12723916547006E5E96 /* SignInResponse.swift in Sources */,
				1E3759A4238D7B0F00928EDD /* SettingsViewController.swift in Sources */,
				1E37D9542391E19C0047613B /* TokenEndpointResponse.swift in Sources */,
			);
			runOnlyForDeploymentPostprocessing = 0;
		};
		1E35650A238ED53A00C407F1 /* Sources */ = {
			isa = PBXSourcesBuildPhase;
			buildActionMask = 2147483647;
			files = (
				1E356511238ED53A00C407F1 /* SpotifyDailyTests.swift in Sources */,
			);
			runOnlyForDeploymentPostprocessing = 0;
		};
/* End PBXSourcesBuildPhase section */

/* Begin PBXTargetDependency section */
		1E356514238ED53A00C407F1 /* PBXTargetDependency */ = {
			isa = PBXTargetDependency;
			target = 1E022BD2238B5888007D2EE6 /* SpotifyDaily */;
			targetProxy = 1E356513238ED53A00C407F1 /* PBXContainerItemProxy */;
		};
/* End PBXTargetDependency section */

/* Begin PBXVariantGroup section */
		1E022BE1238B5888007D2EE6 /* LaunchScreen.storyboard */ = {
			isa = PBXVariantGroup;
			children = (
				1E022BE2238B5888007D2EE6 /* Base */,
			);
			name = LaunchScreen.storyboard;
			sourceTree = "<group>";
		};
/* End PBXVariantGroup section */

/* Begin XCBuildConfiguration section */
		1E022BE5238B5888007D2EE6 /* Debug */ = {
			isa = XCBuildConfiguration;
			buildSettings = {
				ALWAYS_SEARCH_USER_PATHS = NO;
				CLANG_ANALYZER_NONNULL = YES;
				CLANG_ANALYZER_NUMBER_OBJECT_CONVERSION = YES_AGGRESSIVE;
				CLANG_CXX_LANGUAGE_STANDARD = "gnu++14";
				CLANG_CXX_LIBRARY = "libc++";
				CLANG_ENABLE_MODULES = YES;
				CLANG_ENABLE_OBJC_ARC = YES;
				CLANG_ENABLE_OBJC_WEAK = YES;
				CLANG_WARN_BLOCK_CAPTURE_AUTORELEASING = YES;
				CLANG_WARN_BOOL_CONVERSION = YES;
				CLANG_WARN_COMMA = YES;
				CLANG_WARN_CONSTANT_CONVERSION = YES;
				CLANG_WARN_DEPRECATED_OBJC_IMPLEMENTATIONS = YES;
				CLANG_WARN_DIRECT_OBJC_ISA_USAGE = YES_ERROR;
				CLANG_WARN_DOCUMENTATION_COMMENTS = YES;
				CLANG_WARN_EMPTY_BODY = YES;
				CLANG_WARN_ENUM_CONVERSION = YES;
				CLANG_WARN_INFINITE_RECURSION = YES;
				CLANG_WARN_INT_CONVERSION = YES;
				CLANG_WARN_NON_LITERAL_NULL_CONVERSION = YES;
				CLANG_WARN_OBJC_IMPLICIT_RETAIN_SELF = YES;
				CLANG_WARN_OBJC_LITERAL_CONVERSION = YES;
				CLANG_WARN_OBJC_ROOT_CLASS = YES_ERROR;
				CLANG_WARN_RANGE_LOOP_ANALYSIS = YES;
				CLANG_WARN_STRICT_PROTOTYPES = YES;
				CLANG_WARN_SUSPICIOUS_MOVE = YES;
				CLANG_WARN_UNGUARDED_AVAILABILITY = YES_AGGRESSIVE;
				CLANG_WARN_UNREACHABLE_CODE = YES;
				CLANG_WARN__DUPLICATE_METHOD_MATCH = YES;
				COPY_PHASE_STRIP = NO;
				DEBUG_INFORMATION_FORMAT = dwarf;
				ENABLE_STRICT_OBJC_MSGSEND = YES;
				ENABLE_TESTABILITY = YES;
				GCC_C_LANGUAGE_STANDARD = gnu11;
				GCC_DYNAMIC_NO_PIC = NO;
				GCC_NO_COMMON_BLOCKS = YES;
				GCC_OPTIMIZATION_LEVEL = 0;
				GCC_PREPROCESSOR_DEFINITIONS = (
					"DEBUG=1",
					"$(inherited)",
				);
				GCC_WARN_64_TO_32_BIT_CONVERSION = YES;
				GCC_WARN_ABOUT_RETURN_TYPE = YES_ERROR;
				GCC_WARN_UNDECLARED_SELECTOR = YES;
				GCC_WARN_UNINITIALIZED_AUTOS = YES_AGGRESSIVE;
				GCC_WARN_UNUSED_FUNCTION = YES;
				GCC_WARN_UNUSED_VARIABLE = YES;
				INFOPLIST_FILE = /Users/kevinli/Documents/PersonalProjects/iOS/SpotifyDaily/SpotifyDaily/Info.plist;
				IPHONEOS_DEPLOYMENT_TARGET = 13.2;
				MTL_ENABLE_DEBUG_INFO = INCLUDE_SOURCE;
				MTL_FAST_MATH = YES;
				ONLY_ACTIVE_ARCH = YES;
				OTHER_LDFLAGS = "-ObjC";
				SDKROOT = iphoneos;
				SWIFT_ACTIVE_COMPILATION_CONDITIONS = DEBUG;
				SWIFT_OPTIMIZATION_LEVEL = "-Onone";
			};
			name = Debug;
		};
		1E022BE6238B5888007D2EE6 /* Release */ = {
			isa = XCBuildConfiguration;
			buildSettings = {
				ALWAYS_SEARCH_USER_PATHS = NO;
				CLANG_ANALYZER_NONNULL = YES;
				CLANG_ANALYZER_NUMBER_OBJECT_CONVERSION = YES_AGGRESSIVE;
				CLANG_CXX_LANGUAGE_STANDARD = "gnu++14";
				CLANG_CXX_LIBRARY = "libc++";
				CLANG_ENABLE_MODULES = YES;
				CLANG_ENABLE_OBJC_ARC = YES;
				CLANG_ENABLE_OBJC_WEAK = YES;
				CLANG_WARN_BLOCK_CAPTURE_AUTORELEASING = YES;
				CLANG_WARN_BOOL_CONVERSION = YES;
				CLANG_WARN_COMMA = YES;
				CLANG_WARN_CONSTANT_CONVERSION = YES;
				CLANG_WARN_DEPRECATED_OBJC_IMPLEMENTATIONS = YES;
				CLANG_WARN_DIRECT_OBJC_ISA_USAGE = YES_ERROR;
				CLANG_WARN_DOCUMENTATION_COMMENTS = YES;
				CLANG_WARN_EMPTY_BODY = YES;
				CLANG_WARN_ENUM_CONVERSION = YES;
				CLANG_WARN_INFINITE_RECURSION = YES;
				CLANG_WARN_INT_CONVERSION = YES;
				CLANG_WARN_NON_LITERAL_NULL_CONVERSION = YES;
				CLANG_WARN_OBJC_IMPLICIT_RETAIN_SELF = YES;
				CLANG_WARN_OBJC_LITERAL_CONVERSION = YES;
				CLANG_WARN_OBJC_ROOT_CLASS = YES_ERROR;
				CLANG_WARN_RANGE_LOOP_ANALYSIS = YES;
				CLANG_WARN_STRICT_PROTOTYPES = YES;
				CLANG_WARN_SUSPICIOUS_MOVE = YES;
				CLANG_WARN_UNGUARDED_AVAILABILITY = YES_AGGRESSIVE;
				CLANG_WARN_UNREACHABLE_CODE = YES;
				CLANG_WARN__DUPLICATE_METHOD_MATCH = YES;
				COPY_PHASE_STRIP = NO;
				DEBUG_INFORMATION_FORMAT = "dwarf-with-dsym";
				ENABLE_NS_ASSERTIONS = NO;
				ENABLE_STRICT_OBJC_MSGSEND = YES;
				GCC_C_LANGUAGE_STANDARD = gnu11;
				GCC_NO_COMMON_BLOCKS = YES;
				GCC_WARN_64_TO_32_BIT_CONVERSION = YES;
				GCC_WARN_ABOUT_RETURN_TYPE = YES_ERROR;
				GCC_WARN_UNDECLARED_SELECTOR = YES;
				GCC_WARN_UNINITIALIZED_AUTOS = YES_AGGRESSIVE;
				GCC_WARN_UNUSED_FUNCTION = YES;
				GCC_WARN_UNUSED_VARIABLE = YES;
				INFOPLIST_FILE = /Users/kevinli/Documents/PersonalProjects/iOS/SpotifyDaily/SpotifyDaily/Info.plist;
				IPHONEOS_DEPLOYMENT_TARGET = 13.2;
				MTL_ENABLE_DEBUG_INFO = NO;
				MTL_FAST_MATH = YES;
				OTHER_LDFLAGS = "-ObjC";
				SDKROOT = iphoneos;
				SWIFT_COMPILATION_MODE = wholemodule;
				SWIFT_OPTIMIZATION_LEVEL = "-O";
				VALIDATE_PRODUCT = YES;
			};
			name = Release;
		};
		1E022BE8238B5888007D2EE6 /* Debug */ = {
			isa = XCBuildConfiguration;
			baseConfigurationReference = 0690C4734A0BF02C9DB10A7D /* Pods-SpotifyDaily.debug.xcconfig */;
			buildSettings = {
				ALWAYS_EMBED_SWIFT_STANDARD_LIBRARIES = "$(inherited)";
				ASSETCATALOG_COMPILER_APPICON_NAME = AppIcon;
				CODE_SIGN_STYLE = Automatic;
				DEVELOPMENT_TEAM = 75H2NCGMKS;
				FRAMEWORK_SEARCH_PATHS = (
					"$(inherited)",
					"$(PROJECT_DIR)",
				);
				INFOPLIST_FILE = SpotifyDaily/Info.plist;
				LD_RUNPATH_SEARCH_PATHS = (
					"$(inherited)",
					"@executable_path/Frameworks",
				);
				OTHER_LDFLAGS = "";
				PRODUCT_BUNDLE_IDENTIFIER = com.kevinli.SpotifyDaily;
				PRODUCT_NAME = "$(TARGET_NAME)";
				SWIFT_OBJC_BRIDGING_HEADER = "";
				SWIFT_VERSION = 5.0;
				TARGETED_DEVICE_FAMILY = "1,2";
			};
			name = Debug;
		};
		1E022BE9238B5888007D2EE6 /* Release */ = {
			isa = XCBuildConfiguration;
			baseConfigurationReference = 77127B0B306A5FA5FD8243FD /* Pods-SpotifyDaily.release.xcconfig */;
			buildSettings = {
				ALWAYS_EMBED_SWIFT_STANDARD_LIBRARIES = "$(inherited)";
				ASSETCATALOG_COMPILER_APPICON_NAME = AppIcon;
				CODE_SIGN_STYLE = Automatic;
				DEVELOPMENT_TEAM = 75H2NCGMKS;
				FRAMEWORK_SEARCH_PATHS = (
					"$(inherited)",
					"$(PROJECT_DIR)",
				);
				INFOPLIST_FILE = SpotifyDaily/Info.plist;
				LD_RUNPATH_SEARCH_PATHS = (
					"$(inherited)",
					"@executable_path/Frameworks",
				);
				OTHER_LDFLAGS = "";
				PRODUCT_BUNDLE_IDENTIFIER = com.kevinli.SpotifyDaily;
				PRODUCT_NAME = "$(TARGET_NAME)";
				SWIFT_OBJC_BRIDGING_HEADER = "";
				SWIFT_VERSION = 5.0;
				TARGETED_DEVICE_FAMILY = "1,2";
			};
			name = Release;
		};
		1E356516238ED53A00C407F1 /* Debug */ = {
			isa = XCBuildConfiguration;
			buildSettings = {
				ALWAYS_EMBED_SWIFT_STANDARD_LIBRARIES = YES;
				BUNDLE_LOADER = "$(TEST_HOST)";
				CODE_SIGN_STYLE = Automatic;
				DEVELOPMENT_TEAM = 75H2NCGMKS;
				INFOPLIST_FILE = SpotifyDailyTests/Info.plist;
				LD_RUNPATH_SEARCH_PATHS = (
					"$(inherited)",
					"@executable_path/Frameworks",
					"@loader_path/Frameworks",
				);
				PRODUCT_BUNDLE_IDENTIFIER = com.kevinli.SpotifyDailyTests;
				PRODUCT_NAME = "$(TARGET_NAME)";
				SWIFT_VERSION = 5.0;
				TARGETED_DEVICE_FAMILY = "1,2";
				TEST_HOST = "$(BUILT_PRODUCTS_DIR)/SpotifyDaily.app/SpotifyDaily";
			};
			name = Debug;
		};
		1E356517238ED53A00C407F1 /* Release */ = {
			isa = XCBuildConfiguration;
			buildSettings = {
				ALWAYS_EMBED_SWIFT_STANDARD_LIBRARIES = YES;
				BUNDLE_LOADER = "$(TEST_HOST)";
				CODE_SIGN_STYLE = Automatic;
				DEVELOPMENT_TEAM = 75H2NCGMKS;
				INFOPLIST_FILE = SpotifyDailyTests/Info.plist;
				LD_RUNPATH_SEARCH_PATHS = (
					"$(inherited)",
					"@executable_path/Frameworks",
					"@loader_path/Frameworks",
				);
				PRODUCT_BUNDLE_IDENTIFIER = com.kevinli.SpotifyDailyTests;
				PRODUCT_NAME = "$(TARGET_NAME)";
				SWIFT_VERSION = 5.0;
				TARGETED_DEVICE_FAMILY = "1,2";
				TEST_HOST = "$(BUILT_PRODUCTS_DIR)/SpotifyDaily.app/SpotifyDaily";
			};
			name = Release;
		};
/* End XCBuildConfiguration section */

/* Begin XCConfigurationList section */
		1E022BCE238B5888007D2EE6 /* Build configuration list for PBXProject "SpotifyDaily" */ = {
			isa = XCConfigurationList;
			buildConfigurations = (
				1E022BE5238B5888007D2EE6 /* Debug */,
				1E022BE6238B5888007D2EE6 /* Release */,
			);
			defaultConfigurationIsVisible = 0;
			defaultConfigurationName = Release;
		};
		1E022BE7238B5888007D2EE6 /* Build configuration list for PBXNativeTarget "SpotifyDaily" */ = {
			isa = XCConfigurationList;
			buildConfigurations = (
				1E022BE8238B5888007D2EE6 /* Debug */,
				1E022BE9238B5888007D2EE6 /* Release */,
			);
			defaultConfigurationIsVisible = 0;
			defaultConfigurationName = Release;
		};
		1E356515238ED53A00C407F1 /* Build configuration list for PBXNativeTarget "SpotifyDailyTests" */ = {
			isa = XCConfigurationList;
			buildConfigurations = (
				1E356516238ED53A00C407F1 /* Debug */,
				1E356517238ED53A00C407F1 /* Release */,
			);
			defaultConfigurationIsVisible = 0;
			defaultConfigurationName = Release;
		};
/* End XCConfigurationList section */
	};
	rootObject = 1E022BCB238B5888007D2EE6 /* Project object */;
}
