// !$*UTF8*$!
{
	archiveVersion = 1;
	classes = {
	};
	objectVersion = 51;
	objects = {

/* Begin PBXBuildFile section */
		1E022BD7238B5888007D2EE6 /* AppDelegate.swift in Sources */ = {isa = PBXBuildFile; fileRef = 1E022BD6238B5888007D2EE6 /* AppDelegate.swift */; };
		1E022BDB238B5888007D2EE6 /* SignInViewController.swift in Sources */ = {isa = PBXBuildFile; fileRef = 1E022BDA238B5888007D2EE6 /* SignInViewController.swift */; };
		1E022BE0238B5888007D2EE6 /* Assets.xcassets in Resources */ = {isa = PBXBuildFile; fileRef = 1E022BDF238B5888007D2EE6 /* Assets.xcassets */; };
		1E022BE3238B5888007D2EE6 /* LaunchScreen.storyboard in Resources */ = {isa = PBXBuildFile; fileRef = 1E022BE1238B5888007D2EE6 /* LaunchScreen.storyboard */; };
		1E0BB30823A9563300A8741B /* ArtistAlbumsResponseEndpoint.swift in Sources */ = {isa = PBXBuildFile; fileRef = 1E0BB30723A9563300A8741B /* ArtistAlbumsResponseEndpoint.swift */; };
		1E0BB30E23A95D2400A8741B /* EditPortfolioCell.swift in Sources */ = {isa = PBXBuildFile; fileRef = 1E0BB30D23A95D2400A8741B /* EditPortfolioCell.swift */; };
		1E0BB31023A95E3000A8741B /* EditPortfolioCellViewModel.swift in Sources */ = {isa = PBXBuildFile; fileRef = 1E0BB30F23A95E3000A8741B /* EditPortfolioCellViewModel.swift */; };
		1E0BB31223A9605800A8741B /* EditPortfolioViewModel.swift in Sources */ = {isa = PBXBuildFile; fileRef = 1E0BB31123A9605800A8741B /* EditPortfolioViewModel.swift */; };
		1E0BB31423A96BA500A8741B /* EditPortfolioViewController.swift in Sources */ = {isa = PBXBuildFile; fileRef = 1E0BB31323A96BA500A8741B /* EditPortfolioViewController.swift */; };
		1E0BB31623A9888200A8741B /* EditPortfolioCoordinator.swift in Sources */ = {isa = PBXBuildFile; fileRef = 1E0BB31523A9888200A8741B /* EditPortfolioCoordinator.swift */; };
		1E0C077023A030BB00820B87 /* RecentlyPlayedTracksViewController.swift in Sources */ = {isa = PBXBuildFile; fileRef = 1E0C076F23A030BB00820B87 /* RecentlyPlayedTracksViewController.swift */; };
		1E0C077223A0357000820B87 /* RecentlyPlayedTracksCoordinator.swift in Sources */ = {isa = PBXBuildFile; fileRef = 1E0C077123A0357000820B87 /* RecentlyPlayedTracksCoordinator.swift */; };
		1E0F403E23A7109C00ABFB3E /* ArtistSearchEndpointResponse.swift in Sources */ = {isa = PBXBuildFile; fileRef = 1E0F403D23A7109C00ABFB3E /* ArtistSearchEndpointResponse.swift */; };
		1E100DF12393444C00DE0291 /* SettingsRootView.swift in Sources */ = {isa = PBXBuildFile; fileRef = 1E100DF02393444C00DE0291 /* SettingsRootView.swift */; };
		1E11093023956F6D00C3BD21 /* TopArtistsEndpointResponse.swift in Sources */ = {isa = PBXBuildFile; fileRef = 1E11092F23956F6D00C3BD21 /* TopArtistsEndpointResponse.swift */; };
		1E11093223958B9E00C3BD21 /* Artist.swift in Sources */ = {isa = PBXBuildFile; fileRef = 1E11093123958B9E00C3BD21 /* Artist.swift */; };
		1E1109342395972300C3BD21 /* URL+Queries.swift in Sources */ = {isa = PBXBuildFile; fileRef = 1E1109332395972300C3BD21 /* URL+Queries.swift */; };
		1E271FA9239B0C350017AF7D /* UISegmentedControl+DefaultConfiguration.swift in Sources */ = {isa = PBXBuildFile; fileRef = 1E271FA8239B0C350017AF7D /* UISegmentedControl+DefaultConfiguration.swift */; };
		1E271FAB239B0C570017AF7D /* UILabel+DefaultConfiguration.swift in Sources */ = {isa = PBXBuildFile; fileRef = 1E271FAA239B0C570017AF7D /* UILabel+DefaultConfiguration.swift */; };
		1E356505238EC9D200C407F1 /* SettingsCoordinator.swift in Sources */ = {isa = PBXBuildFile; fileRef = 1E356504238EC9D200C407F1 /* SettingsCoordinator.swift */; };
		1E356507238ED3D000C407F1 /* UIImageView+Additions.swift in Sources */ = {isa = PBXBuildFile; fileRef = 1E356506238ED3D000C407F1 /* UIImageView+Additions.swift */; };
		1E3759A4238D7B0F00928EDD /* SettingsViewController.swift in Sources */ = {isa = PBXBuildFile; fileRef = 1E3759A3238D7B0F00928EDD /* SettingsViewController.swift */; };
		1E37D9522391E1680047613B /* ProfileEndpointResponse.swift in Sources */ = {isa = PBXBuildFile; fileRef = 1E37D9512391E1680047613B /* ProfileEndpointResponse.swift */; };
		1E37D9542391E19C0047613B /* TokenEndpointResponse.swift in Sources */ = {isa = PBXBuildFile; fileRef = 1E37D9532391E19C0047613B /* TokenEndpointResponse.swift */; };
		1E3AFA75238F1B4C00FAD3E6 /* AddArtistsCoordinator.swift in Sources */ = {isa = PBXBuildFile; fileRef = 1E3AFA74238F1B4C00FAD3E6 /* AddArtistsCoordinator.swift */; };
		1E43D77123A5E5B7000CF906 /* SearchArtistCell.swift in Sources */ = {isa = PBXBuildFile; fileRef = 1E43D77023A5E5B7000CF906 /* SearchArtistCell.swift */; };
		1E43D77323A5E7ED000CF906 /* SearchArtistCellViewModel.swift in Sources */ = {isa = PBXBuildFile; fileRef = 1E43D77223A5E7ED000CF906 /* SearchArtistCellViewModel.swift */; };
		1E4661D523A1C95800D5DECA /* UIButton+RightDisclosure.swift in Sources */ = {isa = PBXBuildFile; fileRef = 1E4661D423A1C95800D5DECA /* UIButton+RightDisclosure.swift */; };
		1E4661D923A1F51F00D5DECA /* UIFont+Helvetica.swift in Sources */ = {isa = PBXBuildFile; fileRef = 1E4661D823A1F51E00D5DECA /* UIFont+Helvetica.swift */; };
		1E4D05502397F3DD00EE4EEA /* ArtistCollectionCell.swift in Sources */ = {isa = PBXBuildFile; fileRef = 1E4D054F2397F3DD00EE4EEA /* ArtistCollectionCell.swift */; };
		1E526AAA23945BA4005F09E8 /* Configuration.swift in Sources */ = {isa = PBXBuildFile; fileRef = 1E526AA923945BA4005F09E8 /* Configuration.swift */; };
		1E583A0223901D5B00DC033F /* Logger.swift in Sources */ = {isa = PBXBuildFile; fileRef = 1E583A0123901D5B00DC033F /* Logger.swift */; };
		1E583A0423909E0200DC033F /* ViewControllerUtils.swift in Sources */ = {isa = PBXBuildFile; fileRef = 1E583A0323909E0200DC033F /* ViewControllerUtils.swift */; };
		1E601C4923A8AF0200A25FCD /* NewReleasesViewModel.swift in Sources */ = {isa = PBXBuildFile; fileRef = 1E601C4823A8AF0200A25FCD /* NewReleasesViewModel.swift */; };
		1E601C4B23A8B26900A25FCD /* NewTracksCellViewModel.swift in Sources */ = {isa = PBXBuildFile; fileRef = 1E601C4A23A8B26900A25FCD /* NewTracksCellViewModel.swift */; };
		1E601C4D23A8B32C00A25FCD /* NewTrack.swift in Sources */ = {isa = PBXBuildFile; fileRef = 1E601C4C23A8B32C00A25FCD /* NewTrack.swift */; };
		1E601C5023A8B47D00A25FCD /* NewTrackCell.swift in Sources */ = {isa = PBXBuildFile; fileRef = 1E601C4F23A8B47D00A25FCD /* NewTrackCell.swift */; };
		1E601C5223A8B5AA00A25FCD /* NewReleasesViewController.swift in Sources */ = {isa = PBXBuildFile; fileRef = 1E601C5123A8B5AA00A25FCD /* NewReleasesViewController.swift */; };
		1E601C5423A8B77900A25FCD /* NewReleasesCoordinator.swift in Sources */ = {isa = PBXBuildFile; fileRef = 1E601C5323A8B77900A25FCD /* NewReleasesCoordinator.swift */; };
		1E7129E6239B0653007F538B /* UIViewController+Present.swift in Sources */ = {isa = PBXBuildFile; fileRef = 1E7129E5239B0653007F538B /* UIViewController+Present.swift */; };
		1E7129E8239B0B12007F538B /* ColorPreference.swift in Sources */ = {isa = PBXBuildFile; fileRef = 1E7129E7239B0B12007F538B /* ColorPreference.swift */; };
		1E7488F12398CEC500798BD0 /* TopArtistsCollectionCoordinator.swift in Sources */ = {isa = PBXBuildFile; fileRef = 1E7488F02398CEC500798BD0 /* TopArtistsCollectionCoordinator.swift */; };
		1E7DA2E623A716CB0045FE17 /* UserPortfolioState.swift in Sources */ = {isa = PBXBuildFile; fileRef = 1E7DA2E523A716CB0045FE17 /* UserPortfolioState.swift */; };
		1E86B42223980C1B00582D6E /* TopArtistsCollectionViewController.swift in Sources */ = {isa = PBXBuildFile; fileRef = 1E86B42123980C1B00582D6E /* TopArtistsCollectionViewController.swift */; };
		1E86B42423980C9500582D6E /* BindableType.swift in Sources */ = {isa = PBXBuildFile; fileRef = 1E86B42323980C9500582D6E /* BindableType.swift */; };
		1E86B42623980D5300582D6E /* TopArtistsCollectionViewModel.swift in Sources */ = {isa = PBXBuildFile; fileRef = 1E86B42523980D5300582D6E /* TopArtistsCollectionViewModel.swift */; };
		1E86B428239810BA00582D6E /* ObservableType+Extras.swift in Sources */ = {isa = PBXBuildFile; fileRef = 1E86B427239810BA00582D6E /* ObservableType+Extras.swift */; };
		1E896A62238C246400C745F0 /* UIColor+Additions.swift in Sources */ = {isa = PBXBuildFile; fileRef = 1E896A61238C246400C745F0 /* UIColor+Additions.swift */; };
		1E896A64238C27F000C745F0 /* AppCoordinator.swift in Sources */ = {isa = PBXBuildFile; fileRef = 1E896A63238C27F000C745F0 /* AppCoordinator.swift */; };
		1E896A68238C29F400C745F0 /* BaseCoordinator.swift in Sources */ = {isa = PBXBuildFile; fileRef = 1E896A67238C29F400C745F0 /* BaseCoordinator.swift */; };
		1E896A6A238C2A8D00C745F0 /* SignInCoordinator.swift in Sources */ = {isa = PBXBuildFile; fileRef = 1E896A69238C2A8D00C745F0 /* SignInCoordinator.swift */; };
		1E9CD1F023A1B07C00A342B4 /* UICollectionView+DefaultConfiguration.swift in Sources */ = {isa = PBXBuildFile; fileRef = 1E9CD1EF23A1B07C00A342B4 /* UICollectionView+DefaultConfiguration.swift */; };
		1E9D40A123A5CFA100E8CD33 /* UITableView+DefaultConfiguration.swift in Sources */ = {isa = PBXBuildFile; fileRef = 1E9D40A023A5CFA100E8CD33 /* UITableView+DefaultConfiguration.swift */; };
		1EA684B223A33C0F001BD6F4 /* StartupViewController.swift in Sources */ = {isa = PBXBuildFile; fileRef = 1EA684B123A33C0F001BD6F4 /* StartupViewController.swift */; };
		1EA8FDA82391843400498AA6 /* ViewControllerWithSideMenu.swift in Sources */ = {isa = PBXBuildFile; fileRef = 1EA8FDA72391843400498AA6 /* ViewControllerWithSideMenu.swift */; };
		1EA8FDAB2391866A00498AA6 /* DrawerMenuCoordinator.swift in Sources */ = {isa = PBXBuildFile; fileRef = 1EA8FDAA2391866A00498AA6 /* DrawerMenuCoordinator.swift */; };
		1EA8FDAD2391868100498AA6 /* DrawerMenuViewModel.swift in Sources */ = {isa = PBXBuildFile; fileRef = 1EA8FDAC2391868100498AA6 /* DrawerMenuViewModel.swift */; };
		1EA8FDAF2391869300498AA6 /* DrawerMenuViewController.swift in Sources */ = {isa = PBXBuildFile; fileRef = 1EA8FDAE2391869300498AA6 /* DrawerMenuViewController.swift */; };
		1EA8FDB12391875500498AA6 /* DrawerMenuScreen.swift in Sources */ = {isa = PBXBuildFile; fileRef = 1EA8FDB02391875500498AA6 /* DrawerMenuScreen.swift */; };
		1EA8FDB82391AC8700498AA6 /* Container+RegisterDependencies.swift in Sources */ = {isa = PBXBuildFile; fileRef = 1EA8FDB72391AC8700498AA6 /* Container+RegisterDependencies.swift */; };
		1EA8FDBA2391AC9500498AA6 /* Container+Services.swift in Sources */ = {isa = PBXBuildFile; fileRef = 1EA8FDB92391AC9500498AA6 /* Container+Services.swift */; };
		1EA8FDBC2391AD0100498AA6 /* Container+ViewModels.swift in Sources */ = {isa = PBXBuildFile; fileRef = 1EA8FDBB2391AD0100498AA6 /* Container+ViewModels.swift */; };
		1EA8FDBE2391AD2100498AA6 /* Container+Coordinators.swift in Sources */ = {isa = PBXBuildFile; fileRef = 1EA8FDBD2391AD2100498AA6 /* Container+Coordinators.swift */; };
		1EA8FDC02391AD4000498AA6 /* AddArtistsViewModel.swift in Sources */ = {isa = PBXBuildFile; fileRef = 1EA8FDBF2391AD4000498AA6 /* AddArtistsViewModel.swift */; };
		1EA8FDC22391AD4A00498AA6 /* SettingsViewModel.swift in Sources */ = {isa = PBXBuildFile; fileRef = 1EA8FDC12391AD4A00498AA6 /* SettingsViewModel.swift */; };
		1EAB9487238F083900C45AD4 /* UIImage+Additions.swift in Sources */ = {isa = PBXBuildFile; fileRef = 1EAB9486238F083900C45AD4 /* UIImage+Additions.swift */; };
		1EAB948D238F164B00C45AD4 /* AddArtistsViewController.swift in Sources */ = {isa = PBXBuildFile; fileRef = 1EAB948C238F164B00C45AD4 /* AddArtistsViewController.swift */; };
		1EB60BB123917FE6001DA148 /* DashboardViewModel.swift in Sources */ = {isa = PBXBuildFile; fileRef = 1EB60BB023917FE6001DA148 /* DashboardViewModel.swift */; };
		1EB60BB323918085001DA148 /* BaseNavigationController.swift in Sources */ = {isa = PBXBuildFile; fileRef = 1EB60BB223918085001DA148 /* BaseNavigationController.swift */; };
		1EB830D4238CC97E00C002DA /* DashboardViewController.swift in Sources */ = {isa = PBXBuildFile; fileRef = 1EB830D3238CC97E00C002DA /* DashboardViewController.swift */; };
		1EB830D6238CE37400C002DA /* DashboardCoordinator.swift in Sources */ = {isa = PBXBuildFile; fileRef = 1EB830D5238CE37400C002DA /* DashboardCoordinator.swift */; };
		1EB8884C239DFEC600DE3731 /* RecentlyPlayedTracksEndpointResponse.swift in Sources */ = {isa = PBXBuildFile; fileRef = 1EB8884B239DFEC600DE3731 /* RecentlyPlayedTracksEndpointResponse.swift */; };
		1EB8884E239E037300DE3731 /* RecentlyPlayedTrack.swift in Sources */ = {isa = PBXBuildFile; fileRef = 1EB8884D239E037300DE3731 /* RecentlyPlayedTrack.swift */; };
		1EB88850239E04AF00DE3731 /* String+Additions.swift in Sources */ = {isa = PBXBuildFile; fileRef = 1EB8884F239E04AF00DE3731 /* String+Additions.swift */; };
		1EBDF99C239602DB00325E7F /* TopArtistsViewControllerState.swift in Sources */ = {isa = PBXBuildFile; fileRef = 1EBDF99B239602DB00325E7F /* TopArtistsViewControllerState.swift */; };
		1EC2A12723916547006E5E96 /* SignInResponse.swift in Sources */ = {isa = PBXBuildFile; fileRef = 1EC2A12623916547006E5E96 /* SignInResponse.swift */; };
		1EC2A129239166B5006E5E96 /* Token.swift in Sources */ = {isa = PBXBuildFile; fileRef = 1EC2A128239166B5006E5E96 /* Token.swift */; };
		1EC2A12E23916861006E5E96 /* SessionService.swift in Sources */ = {isa = PBXBuildFile; fileRef = 1EC2A12D23916861006E5E96 /* SessionService.swift */; };
		1EC2A131239168BA006E5E96 /* DataManager.swift in Sources */ = {isa = PBXBuildFile; fileRef = 1EC2A130239168BA006E5E96 /* DataManager.swift */; };
		1EC2A133239169EA006E5E96 /* UserDataManager.swift in Sources */ = {isa = PBXBuildFile; fileRef = 1EC2A132239169EA006E5E96 /* UserDataManager.swift */; };
		1EC2A13523916D33006E5E96 /* Json.swift in Sources */ = {isa = PBXBuildFile; fileRef = 1EC2A13423916D33006E5E96 /* Json.swift */; };
		1EC2A13823916D86006E5E96 /* Data+Json.swift in Sources */ = {isa = PBXBuildFile; fileRef = 1EC2A13723916D86006E5E96 /* Data+Json.swift */; };
		1EC2A13A23916DC9006E5E96 /* Encodable+Json.swift in Sources */ = {isa = PBXBuildFile; fileRef = 1EC2A13923916DC9006E5E96 /* Encodable+Json.swift */; };
		1EC2A13C23916E5D006E5E96 /* DataKeys.swift in Sources */ = {isa = PBXBuildFile; fileRef = 1EC2A13B23916E5D006E5E96 /* DataKeys.swift */; };
		1EC2A16523917624006E5E96 /* URLBuilder.swift in Sources */ = {isa = PBXBuildFile; fileRef = 1EC2A15623917623006E5E96 /* URLBuilder.swift */; };
		1EC2A16623917624006E5E96 /* User.swift in Sources */ = {isa = PBXBuildFile; fileRef = 1EC2A15723917623006E5E96 /* User.swift */; };
		1EC2A16823917624006E5E96 /* SpotifyLoginButton.swift in Sources */ = {isa = PBXBuildFile; fileRef = 1EC2A15923917623006E5E96 /* SpotifyLoginButton.swift */; };
		1EC2A16923917624006E5E96 /* Networking.swift in Sources */ = {isa = PBXBuildFile; fileRef = 1EC2A15A23917623006E5E96 /* Networking.swift */; };
		1EC2A16B23917624006E5E96 /* SpotifyLogin.swift in Sources */ = {isa = PBXBuildFile; fileRef = 1EC2A15C23917624006E5E96 /* SpotifyLogin.swift */; };
		1EC2A16C23917624006E5E96 /* SafariDelegate.swift in Sources */ = {isa = PBXBuildFile; fileRef = 1EC2A15D23917624006E5E96 /* SafariDelegate.swift */; };
		1EC2A16D23917624006E5E96 /* Scope.swift in Sources */ = {isa = PBXBuildFile; fileRef = 1EC2A15E23917624006E5E96 /* Scope.swift */; };
		1EC2A16E23917624006E5E96 /* Session.swift in Sources */ = {isa = PBXBuildFile; fileRef = 1EC2A15F23917624006E5E96 /* Session.swift */; };
		1EC2A17223917624006E5E96 /* SafariService.swift in Sources */ = {isa = PBXBuildFile; fileRef = 1EC2A16423917624006E5E96 /* SafariService.swift */; };
		1EC2A17423917D39006E5E96 /* SignInViewModel.swift in Sources */ = {isa = PBXBuildFile; fileRef = 1EC2A17323917D39006E5E96 /* SignInViewModel.swift */; };
		1EC67AA0239EA9120030CB00 /* RecentlyPlayedTracksViewModel.swift in Sources */ = {isa = PBXBuildFile; fileRef = 1EC67A9F239EA9120030CB00 /* RecentlyPlayedTracksViewModel.swift */; };
		1EC67AA2239EAC530030CB00 /* ArtistEndpointResponse.swift in Sources */ = {isa = PBXBuildFile; fileRef = 1EC67AA1239EAC530030CB00 /* ArtistEndpointResponse.swift */; };
		1EC982F8239E9391004BF1B8 /* RecentlyPlayedCell.swift in Sources */ = {isa = PBXBuildFile; fileRef = 1EC982F7239E9391004BF1B8 /* RecentlyPlayedCell.swift */; };
		1EC982FA239EA2A8004BF1B8 /* Date+Formatter+Additions.swift in Sources */ = {isa = PBXBuildFile; fileRef = 1EC982F9239EA2A8004BF1B8 /* Date+Formatter+Additions.swift */; };
		1EC982FC239EA831004BF1B8 /* RecentlyPlayedCellViewModel.swift in Sources */ = {isa = PBXBuildFile; fileRef = 1EC982FB239EA831004BF1B8 /* RecentlyPlayedCellViewModel.swift */; };
		1ED16E24239CB28E0012DAA1 /* TrackCollectionCellViewModel.swift in Sources */ = {isa = PBXBuildFile; fileRef = 1ED16E23239CB28E0012DAA1 /* TrackCollectionCellViewModel.swift */; };
		1ED16E26239CB2DC0012DAA1 /* Track.swift in Sources */ = {isa = PBXBuildFile; fileRef = 1ED16E25239CB2DC0012DAA1 /* Track.swift */; };
		1ED16E28239CB3E90012DAA1 /* TopTracksViewControllerState.swift in Sources */ = {isa = PBXBuildFile; fileRef = 1ED16E27239CB3E90012DAA1 /* TopTracksViewControllerState.swift */; };
		1EDB2F46239CB5C600B5D099 /* TrackCollectionCell.swift in Sources */ = {isa = PBXBuildFile; fileRef = 1EDB2F45239CB5C600B5D099 /* TrackCollectionCell.swift */; };
		1EDB2F48239CBA5D00B5D099 /* TopTracksEndpointResponse.swift in Sources */ = {isa = PBXBuildFile; fileRef = 1EDB2F47239CBA5D00B5D099 /* TopTracksEndpointResponse.swift */; };
		1EDB2F4A239CBF8B00B5D099 /* TimeInterval+Int+Additions.swift in Sources */ = {isa = PBXBuildFile; fileRef = 1EDB2F49239CBF8B00B5D099 /* TimeInterval+Int+Additions.swift */; };
		1EDB2F4C239CC2D900B5D099 /* TopTracksCollectionCoordinator.swift in Sources */ = {isa = PBXBuildFile; fileRef = 1EDB2F4B239CC2D900B5D099 /* TopTracksCollectionCoordinator.swift */; };
		1EDB2F50239CC46A00B5D099 /* TopTracksCollectionViewModel.swift in Sources */ = {isa = PBXBuildFile; fileRef = 1EDB2F4F239CC46A00B5D099 /* TopTracksCollectionViewModel.swift */; };
		1EDB2F52239CC54A00B5D099 /* TopTracksCollectionViewController.swift in Sources */ = {isa = PBXBuildFile; fileRef = 1EDB2F51239CC54A00B5D099 /* TopTracksCollectionViewController.swift */; };
		1EDD2EEC23AAA79E007D7213 /* Album.swift in Sources */ = {isa = PBXBuildFile; fileRef = 1EDD2EEB23AAA79E007D7213 /* Album.swift */; };
		1EDD2EEE23AAAFC1007D7213 /* AlbumTracksEndpointResponse.swift in Sources */ = {isa = PBXBuildFile; fileRef = 1EDD2EED23AAAFC1007D7213 /* AlbumTracksEndpointResponse.swift */; };
		1EEDC1192398018400D6B06B /* ArtistCollectionCellViewModel.swift in Sources */ = {isa = PBXBuildFile; fileRef = 1EEDC1182398018400D6B06B /* ArtistCollectionCellViewModel.swift */; };
		8F515307A5178E374E8EF40F /* Pods_SpotifyDaily.framework in Frameworks */ = {isa = PBXBuildFile; fileRef = E8CC02E396098B17CEAB7D17 /* Pods_SpotifyDaily.framework */; };
/* End PBXBuildFile section */

/* Begin PBXFileReference section */
		1948A5420E2E2FE1B69A8A11 /* Pods_SpotifyDaily_SpotifyDailyTests.framework */ = {isa = PBXFileReference; explicitFileType = wrapper.framework; includeInIndex = 0; path = Pods_SpotifyDaily_SpotifyDailyTests.framework; sourceTree = BUILT_PRODUCTS_DIR; };
		198F25C34363CC8722DFB300 /* Pods-SpotifyDaily.debug.xcconfig */ = {isa = PBXFileReference; includeInIndex = 1; lastKnownFileType = text.xcconfig; name = "Pods-SpotifyDaily.debug.xcconfig"; path = "Target Support Files/Pods-SpotifyDaily/Pods-SpotifyDaily.debug.xcconfig"; sourceTree = "<group>"; };
		1E022BD3238B5888007D2EE6 /* SpotifyDaily.app */ = {isa = PBXFileReference; explicitFileType = wrapper.application; includeInIndex = 0; path = SpotifyDaily.app; sourceTree = BUILT_PRODUCTS_DIR; };
		1E022BD6238B5888007D2EE6 /* AppDelegate.swift */ = {isa = PBXFileReference; lastKnownFileType = sourcecode.swift; path = AppDelegate.swift; sourceTree = "<group>"; };
		1E022BDA238B5888007D2EE6 /* SignInViewController.swift */ = {isa = PBXFileReference; lastKnownFileType = sourcecode.swift; path = SignInViewController.swift; sourceTree = "<group>"; };
		1E022BDF238B5888007D2EE6 /* Assets.xcassets */ = {isa = PBXFileReference; lastKnownFileType = folder.assetcatalog; path = Assets.xcassets; sourceTree = "<group>"; };
		1E022BE2238B5888007D2EE6 /* Base */ = {isa = PBXFileReference; lastKnownFileType = file.storyboard; name = Base; path = Base.lproj/LaunchScreen.storyboard; sourceTree = "<group>"; };
		1E022BE4238B5888007D2EE6 /* Info.plist */ = {isa = PBXFileReference; lastKnownFileType = text.plist.xml; path = Info.plist; sourceTree = "<group>"; };
		1E0BB30723A9563300A8741B /* ArtistAlbumsResponseEndpoint.swift */ = {isa = PBXFileReference; lastKnownFileType = sourcecode.swift; path = ArtistAlbumsResponseEndpoint.swift; sourceTree = "<group>"; };
		1E0BB30D23A95D2400A8741B /* EditPortfolioCell.swift */ = {isa = PBXFileReference; lastKnownFileType = sourcecode.swift; path = EditPortfolioCell.swift; sourceTree = "<group>"; };
		1E0BB30F23A95E3000A8741B /* EditPortfolioCellViewModel.swift */ = {isa = PBXFileReference; lastKnownFileType = sourcecode.swift; path = EditPortfolioCellViewModel.swift; sourceTree = "<group>"; };
		1E0BB31123A9605800A8741B /* EditPortfolioViewModel.swift */ = {isa = PBXFileReference; lastKnownFileType = sourcecode.swift; path = EditPortfolioViewModel.swift; sourceTree = "<group>"; };
		1E0BB31323A96BA500A8741B /* EditPortfolioViewController.swift */ = {isa = PBXFileReference; lastKnownFileType = sourcecode.swift; path = EditPortfolioViewController.swift; sourceTree = "<group>"; };
		1E0BB31523A9888200A8741B /* EditPortfolioCoordinator.swift */ = {isa = PBXFileReference; lastKnownFileType = sourcecode.swift; path = EditPortfolioCoordinator.swift; sourceTree = "<group>"; };
		1E0C076F23A030BB00820B87 /* RecentlyPlayedTracksViewController.swift */ = {isa = PBXFileReference; lastKnownFileType = sourcecode.swift; path = RecentlyPlayedTracksViewController.swift; sourceTree = "<group>"; };
		1E0C077123A0357000820B87 /* RecentlyPlayedTracksCoordinator.swift */ = {isa = PBXFileReference; lastKnownFileType = sourcecode.swift; path = RecentlyPlayedTracksCoordinator.swift; sourceTree = "<group>"; };
		1E0F403D23A7109C00ABFB3E /* ArtistSearchEndpointResponse.swift */ = {isa = PBXFileReference; lastKnownFileType = sourcecode.swift; path = ArtistSearchEndpointResponse.swift; sourceTree = "<group>"; };
		1E100DF02393444C00DE0291 /* SettingsRootView.swift */ = {isa = PBXFileReference; lastKnownFileType = sourcecode.swift; path = SettingsRootView.swift; sourceTree = "<group>"; };
		1E11092F23956F6D00C3BD21 /* TopArtistsEndpointResponse.swift */ = {isa = PBXFileReference; lastKnownFileType = sourcecode.swift; path = TopArtistsEndpointResponse.swift; sourceTree = "<group>"; };
		1E11093123958B9E00C3BD21 /* Artist.swift */ = {isa = PBXFileReference; lastKnownFileType = sourcecode.swift; path = Artist.swift; sourceTree = "<group>"; };
		1E1109332395972300C3BD21 /* URL+Queries.swift */ = {isa = PBXFileReference; lastKnownFileType = sourcecode.swift; path = "URL+Queries.swift"; sourceTree = "<group>"; };
		1E271FA8239B0C350017AF7D /* UISegmentedControl+DefaultConfiguration.swift */ = {isa = PBXFileReference; lastKnownFileType = sourcecode.swift; path = "UISegmentedControl+DefaultConfiguration.swift"; sourceTree = "<group>"; };
		1E271FAA239B0C570017AF7D /* UILabel+DefaultConfiguration.swift */ = {isa = PBXFileReference; lastKnownFileType = sourcecode.swift; path = "UILabel+DefaultConfiguration.swift"; sourceTree = "<group>"; };
		1E356504238EC9D200C407F1 /* SettingsCoordinator.swift */ = {isa = PBXFileReference; lastKnownFileType = sourcecode.swift; path = SettingsCoordinator.swift; sourceTree = "<group>"; };
		1E356506238ED3D000C407F1 /* UIImageView+Additions.swift */ = {isa = PBXFileReference; lastKnownFileType = sourcecode.swift; path = "UIImageView+Additions.swift"; sourceTree = "<group>"; };
		1E3759A3238D7B0F00928EDD /* SettingsViewController.swift */ = {isa = PBXFileReference; lastKnownFileType = sourcecode.swift; path = SettingsViewController.swift; sourceTree = "<group>"; };
		1E37D9512391E1680047613B /* ProfileEndpointResponse.swift */ = {isa = PBXFileReference; lastKnownFileType = sourcecode.swift; path = ProfileEndpointResponse.swift; sourceTree = "<group>"; };
		1E37D9532391E19C0047613B /* TokenEndpointResponse.swift */ = {isa = PBXFileReference; lastKnownFileType = sourcecode.swift; path = TokenEndpointResponse.swift; sourceTree = "<group>"; };
		1E3AFA74238F1B4C00FAD3E6 /* AddArtistsCoordinator.swift */ = {isa = PBXFileReference; lastKnownFileType = sourcecode.swift; path = AddArtistsCoordinator.swift; sourceTree = "<group>"; };
		1E43D77023A5E5B7000CF906 /* SearchArtistCell.swift */ = {isa = PBXFileReference; lastKnownFileType = sourcecode.swift; path = SearchArtistCell.swift; sourceTree = "<group>"; };
		1E43D77223A5E7ED000CF906 /* SearchArtistCellViewModel.swift */ = {isa = PBXFileReference; lastKnownFileType = sourcecode.swift; path = SearchArtistCellViewModel.swift; sourceTree = "<group>"; };
		1E4661D423A1C95800D5DECA /* UIButton+RightDisclosure.swift */ = {isa = PBXFileReference; lastKnownFileType = sourcecode.swift; path = "UIButton+RightDisclosure.swift"; sourceTree = "<group>"; };
		1E4661D823A1F51E00D5DECA /* UIFont+Helvetica.swift */ = {isa = PBXFileReference; lastKnownFileType = sourcecode.swift; path = "UIFont+Helvetica.swift"; sourceTree = "<group>"; };
		1E4D054F2397F3DD00EE4EEA /* ArtistCollectionCell.swift */ = {isa = PBXFileReference; lastKnownFileType = sourcecode.swift; path = ArtistCollectionCell.swift; sourceTree = "<group>"; };
		1E526AA923945BA4005F09E8 /* Configuration.swift */ = {isa = PBXFileReference; lastKnownFileType = sourcecode.swift; path = Configuration.swift; sourceTree = "<group>"; };
		1E583A0123901D5B00DC033F /* Logger.swift */ = {isa = PBXFileReference; lastKnownFileType = sourcecode.swift; path = Logger.swift; sourceTree = "<group>"; };
		1E583A0323909E0200DC033F /* ViewControllerUtils.swift */ = {isa = PBXFileReference; lastKnownFileType = sourcecode.swift; path = ViewControllerUtils.swift; sourceTree = "<group>"; };
		1E601C4823A8AF0200A25FCD /* NewReleasesViewModel.swift */ = {isa = PBXFileReference; lastKnownFileType = sourcecode.swift; path = NewReleasesViewModel.swift; sourceTree = "<group>"; };
		1E601C4A23A8B26900A25FCD /* NewTracksCellViewModel.swift */ = {isa = PBXFileReference; lastKnownFileType = sourcecode.swift; path = NewTracksCellViewModel.swift; sourceTree = "<group>"; };
		1E601C4C23A8B32C00A25FCD /* NewTrack.swift */ = {isa = PBXFileReference; lastKnownFileType = sourcecode.swift; path = NewTrack.swift; sourceTree = "<group>"; };
		1E601C4F23A8B47D00A25FCD /* NewTrackCell.swift */ = {isa = PBXFileReference; lastKnownFileType = sourcecode.swift; path = NewTrackCell.swift; sourceTree = "<group>"; };
		1E601C5123A8B5AA00A25FCD /* NewReleasesViewController.swift */ = {isa = PBXFileReference; lastKnownFileType = sourcecode.swift; path = NewReleasesViewController.swift; sourceTree = "<group>"; };
		1E601C5323A8B77900A25FCD /* NewReleasesCoordinator.swift */ = {isa = PBXFileReference; lastKnownFileType = sourcecode.swift; path = NewReleasesCoordinator.swift; sourceTree = "<group>"; };
		1E7129E5239B0653007F538B /* UIViewController+Present.swift */ = {isa = PBXFileReference; lastKnownFileType = sourcecode.swift; path = "UIViewController+Present.swift"; sourceTree = "<group>"; };
		1E7129E7239B0B12007F538B /* ColorPreference.swift */ = {isa = PBXFileReference; lastKnownFileType = sourcecode.swift; path = ColorPreference.swift; sourceTree = "<group>"; };
		1E7488F02398CEC500798BD0 /* TopArtistsCollectionCoordinator.swift */ = {isa = PBXFileReference; lastKnownFileType = sourcecode.swift; path = TopArtistsCollectionCoordinator.swift; sourceTree = "<group>"; };
		1E7DA2E523A716CB0045FE17 /* UserPortfolioState.swift */ = {isa = PBXFileReference; lastKnownFileType = sourcecode.swift; path = UserPortfolioState.swift; sourceTree = "<group>"; };
		1E86B42123980C1B00582D6E /* TopArtistsCollectionViewController.swift */ = {isa = PBXFileReference; lastKnownFileType = sourcecode.swift; path = TopArtistsCollectionViewController.swift; sourceTree = "<group>"; };
		1E86B42323980C9500582D6E /* BindableType.swift */ = {isa = PBXFileReference; lastKnownFileType = sourcecode.swift; path = BindableType.swift; sourceTree = "<group>"; };
		1E86B42523980D5300582D6E /* TopArtistsCollectionViewModel.swift */ = {isa = PBXFileReference; lastKnownFileType = sourcecode.swift; path = TopArtistsCollectionViewModel.swift; sourceTree = "<group>"; };
		1E86B427239810BA00582D6E /* ObservableType+Extras.swift */ = {isa = PBXFileReference; lastKnownFileType = sourcecode.swift; path = "ObservableType+Extras.swift"; sourceTree = "<group>"; };
		1E896A61238C246400C745F0 /* UIColor+Additions.swift */ = {isa = PBXFileReference; lastKnownFileType = sourcecode.swift; path = "UIColor+Additions.swift"; sourceTree = "<group>"; };
		1E896A63238C27F000C745F0 /* AppCoordinator.swift */ = {isa = PBXFileReference; lastKnownFileType = sourcecode.swift; path = AppCoordinator.swift; sourceTree = "<group>"; };
		1E896A67238C29F400C745F0 /* BaseCoordinator.swift */ = {isa = PBXFileReference; lastKnownFileType = sourcecode.swift; path = BaseCoordinator.swift; sourceTree = "<group>"; };
		1E896A69238C2A8D00C745F0 /* SignInCoordinator.swift */ = {isa = PBXFileReference; lastKnownFileType = sourcecode.swift; path = SignInCoordinator.swift; sourceTree = "<group>"; };
		1E9CD1EF23A1B07C00A342B4 /* UICollectionView+DefaultConfiguration.swift */ = {isa = PBXFileReference; lastKnownFileType = sourcecode.swift; path = "UICollectionView+DefaultConfiguration.swift"; sourceTree = "<group>"; };
		1E9D40A023A5CFA100E8CD33 /* UITableView+DefaultConfiguration.swift */ = {isa = PBXFileReference; lastKnownFileType = sourcecode.swift; path = "UITableView+DefaultConfiguration.swift"; sourceTree = "<group>"; };
		1EA684B123A33C0F001BD6F4 /* StartupViewController.swift */ = {isa = PBXFileReference; lastKnownFileType = sourcecode.swift; path = StartupViewController.swift; sourceTree = "<group>"; };
		1EA8FDA72391843400498AA6 /* ViewControllerWithSideMenu.swift */ = {isa = PBXFileReference; lastKnownFileType = sourcecode.swift; path = ViewControllerWithSideMenu.swift; sourceTree = "<group>"; };
		1EA8FDAA2391866A00498AA6 /* DrawerMenuCoordinator.swift */ = {isa = PBXFileReference; lastKnownFileType = sourcecode.swift; path = DrawerMenuCoordinator.swift; sourceTree = "<group>"; };
		1EA8FDAC2391868100498AA6 /* DrawerMenuViewModel.swift */ = {isa = PBXFileReference; lastKnownFileType = sourcecode.swift; path = DrawerMenuViewModel.swift; sourceTree = "<group>"; };
		1EA8FDAE2391869300498AA6 /* DrawerMenuViewController.swift */ = {isa = PBXFileReference; lastKnownFileType = sourcecode.swift; path = DrawerMenuViewController.swift; sourceTree = "<group>"; };
		1EA8FDB02391875500498AA6 /* DrawerMenuScreen.swift */ = {isa = PBXFileReference; lastKnownFileType = sourcecode.swift; path = DrawerMenuScreen.swift; sourceTree = "<group>"; };
		1EA8FDB72391AC8700498AA6 /* Container+RegisterDependencies.swift */ = {isa = PBXFileReference; lastKnownFileType = sourcecode.swift; path = "Container+RegisterDependencies.swift"; sourceTree = "<group>"; };
		1EA8FDB92391AC9500498AA6 /* Container+Services.swift */ = {isa = PBXFileReference; lastKnownFileType = sourcecode.swift; path = "Container+Services.swift"; sourceTree = "<group>"; };
		1EA8FDBB2391AD0100498AA6 /* Container+ViewModels.swift */ = {isa = PBXFileReference; lastKnownFileType = sourcecode.swift; path = "Container+ViewModels.swift"; sourceTree = "<group>"; };
		1EA8FDBD2391AD2100498AA6 /* Container+Coordinators.swift */ = {isa = PBXFileReference; lastKnownFileType = sourcecode.swift; path = "Container+Coordinators.swift"; sourceTree = "<group>"; };
		1EA8FDBF2391AD4000498AA6 /* AddArtistsViewModel.swift */ = {isa = PBXFileReference; lastKnownFileType = sourcecode.swift; path = AddArtistsViewModel.swift; sourceTree = "<group>"; };
		1EA8FDC12391AD4A00498AA6 /* SettingsViewModel.swift */ = {isa = PBXFileReference; lastKnownFileType = sourcecode.swift; path = SettingsViewModel.swift; sourceTree = "<group>"; };
		1EAB9486238F083900C45AD4 /* UIImage+Additions.swift */ = {isa = PBXFileReference; lastKnownFileType = sourcecode.swift; path = "UIImage+Additions.swift"; sourceTree = "<group>"; };
		1EAB948C238F164B00C45AD4 /* AddArtistsViewController.swift */ = {isa = PBXFileReference; lastKnownFileType = sourcecode.swift; path = AddArtistsViewController.swift; sourceTree = "<group>"; };
		1EB60BB023917FE6001DA148 /* DashboardViewModel.swift */ = {isa = PBXFileReference; lastKnownFileType = sourcecode.swift; path = DashboardViewModel.swift; sourceTree = "<group>"; };
		1EB60BB223918085001DA148 /* BaseNavigationController.swift */ = {isa = PBXFileReference; lastKnownFileType = sourcecode.swift; path = BaseNavigationController.swift; sourceTree = "<group>"; };
		1EB830D3238CC97E00C002DA /* DashboardViewController.swift */ = {isa = PBXFileReference; lastKnownFileType = sourcecode.swift; path = DashboardViewController.swift; sourceTree = "<group>"; };
		1EB830D5238CE37400C002DA /* DashboardCoordinator.swift */ = {isa = PBXFileReference; lastKnownFileType = sourcecode.swift; path = DashboardCoordinator.swift; sourceTree = "<group>"; };
		1EB8884B239DFEC600DE3731 /* RecentlyPlayedTracksEndpointResponse.swift */ = {isa = PBXFileReference; lastKnownFileType = sourcecode.swift; path = RecentlyPlayedTracksEndpointResponse.swift; sourceTree = "<group>"; };
		1EB8884D239E037300DE3731 /* RecentlyPlayedTrack.swift */ = {isa = PBXFileReference; lastKnownFileType = sourcecode.swift; path = RecentlyPlayedTrack.swift; sourceTree = "<group>"; };
		1EB8884F239E04AF00DE3731 /* String+Additions.swift */ = {isa = PBXFileReference; lastKnownFileType = sourcecode.swift; path = "String+Additions.swift"; sourceTree = "<group>"; };
		1EBDF99B239602DB00325E7F /* TopArtistsViewControllerState.swift */ = {isa = PBXFileReference; lastKnownFileType = sourcecode.swift; path = TopArtistsViewControllerState.swift; sourceTree = "<group>"; };
		1EC15DF92395D7DE0058A4B1 /* RxSwift.framework */ = {isa = PBXFileReference; explicitFileType = wrapper.framework; path = RxSwift.framework; sourceTree = BUILT_PRODUCTS_DIR; };
		1EC2A12623916547006E5E96 /* SignInResponse.swift */ = {isa = PBXFileReference; lastKnownFileType = sourcecode.swift; path = SignInResponse.swift; sourceTree = "<group>"; };
		1EC2A128239166B5006E5E96 /* Token.swift */ = {isa = PBXFileReference; lastKnownFileType = sourcecode.swift; path = Token.swift; sourceTree = "<group>"; };
		1EC2A12D23916861006E5E96 /* SessionService.swift */ = {isa = PBXFileReference; lastKnownFileType = sourcecode.swift; path = SessionService.swift; sourceTree = "<group>"; };
		1EC2A130239168BA006E5E96 /* DataManager.swift */ = {isa = PBXFileReference; lastKnownFileType = sourcecode.swift; path = DataManager.swift; sourceTree = "<group>"; };
		1EC2A132239169EA006E5E96 /* UserDataManager.swift */ = {isa = PBXFileReference; lastKnownFileType = sourcecode.swift; path = UserDataManager.swift; sourceTree = "<group>"; };
		1EC2A13423916D33006E5E96 /* Json.swift */ = {isa = PBXFileReference; lastKnownFileType = sourcecode.swift; path = Json.swift; sourceTree = "<group>"; };
		1EC2A13723916D86006E5E96 /* Data+Json.swift */ = {isa = PBXFileReference; lastKnownFileType = sourcecode.swift; path = "Data+Json.swift"; sourceTree = "<group>"; };
		1EC2A13923916DC9006E5E96 /* Encodable+Json.swift */ = {isa = PBXFileReference; lastKnownFileType = sourcecode.swift; path = "Encodable+Json.swift"; sourceTree = "<group>"; };
		1EC2A13B23916E5D006E5E96 /* DataKeys.swift */ = {isa = PBXFileReference; lastKnownFileType = sourcecode.swift; path = DataKeys.swift; sourceTree = "<group>"; };
		1EC2A15623917623006E5E96 /* URLBuilder.swift */ = {isa = PBXFileReference; fileEncoding = 4; lastKnownFileType = sourcecode.swift; path = URLBuilder.swift; sourceTree = "<group>"; };
		1EC2A15723917623006E5E96 /* User.swift */ = {isa = PBXFileReference; fileEncoding = 4; lastKnownFileType = sourcecode.swift; path = User.swift; sourceTree = "<group>"; };
		1EC2A15923917623006E5E96 /* SpotifyLoginButton.swift */ = {isa = PBXFileReference; fileEncoding = 4; lastKnownFileType = sourcecode.swift; path = SpotifyLoginButton.swift; sourceTree = "<group>"; };
		1EC2A15A23917623006E5E96 /* Networking.swift */ = {isa = PBXFileReference; fileEncoding = 4; lastKnownFileType = sourcecode.swift; path = Networking.swift; sourceTree = "<group>"; };
		1EC2A15C23917624006E5E96 /* SpotifyLogin.swift */ = {isa = PBXFileReference; fileEncoding = 4; lastKnownFileType = sourcecode.swift; path = SpotifyLogin.swift; sourceTree = "<group>"; };
		1EC2A15D23917624006E5E96 /* SafariDelegate.swift */ = {isa = PBXFileReference; fileEncoding = 4; lastKnownFileType = sourcecode.swift; path = SafariDelegate.swift; sourceTree = "<group>"; };
		1EC2A15E23917624006E5E96 /* Scope.swift */ = {isa = PBXFileReference; fileEncoding = 4; lastKnownFileType = sourcecode.swift; path = Scope.swift; sourceTree = "<group>"; };
		1EC2A15F23917624006E5E96 /* Session.swift */ = {isa = PBXFileReference; fileEncoding = 4; lastKnownFileType = sourcecode.swift; path = Session.swift; sourceTree = "<group>"; };
		1EC2A16423917624006E5E96 /* SafariService.swift */ = {isa = PBXFileReference; fileEncoding = 4; lastKnownFileType = sourcecode.swift; path = SafariService.swift; sourceTree = "<group>"; };
		1EC2A17323917D39006E5E96 /* SignInViewModel.swift */ = {isa = PBXFileReference; lastKnownFileType = sourcecode.swift; path = SignInViewModel.swift; sourceTree = "<group>"; };
		1EC67A9F239EA9120030CB00 /* RecentlyPlayedTracksViewModel.swift */ = {isa = PBXFileReference; lastKnownFileType = sourcecode.swift; path = RecentlyPlayedTracksViewModel.swift; sourceTree = "<group>"; };
		1EC67AA1239EAC530030CB00 /* ArtistEndpointResponse.swift */ = {isa = PBXFileReference; lastKnownFileType = sourcecode.swift; path = ArtistEndpointResponse.swift; sourceTree = "<group>"; };
		1EC982F7239E9391004BF1B8 /* RecentlyPlayedCell.swift */ = {isa = PBXFileReference; lastKnownFileType = sourcecode.swift; path = RecentlyPlayedCell.swift; sourceTree = "<group>"; };
		1EC982F9239EA2A8004BF1B8 /* Date+Formatter+Additions.swift */ = {isa = PBXFileReference; lastKnownFileType = sourcecode.swift; path = "Date+Formatter+Additions.swift"; sourceTree = "<group>"; };
		1EC982FB239EA831004BF1B8 /* RecentlyPlayedCellViewModel.swift */ = {isa = PBXFileReference; lastKnownFileType = sourcecode.swift; path = RecentlyPlayedCellViewModel.swift; sourceTree = "<group>"; };
		1ED16E23239CB28E0012DAA1 /* TrackCollectionCellViewModel.swift */ = {isa = PBXFileReference; lastKnownFileType = sourcecode.swift; path = TrackCollectionCellViewModel.swift; sourceTree = "<group>"; };
		1ED16E25239CB2DC0012DAA1 /* Track.swift */ = {isa = PBXFileReference; lastKnownFileType = sourcecode.swift; path = Track.swift; sourceTree = "<group>"; };
		1ED16E27239CB3E90012DAA1 /* TopTracksViewControllerState.swift */ = {isa = PBXFileReference; lastKnownFileType = sourcecode.swift; path = TopTracksViewControllerState.swift; sourceTree = "<group>"; };
		1EDB2F45239CB5C600B5D099 /* TrackCollectionCell.swift */ = {isa = PBXFileReference; lastKnownFileType = sourcecode.swift; path = TrackCollectionCell.swift; sourceTree = "<group>"; };
		1EDB2F47239CBA5D00B5D099 /* TopTracksEndpointResponse.swift */ = {isa = PBXFileReference; lastKnownFileType = sourcecode.swift; path = TopTracksEndpointResponse.swift; sourceTree = "<group>"; };
		1EDB2F49239CBF8B00B5D099 /* TimeInterval+Int+Additions.swift */ = {isa = PBXFileReference; lastKnownFileType = sourcecode.swift; path = "TimeInterval+Int+Additions.swift"; sourceTree = "<group>"; };
		1EDB2F4B239CC2D900B5D099 /* TopTracksCollectionCoordinator.swift */ = {isa = PBXFileReference; lastKnownFileType = sourcecode.swift; path = TopTracksCollectionCoordinator.swift; sourceTree = "<group>"; };
		1EDB2F4F239CC46A00B5D099 /* TopTracksCollectionViewModel.swift */ = {isa = PBXFileReference; lastKnownFileType = sourcecode.swift; path = TopTracksCollectionViewModel.swift; sourceTree = "<group>"; };
		1EDB2F51239CC54A00B5D099 /* TopTracksCollectionViewController.swift */ = {isa = PBXFileReference; lastKnownFileType = sourcecode.swift; path = TopTracksCollectionViewController.swift; sourceTree = "<group>"; };
		1EDD2EEB23AAA79E007D7213 /* Album.swift */ = {isa = PBXFileReference; lastKnownFileType = sourcecode.swift; path = Album.swift; sourceTree = "<group>"; };
		1EDD2EED23AAAFC1007D7213 /* AlbumTracksEndpointResponse.swift */ = {isa = PBXFileReference; lastKnownFileType = sourcecode.swift; path = AlbumTracksEndpointResponse.swift; sourceTree = "<group>"; };
		1EEDC1182398018400D6B06B /* ArtistCollectionCellViewModel.swift */ = {isa = PBXFileReference; lastKnownFileType = sourcecode.swift; path = ArtistCollectionCellViewModel.swift; sourceTree = "<group>"; };
		D5E444B7BEE18E14E5C9048C /* Pods-SpotifyDaily-SpotifyDailyTests.debug.xcconfig */ = {isa = PBXFileReference; includeInIndex = 1; lastKnownFileType = text.xcconfig; name = "Pods-SpotifyDaily-SpotifyDailyTests.debug.xcconfig"; path = "Target Support Files/Pods-SpotifyDaily-SpotifyDailyTests/Pods-SpotifyDaily-SpotifyDailyTests.debug.xcconfig"; sourceTree = "<group>"; };
		E8CC02E396098B17CEAB7D17 /* Pods_SpotifyDaily.framework */ = {isa = PBXFileReference; explicitFileType = wrapper.framework; includeInIndex = 0; path = Pods_SpotifyDaily.framework; sourceTree = BUILT_PRODUCTS_DIR; };
		F126193B44842853E9E314E5 /* Pods-SpotifyDaily-SpotifyDailyTests.release.xcconfig */ = {isa = PBXFileReference; includeInIndex = 1; lastKnownFileType = text.xcconfig; name = "Pods-SpotifyDaily-SpotifyDailyTests.release.xcconfig"; path = "Target Support Files/Pods-SpotifyDaily-SpotifyDailyTests/Pods-SpotifyDaily-SpotifyDailyTests.release.xcconfig"; sourceTree = "<group>"; };
		F90DD166B2BAE744029B1CE9 /* Pods-SpotifyDaily.release.xcconfig */ = {isa = PBXFileReference; includeInIndex = 1; lastKnownFileType = text.xcconfig; name = "Pods-SpotifyDaily.release.xcconfig"; path = "Target Support Files/Pods-SpotifyDaily/Pods-SpotifyDaily.release.xcconfig"; sourceTree = "<group>"; };
/* End PBXFileReference section */

/* Begin PBXFrameworksBuildPhase section */
		1E022BD0238B5888007D2EE6 /* Frameworks */ = {
			isa = PBXFrameworksBuildPhase;
			buildActionMask = 2147483647;
			files = (
				8F515307A5178E374E8EF40F /* Pods_SpotifyDaily.framework in Frameworks */,
			);
			runOnlyForDeploymentPostprocessing = 0;
		};
/* End PBXFrameworksBuildPhase section */

/* Begin PBXGroup section */
		1E022BCA238B5888007D2EE6 = {
			isa = PBXGroup;
			children = (
				1E022BD5238B5888007D2EE6 /* SpotifyDaily */,
				1E022BEB238B5903007D2EE6 /* SpotifyDaily_iOS */,
				1E022BD4238B5888007D2EE6 /* Products */,
				C65A3C24A672FA67A86509B2 /* Pods */,
				E63FCB5763EE7C5960C238D8 /* Frameworks */,
			);
			sourceTree = "<group>";
		};
		1E022BD4238B5888007D2EE6 /* Products */ = {
			isa = PBXGroup;
			children = (
				1E022BD3238B5888007D2EE6 /* SpotifyDaily.app */,
			);
			name = Products;
			sourceTree = "<group>";
		};
		1E022BD5238B5888007D2EE6 /* SpotifyDaily */ = {
			isa = PBXGroup;
			children = (
				1E022BD6238B5888007D2EE6 /* AppDelegate.swift */,
				1E022BE1238B5888007D2EE6 /* LaunchScreen.storyboard */,
				1E022BDF238B5888007D2EE6 /* Assets.xcassets */,
				1E022BE4238B5888007D2EE6 /* Info.plist */,
			);
			path = SpotifyDaily;
			sourceTree = "<group>";
		};
		1E022BEB238B5903007D2EE6 /* SpotifyDaily_iOS */ = {
			isa = PBXGroup;
			children = (
				1E896A6E238C2CD900C745F0 /* App */,
				1EA8FDB62391AC0300498AA6 /* DependencyInjection */,
				1EC2A12323916401006E5E96 /* Models */,
				1E894F6F2391D72200C272A6 /* Networking */,
				1EC2A12C2391685B006E5E96 /* Services */,
				1E896A6F238C2CF200C745F0 /* Utils */,
			);
			path = SpotifyDaily_iOS;
			sourceTree = "<group>";
		};
		1E0BB30B23A95CCD00A8741B /* Edit Portfolio */ = {
			isa = PBXGroup;
			children = (
				1E0BB30C23A95D1D00A8741B /* Cell */,
				1E0BB31523A9888200A8741B /* EditPortfolioCoordinator.swift */,
				1E0BB31123A9605800A8741B /* EditPortfolioViewModel.swift */,
				1E0BB31323A96BA500A8741B /* EditPortfolioViewController.swift */,
			);
			path = "Edit Portfolio";
			sourceTree = "<group>";
		};
		1E0BB30C23A95D1D00A8741B /* Cell */ = {
			isa = PBXGroup;
			children = (
				1E0BB30D23A95D2400A8741B /* EditPortfolioCell.swift */,
				1E0BB30F23A95E3000A8741B /* EditPortfolioCellViewModel.swift */,
			);
			path = Cell;
			sourceTree = "<group>";
		};
		1E271FA7239B0C1B0017AF7D /* Helper functions */ = {
			isa = PBXGroup;
			children = (
				1EDB2F49239CBF8B00B5D099 /* TimeInterval+Int+Additions.swift */,
				1EB8884F239E04AF00DE3731 /* String+Additions.swift */,
				1EC982F9239EA2A8004BF1B8 /* Date+Formatter+Additions.swift */,
				1E896A61238C246400C745F0 /* UIColor+Additions.swift */,
				1E4661D823A1F51E00D5DECA /* UIFont+Helvetica.swift */,
				1E356506238ED3D000C407F1 /* UIImageView+Additions.swift */,
				1EAB9486238F083900C45AD4 /* UIImage+Additions.swift */,
				1E7129E5239B0653007F538B /* UIViewController+Present.swift */,
			);
			path = "Helper functions";
			sourceTree = "<group>";
		};
		1E3759A2238D7AFD00928EDD /* Settings */ = {
			isa = PBXGroup;
			children = (
				1E356504238EC9D200C407F1 /* SettingsCoordinator.swift */,
				1EA8FDC12391AD4A00498AA6 /* SettingsViewModel.swift */,
				1E3759A3238D7B0F00928EDD /* SettingsViewController.swift */,
				1E100DF02393444C00DE0291 /* SettingsRootView.swift */,
			);
			path = Settings;
			sourceTree = "<group>";
		};
		1E37D9502391E15E0047613B /* Endpoints */ = {
			isa = PBXGroup;
			children = (
				1E899D3A23B00043006CCBEC /* SignIn */,
				1E899D3D23B0007D006CCBEC /* New Releases */,
				1E899D3B23B0005E006CCBEC /* Dashboard */,
				1E899D3C23B00068006CCBEC /* Settings */,
			);
			path = Endpoints;
			sourceTree = "<group>";
		};
		1E3959D22398D37600446486 /* Views */ = {
			isa = PBXGroup;
			children = (
				1E271FA8239B0C350017AF7D /* UISegmentedControl+DefaultConfiguration.swift */,
				1E271FAA239B0C570017AF7D /* UILabel+DefaultConfiguration.swift */,
				1E4661D423A1C95800D5DECA /* UIButton+RightDisclosure.swift */,
				1E9CD1EF23A1B07C00A342B4 /* UICollectionView+DefaultConfiguration.swift */,
				1E9D40A023A5CFA100E8CD33 /* UITableView+DefaultConfiguration.swift */,
			);
			path = Views;
			sourceTree = "<group>";
		};
		1E3959D32398D38300446486 /* Data */ = {
			isa = PBXGroup;
			children = (
				1EC2A13723916D86006E5E96 /* Data+Json.swift */,
				1EC2A13923916DC9006E5E96 /* Encodable+Json.swift */,
				1E1109332395972300C3BD21 /* URL+Queries.swift */,
			);
			path = Data;
			sourceTree = "<group>";
		};
		1E3959D42398D39200446486 /* Enums */ = {
			isa = PBXGroup;
			children = (
				1EA8FDB02391875500498AA6 /* DrawerMenuScreen.swift */,
				1E583A0323909E0200DC033F /* ViewControllerUtils.swift */,
				1EC2A13423916D33006E5E96 /* Json.swift */,
				1E7129E7239B0B12007F538B /* ColorPreference.swift */,
			);
			path = Enums;
			sourceTree = "<group>";
		};
		1E43D76F23A5D7CF000CF906 /* Cell */ = {
			isa = PBXGroup;
			children = (
				1E43D77023A5E5B7000CF906 /* SearchArtistCell.swift */,
				1E43D77223A5E7ED000CF906 /* SearchArtistCellViewModel.swift */,
			);
			path = Cell;
			sourceTree = "<group>";
		};
		1E4D05512397FA7100EE4EEA /* Top Artists */ = {
			isa = PBXGroup;
			children = (
				1EEDC1172398017900D6B06B /* Cell */,
				1E7488F02398CEC500798BD0 /* TopArtistsCollectionCoordinator.swift */,
				1E86B42523980D5300582D6E /* TopArtistsCollectionViewModel.swift */,
				1E86B42123980C1B00582D6E /* TopArtistsCollectionViewController.swift */,
			);
			path = "Top Artists";
			sourceTree = "<group>";
		};
		1E601C4E23A8B45F00A25FCD /* Cell */ = {
			isa = PBXGroup;
			children = (
				1E601C4F23A8B47D00A25FCD /* NewTrackCell.swift */,
				1E601C4A23A8B26900A25FCD /* NewTracksCellViewModel.swift */,
			);
			path = Cell;
			sourceTree = "<group>";
		};
		1E86B42B2398C00800582D6E /* Rx */ = {
			isa = PBXGroup;
			children = (
				1E86B427239810BA00582D6E /* ObservableType+Extras.swift */,
			);
			path = Rx;
			sourceTree = "<group>";
		};
		1E894F6F2391D72200C272A6 /* Networking */ = {
			isa = PBXGroup;
			children = (
				1EC2A15D23917624006E5E96 /* SafariDelegate.swift */,
				1EC2A15623917623006E5E96 /* URLBuilder.swift */,
				1E37D9502391E15E0047613B /* Endpoints */,
			);
			path = Networking;
			sourceTree = "<group>";
		};
		1E896A6E238C2CD900C745F0 /* App */ = {
			isa = PBXGroup;
			children = (
				1E896A63238C27F000C745F0 /* AppCoordinator.swift */,
				1EA684B123A33C0F001BD6F4 /* StartupViewController.swift */,
				1EA8FDB52391AB2100498AA6 /* Base */,
				1EB830D7238CE79C00C002DA /* SignIn */,
				1EA8FDA92391865E00498AA6 /* DrawerMenu */,
				1EE4321A23A83B0000D711E1 /* New Releases */,
				1EB830D8238CE7A400C002DA /* Dashboard */,
				1E3759A2238D7AFD00928EDD /* Settings */,
			);
			path = App;
			sourceTree = "<group>";
		};
		1E896A6F238C2CF200C745F0 /* Utils */ = {
			isa = PBXGroup;
			children = (
				1E583A0123901D5B00DC033F /* Logger.swift */,
				1EC2A13D23917443006E5E96 /* Custom Buttons */,
				1EC2A12F239168B3006E5E96 /* Protocols */,
				1EC2A13623916D56006E5E96 /* Extensions */,
				1E3959D42398D39200446486 /* Enums */,
			);
			path = Utils;
			sourceTree = "<group>";
		};
		1E899D3A23B00043006CCBEC /* SignIn */ = {
			isa = PBXGroup;
			children = (
				1E37D9532391E19C0047613B /* TokenEndpointResponse.swift */,
			);
			path = SignIn;
			sourceTree = "<group>";
		};
		1E899D3B23B0005E006CCBEC /* Dashboard */ = {
			isa = PBXGroup;
			children = (
				1E11092F23956F6D00C3BD21 /* TopArtistsEndpointResponse.swift */,
				1EDB2F47239CBA5D00B5D099 /* TopTracksEndpointResponse.swift */,
				1EB8884B239DFEC600DE3731 /* RecentlyPlayedTracksEndpointResponse.swift */,
				1EC67AA1239EAC530030CB00 /* ArtistEndpointResponse.swift */,
			);
			path = Dashboard;
			sourceTree = "<group>";
		};
		1E899D3C23B00068006CCBEC /* Settings */ = {
			isa = PBXGroup;
			children = (
				1E37D9512391E1680047613B /* ProfileEndpointResponse.swift */,
			);
			path = Settings;
			sourceTree = "<group>";
		};
		1E899D3D23B0007D006CCBEC /* New Releases */ = {
			isa = PBXGroup;
			children = (
				1E0F403D23A7109C00ABFB3E /* ArtistSearchEndpointResponse.swift */,
				1E0BB30723A9563300A8741B /* ArtistAlbumsResponseEndpoint.swift */,
				1EDD2EED23AAAFC1007D7213 /* AlbumTracksEndpointResponse.swift */,
			);
			path = "New Releases";
			sourceTree = "<group>";
		};
		1EA8FDA92391865E00498AA6 /* DrawerMenu */ = {
			isa = PBXGroup;
			children = (
				1EA8FDAA2391866A00498AA6 /* DrawerMenuCoordinator.swift */,
				1EA8FDAC2391868100498AA6 /* DrawerMenuViewModel.swift */,
				1EA8FDAE2391869300498AA6 /* DrawerMenuViewController.swift */,
			);
			path = DrawerMenu;
			sourceTree = "<group>";
		};
		1EA8FDB52391AB2100498AA6 /* Base */ = {
			isa = PBXGroup;
			children = (
				1E896A67238C29F400C745F0 /* BaseCoordinator.swift */,
				1EB60BB223918085001DA148 /* BaseNavigationController.swift */,
				1EA8FDA72391843400498AA6 /* ViewControllerWithSideMenu.swift */,
			);
			path = Base;
			sourceTree = "<group>";
		};
		1EA8FDB62391AC0300498AA6 /* DependencyInjection */ = {
			isa = PBXGroup;
			children = (
				1EA8FDB72391AC8700498AA6 /* Container+RegisterDependencies.swift */,
				1EA8FDB92391AC9500498AA6 /* Container+Services.swift */,
				1EA8FDBB2391AD0100498AA6 /* Container+ViewModels.swift */,
				1EA8FDBD2391AD2100498AA6 /* Container+Coordinators.swift */,
			);
			path = DependencyInjection;
			sourceTree = "<group>";
		};
		1EAB948B238F161200C45AD4 /* Add Artists */ = {
			isa = PBXGroup;
			children = (
				1E43D76F23A5D7CF000CF906 /* Cell */,
				1E3AFA74238F1B4C00FAD3E6 /* AddArtistsCoordinator.swift */,
				1EA8FDBF2391AD4000498AA6 /* AddArtistsViewModel.swift */,
				1EAB948C238F164B00C45AD4 /* AddArtistsViewController.swift */,
			);
			path = "Add Artists";
			sourceTree = "<group>";
		};
		1EB830D7238CE79C00C002DA /* SignIn */ = {
			isa = PBXGroup;
			children = (
				1E896A69238C2A8D00C745F0 /* SignInCoordinator.swift */,
				1EC2A17323917D39006E5E96 /* SignInViewModel.swift */,
				1E022BDA238B5888007D2EE6 /* SignInViewController.swift */,
			);
			path = SignIn;
			sourceTree = "<group>";
		};
		1EB830D8238CE7A400C002DA /* Dashboard */ = {
			isa = PBXGroup;
			children = (
				1EB830D5238CE37400C002DA /* DashboardCoordinator.swift */,
				1EB60BB023917FE6001DA148 /* DashboardViewModel.swift */,
				1EB830D3238CC97E00C002DA /* DashboardViewController.swift */,
				1E4D05512397FA7100EE4EEA /* Top Artists */,
				1ED16E22239CB2720012DAA1 /* Top Tracks */,
				1EC982F5239E9372004BF1B8 /* Recently Played */,
			);
			path = Dashboard;
			sourceTree = "<group>";
		};
		1EC2A12323916401006E5E96 /* Models */ = {
			isa = PBXGroup;
			children = (
				1EF44CB82399FA8500D9E1F5 /* State */,
				1EC2A128239166B5006E5E96 /* Token.swift */,
				1EC2A12623916547006E5E96 /* SignInResponse.swift */,
				1EC2A13B23916E5D006E5E96 /* DataKeys.swift */,
				1EC2A15F23917624006E5E96 /* Session.swift */,
				1EC2A15723917623006E5E96 /* User.swift */,
				1E11093123958B9E00C3BD21 /* Artist.swift */,
				1ED16E25239CB2DC0012DAA1 /* Track.swift */,
				1EB8884D239E037300DE3731 /* RecentlyPlayedTrack.swift */,
				1E601C4C23A8B32C00A25FCD /* NewTrack.swift */,
				1EDD2EEB23AAA79E007D7213 /* Album.swift */,
				1EC2A15E23917624006E5E96 /* Scope.swift */,
			);
			path = Models;
			sourceTree = "<group>";
		};
		1EC2A12C2391685B006E5E96 /* Services */ = {
			isa = PBXGroup;
			children = (
				1E526AA923945BA4005F09E8 /* Configuration.swift */,
				1EC2A132239169EA006E5E96 /* UserDataManager.swift */,
				1EC2A15A23917623006E5E96 /* Networking.swift */,
				1EC2A15C23917624006E5E96 /* SpotifyLogin.swift */,
				1EC2A12D23916861006E5E96 /* SessionService.swift */,
				1EC2A16423917624006E5E96 /* SafariService.swift */,
			);
			path = Services;
			sourceTree = "<group>";
		};
		1EC2A12F239168B3006E5E96 /* Protocols */ = {
			isa = PBXGroup;
			children = (
				1EC2A130239168BA006E5E96 /* DataManager.swift */,
				1E86B42323980C9500582D6E /* BindableType.swift */,
			);
			path = Protocols;
			sourceTree = "<group>";
		};
		1EC2A13623916D56006E5E96 /* Extensions */ = {
			isa = PBXGroup;
			children = (
				1E271FA7239B0C1B0017AF7D /* Helper functions */,
				1E86B42B2398C00800582D6E /* Rx */,
				1E3959D22398D37600446486 /* Views */,
				1E3959D32398D38300446486 /* Data */,
			);
			path = Extensions;
			sourceTree = "<group>";
		};
		1EC2A13D23917443006E5E96 /* Custom Buttons */ = {
			isa = PBXGroup;
			children = (
				1EC2A15923917623006E5E96 /* SpotifyLoginButton.swift */,
			);
			path = "Custom Buttons";
			sourceTree = "<group>";
		};
		1EC982F5239E9372004BF1B8 /* Recently Played */ = {
			isa = PBXGroup;
			children = (
				1EC982F6239E9380004BF1B8 /* Cell */,
				1E0C077123A0357000820B87 /* RecentlyPlayedTracksCoordinator.swift */,
				1EC67A9F239EA9120030CB00 /* RecentlyPlayedTracksViewModel.swift */,
				1E0C076F23A030BB00820B87 /* RecentlyPlayedTracksViewController.swift */,
			);
			path = "Recently Played";
			sourceTree = "<group>";
		};
		1EC982F6239E9380004BF1B8 /* Cell */ = {
			isa = PBXGroup;
			children = (
				1EC982F7239E9391004BF1B8 /* RecentlyPlayedCell.swift */,
				1EC982FB239EA831004BF1B8 /* RecentlyPlayedCellViewModel.swift */,
			);
			path = Cell;
			sourceTree = "<group>";
		};
		1ED16E22239CB2720012DAA1 /* Top Tracks */ = {
			isa = PBXGroup;
			children = (
				1ED16E29239CB4490012DAA1 /* Cell */,
				1EDB2F4B239CC2D900B5D099 /* TopTracksCollectionCoordinator.swift */,
				1EDB2F4F239CC46A00B5D099 /* TopTracksCollectionViewModel.swift */,
				1EDB2F51239CC54A00B5D099 /* TopTracksCollectionViewController.swift */,
			);
			path = "Top Tracks";
			sourceTree = "<group>";
		};
		1ED16E29239CB4490012DAA1 /* Cell */ = {
			isa = PBXGroup;
			children = (
				1EDB2F45239CB5C600B5D099 /* TrackCollectionCell.swift */,
				1ED16E23239CB28E0012DAA1 /* TrackCollectionCellViewModel.swift */,
			);
			path = Cell;
			sourceTree = "<group>";
		};
		1EE4321A23A83B0000D711E1 /* New Releases */ = {
			isa = PBXGroup;
			children = (
				1E601C4E23A8B45F00A25FCD /* Cell */,
				1E601C5323A8B77900A25FCD /* NewReleasesCoordinator.swift */,
				1E601C4823A8AF0200A25FCD /* NewReleasesViewModel.swift */,
				1E601C5123A8B5AA00A25FCD /* NewReleasesViewController.swift */,
				1E0BB30B23A95CCD00A8741B /* Edit Portfolio */,
				1EAB948B238F161200C45AD4 /* Add Artists */,
			);
			path = "New Releases";
			sourceTree = "<group>";
		};
		1EEDC1172398017900D6B06B /* Cell */ = {
			isa = PBXGroup;
			children = (
				1E4D054F2397F3DD00EE4EEA /* ArtistCollectionCell.swift */,
				1EEDC1182398018400D6B06B /* ArtistCollectionCellViewModel.swift */,
			);
			path = Cell;
			sourceTree = "<group>";
		};
		1EF44CB82399FA8500D9E1F5 /* State */ = {
			isa = PBXGroup;
			children = (
				1EBDF99B239602DB00325E7F /* TopArtistsViewControllerState.swift */,
				1ED16E27239CB3E90012DAA1 /* TopTracksViewControllerState.swift */,
				1E7DA2E523A716CB0045FE17 /* UserPortfolioState.swift */,
			);
			path = State;
			sourceTree = "<group>";
		};
		C65A3C24A672FA67A86509B2 /* Pods */ = {
			isa = PBXGroup;
			children = (
				198F25C34363CC8722DFB300 /* Pods-SpotifyDaily.debug.xcconfig */,
				F90DD166B2BAE744029B1CE9 /* Pods-SpotifyDaily.release.xcconfig */,
				D5E444B7BEE18E14E5C9048C /* Pods-SpotifyDaily-SpotifyDailyTests.debug.xcconfig */,
				F126193B44842853E9E314E5 /* Pods-SpotifyDaily-SpotifyDailyTests.release.xcconfig */,
			);
			path = Pods;
			sourceTree = "<group>";
		};
		E63FCB5763EE7C5960C238D8 /* Frameworks */ = {
			isa = PBXGroup;
			children = (
				1EC15DF92395D7DE0058A4B1 /* RxSwift.framework */,
				E8CC02E396098B17CEAB7D17 /* Pods_SpotifyDaily.framework */,
				1948A5420E2E2FE1B69A8A11 /* Pods_SpotifyDaily_SpotifyDailyTests.framework */,
			);
			name = Frameworks;
			sourceTree = "<group>";
		};
/* End PBXGroup section */

/* Begin PBXNativeTarget section */
		1E022BD2238B5888007D2EE6 /* SpotifyDaily */ = {
			isa = PBXNativeTarget;
			buildConfigurationList = 1E022BE7238B5888007D2EE6 /* Build configuration list for PBXNativeTarget "SpotifyDaily" */;
			buildPhases = (
				A266C5A8335B6CD46FC1A0C8 /* [CP] Check Pods Manifest.lock */,
				1E022BCF238B5888007D2EE6 /* Sources */,
				1E022BD0238B5888007D2EE6 /* Frameworks */,
				1E022BD1238B5888007D2EE6 /* Resources */,
				1F2C0F90ED37FC4A30ACDB8B /* [CP] Embed Pods Frameworks */,
			);
			buildRules = (
			);
			dependencies = (
			);
			name = SpotifyDaily;
			productName = SpotifyDaily;
			productReference = 1E022BD3238B5888007D2EE6 /* SpotifyDaily.app */;
			productType = "com.apple.product-type.application";
		};
/* End PBXNativeTarget section */

/* Begin PBXProject section */
		1E022BCB238B5888007D2EE6 /* Project object */ = {
			isa = PBXProject;
			attributes = {
				LastSwiftUpdateCheck = 1120;
				LastUpgradeCheck = 1120;
				ORGANIZATIONNAME = "Kevin Li";
				TargetAttributes = {
					1E022BD2238B5888007D2EE6 = {
						CreatedOnToolsVersion = 11.2.1;
					};
				};
			};
			buildConfigurationList = 1E022BCE238B5888007D2EE6 /* Build configuration list for PBXProject "SpotifyDaily" */;
			compatibilityVersion = "Xcode 9.3";
			developmentRegion = en;
			hasScannedForEncodings = 0;
			knownRegions = (
				en,
				Base,
			);
			mainGroup = 1E022BCA238B5888007D2EE6;
			productRefGroup = 1E022BD4238B5888007D2EE6 /* Products */;
			projectDirPath = "";
			projectRoot = "";
			targets = (
				1E022BD2238B5888007D2EE6 /* SpotifyDaily */,
			);
		};
/* End PBXProject section */

/* Begin PBXResourcesBuildPhase section */
		1E022BD1238B5888007D2EE6 /* Resources */ = {
			isa = PBXResourcesBuildPhase;
			buildActionMask = 2147483647;
			files = (
				1E022BE3238B5888007D2EE6 /* LaunchScreen.storyboard in Resources */,
				1E022BE0238B5888007D2EE6 /* Assets.xcassets in Resources */,
			);
			runOnlyForDeploymentPostprocessing = 0;
		};
/* End PBXResourcesBuildPhase section */

/* Begin PBXShellScriptBuildPhase section */
		1F2C0F90ED37FC4A30ACDB8B /* [CP] Embed Pods Frameworks */ = {
			isa = PBXShellScriptBuildPhase;
			buildActionMask = 2147483647;
			files = (
			);
			inputFileListPaths = (
				"${PODS_ROOT}/Target Support Files/Pods-SpotifyDaily/Pods-SpotifyDaily-frameworks-${CONFIGURATION}-input-files.xcfilelist",
			);
			name = "[CP] Embed Pods Frameworks";
			outputFileListPaths = (
				"${PODS_ROOT}/Target Support Files/Pods-SpotifyDaily/Pods-SpotifyDaily-frameworks-${CONFIGURATION}-output-files.xcfilelist",
			);
			runOnlyForDeploymentPostprocessing = 0;
			shellPath = /bin/sh;
			shellScript = "\"${PODS_ROOT}/Target Support Files/Pods-SpotifyDaily/Pods-SpotifyDaily-frameworks.sh\"\n";
			showEnvVarsInLog = 0;
		};
		A266C5A8335B6CD46FC1A0C8 /* [CP] Check Pods Manifest.lock */ = {
			isa = PBXShellScriptBuildPhase;
			buildActionMask = 2147483647;
			files = (
			);
			inputFileListPaths = (
			);
			inputPaths = (
				"${PODS_PODFILE_DIR_PATH}/Podfile.lock",
				"${PODS_ROOT}/Manifest.lock",
			);
			name = "[CP] Check Pods Manifest.lock";
			outputFileListPaths = (
			);
			outputPaths = (
				"$(DERIVED_FILE_DIR)/Pods-SpotifyDaily-checkManifestLockResult.txt",
			);
			runOnlyForDeploymentPostprocessing = 0;
			shellPath = /bin/sh;
			shellScript = "diff \"${PODS_PODFILE_DIR_PATH}/Podfile.lock\" \"${PODS_ROOT}/Manifest.lock\" > /dev/null\nif [ $? != 0 ] ; then\n    # print error to STDERR\n    echo \"error: The sandbox is not in sync with the Podfile.lock. Run 'pod install' or update your CocoaPods installation.\" >&2\n    exit 1\nfi\n# This output is used by Xcode 'outputs' to avoid re-running this script phase.\necho \"SUCCESS\" > \"${SCRIPT_OUTPUT_FILE_0}\"\n";
			showEnvVarsInLog = 0;
		};
/* End PBXShellScriptBuildPhase section */

/* Begin PBXSourcesBuildPhase section */
		1E022BCF238B5888007D2EE6 /* Sources */ = {
			isa = PBXSourcesBuildPhase;
			buildActionMask = 2147483647;
			files = (
				1E1109342395972300C3BD21 /* URL+Queries.swift in Sources */,
				1E86B42223980C1B00582D6E /* TopArtistsCollectionViewController.swift in Sources */,
				1EA8FDAB2391866A00498AA6 /* DrawerMenuCoordinator.swift in Sources */,
				1EB830D6238CE37400C002DA /* DashboardCoordinator.swift in Sources */,
				1EB8884C239DFEC600DE3731 /* RecentlyPlayedTracksEndpointResponse.swift in Sources */,
				1EC982FC239EA831004BF1B8 /* RecentlyPlayedCellViewModel.swift in Sources */,
				1E11093023956F6D00C3BD21 /* TopArtistsEndpointResponse.swift in Sources */,
				1EA8FDAD2391868100498AA6 /* DrawerMenuViewModel.swift in Sources */,
				1EC2A131239168BA006E5E96 /* DataManager.swift in Sources */,
				1EB830D4238CC97E00C002DA /* DashboardViewController.swift in Sources */,
				1E022BDB238B5888007D2EE6 /* SignInViewController.swift in Sources */,
				1E43D77323A5E7ED000CF906 /* SearchArtistCellViewModel.swift in Sources */,
				1EC2A16623917624006E5E96 /* User.swift in Sources */,
				1EC2A17223917624006E5E96 /* SafariService.swift in Sources */,
				1EC2A17423917D39006E5E96 /* SignInViewModel.swift in Sources */,
				1EDB2F4C239CC2D900B5D099 /* TopTracksCollectionCoordinator.swift in Sources */,
				1EC2A13C23916E5D006E5E96 /* DataKeys.swift in Sources */,
				1EC2A16523917624006E5E96 /* URLBuilder.swift in Sources */,
				1EDD2EEC23AAA79E007D7213 /* Album.swift in Sources */,
				1EDB2F48239CBA5D00B5D099 /* TopTracksEndpointResponse.swift in Sources */,
				1EDB2F46239CB5C600B5D099 /* TrackCollectionCell.swift in Sources */,
				1EC2A16823917624006E5E96 /* SpotifyLoginButton.swift in Sources */,
				1EEDC1192398018400D6B06B /* ArtistCollectionCellViewModel.swift in Sources */,
				1E100DF12393444C00DE0291 /* SettingsRootView.swift in Sources */,
				1E0BB31423A96BA500A8741B /* EditPortfolioViewController.swift in Sources */,
				1E9CD1F023A1B07C00A342B4 /* UICollectionView+DefaultConfiguration.swift in Sources */,
				1EC2A12E23916861006E5E96 /* SessionService.swift in Sources */,
				1E601C5423A8B77900A25FCD /* NewReleasesCoordinator.swift in Sources */,
				1E86B42423980C9500582D6E /* BindableType.swift in Sources */,
				1E022BD7238B5888007D2EE6 /* AppDelegate.swift in Sources */,
				1E896A64238C27F000C745F0 /* AppCoordinator.swift in Sources */,
				1EC2A16C23917624006E5E96 /* SafariDelegate.swift in Sources */,
				1E0BB31023A95E3000A8741B /* EditPortfolioCellViewModel.swift in Sources */,
				1EAB9487238F083900C45AD4 /* UIImage+Additions.swift in Sources */,
				1EDD2EEE23AAAFC1007D7213 /* AlbumTracksEndpointResponse.swift in Sources */,
				1E271FAB239B0C570017AF7D /* UILabel+DefaultConfiguration.swift in Sources */,
				1EB88850239E04AF00DE3731 /* String+Additions.swift in Sources */,
				1EB8884E239E037300DE3731 /* RecentlyPlayedTrack.swift in Sources */,
				1E7488F12398CEC500798BD0 /* TopArtistsCollectionCoordinator.swift in Sources */,
				1E356505238EC9D200C407F1 /* SettingsCoordinator.swift in Sources */,
				1E9D40A123A5CFA100E8CD33 /* UITableView+DefaultConfiguration.swift in Sources */,
				1E583A0423909E0200DC033F /* ViewControllerUtils.swift in Sources */,
				1E0BB30823A9563300A8741B /* ArtistAlbumsResponseEndpoint.swift in Sources */,
				1E0BB31223A9605800A8741B /* EditPortfolioViewModel.swift in Sources */,
				1E37D9522391E1680047613B /* ProfileEndpointResponse.swift in Sources */,
				1EC2A13523916D33006E5E96 /* Json.swift in Sources */,
				1E583A0223901D5B00DC033F /* Logger.swift in Sources */,
				1EA684B223A33C0F001BD6F4 /* StartupViewController.swift in Sources */,
				1E7129E8239B0B12007F538B /* ColorPreference.swift in Sources */,
				1EC2A13823916D86006E5E96 /* Data+Json.swift in Sources */,
				1EC2A16E23917624006E5E96 /* Session.swift in Sources */,
				1EDB2F4A239CBF8B00B5D099 /* TimeInterval+Int+Additions.swift in Sources */,
				1E271FA9239B0C350017AF7D /* UISegmentedControl+DefaultConfiguration.swift in Sources */,
				1EC67AA2239EAC530030CB00 /* ArtistEndpointResponse.swift in Sources */,
				1EA8FDB82391AC8700498AA6 /* Container+RegisterDependencies.swift in Sources */,
				1E0BB31623A9888200A8741B /* EditPortfolioCoordinator.swift in Sources */,
				1EBDF99C239602DB00325E7F /* TopArtistsViewControllerState.swift in Sources */,
				1EC2A16923917624006E5E96 /* Networking.swift in Sources */,
				1EA8FDBE2391AD2100498AA6 /* Container+Coordinators.swift in Sources */,
				1E0C077223A0357000820B87 /* RecentlyPlayedTracksCoordinator.swift in Sources */,
				1E356507238ED3D000C407F1 /* UIImageView+Additions.swift in Sources */,
				1EA8FDBC2391AD0100498AA6 /* Container+ViewModels.swift in Sources */,
				1EB60BB123917FE6001DA148 /* DashboardViewModel.swift in Sources */,
				1EA8FDA82391843400498AA6 /* ViewControllerWithSideMenu.swift in Sources */,
				1EAB948D238F164B00C45AD4 /* AddArtistsViewController.swift in Sources */,
				1EC2A16B23917624006E5E96 /* SpotifyLogin.swift in Sources */,
				1E896A6A238C2A8D00C745F0 /* SignInCoordinator.swift in Sources */,
				1EA8FDC02391AD4000498AA6 /* AddArtistsViewModel.swift in Sources */,
				1EDB2F52239CC54A00B5D099 /* TopTracksCollectionViewController.swift in Sources */,
				1E601C4923A8AF0200A25FCD /* NewReleasesViewModel.swift in Sources */,
				1E0BB30E23A95D2400A8741B /* EditPortfolioCell.swift in Sources */,
				1ED16E28239CB3E90012DAA1 /* TopTracksViewControllerState.swift in Sources */,
				1EDB2F50239CC46A00B5D099 /* TopTracksCollectionViewModel.swift in Sources */,
				1EA8FDC22391AD4A00498AA6 /* SettingsViewModel.swift in Sources */,
				1E0F403E23A7109C00ABFB3E /* ArtistSearchEndpointResponse.swift in Sources */,
				1EC2A133239169EA006E5E96 /* UserDataManager.swift in Sources */,
				1E896A68238C29F400C745F0 /* BaseCoordinator.swift in Sources */,
				1E86B42623980D5300582D6E /* TopArtistsCollectionViewModel.swift in Sources */,
				1E43D77123A5E5B7000CF906 /* SearchArtistCell.swift in Sources */,
				1ED16E26239CB2DC0012DAA1 /* Track.swift in Sources */,
				1E601C5223A8B5AA00A25FCD /* NewReleasesViewController.swift in Sources */,
				1EC2A129239166B5006E5E96 /* Token.swift in Sources */,
				1E601C5023A8B47D00A25FCD /* NewTrackCell.swift in Sources */,
				1E7129E6239B0653007F538B /* UIViewController+Present.swift in Sources */,
				1EA8FDAF2391869300498AA6 /* DrawerMenuViewController.swift in Sources */,
				1E11093223958B9E00C3BD21 /* Artist.swift in Sources */,
				1E0C077023A030BB00820B87 /* RecentlyPlayedTracksViewController.swift in Sources */,
				1EC67AA0239EA9120030CB00 /* RecentlyPlayedTracksViewModel.swift in Sources */,
				1E896A62238C246400C745F0 /* UIColor+Additions.swift in Sources */,
				1EA8FDBA2391AC9500498AA6 /* Container+Services.swift in Sources */,
				1E86B428239810BA00582D6E /* ObservableType+Extras.swift in Sources */,
				1E601C4B23A8B26900A25FCD /* NewTracksCellViewModel.swift in Sources */,
				1E4661D923A1F51F00D5DECA /* UIFont+Helvetica.swift in Sources */,
				1ED16E24239CB28E0012DAA1 /* TrackCollectionCellViewModel.swift in Sources */,
				1EB60BB323918085001DA148 /* BaseNavigationController.swift in Sources */,
				1EC2A16D23917624006E5E96 /* Scope.swift in Sources */,
				1E4661D523A1C95800D5DECA /* UIButton+RightDisclosure.swift in Sources */,
				1E601C4D23A8B32C00A25FCD /* NewTrack.swift in Sources */,
				1E3AFA75238F1B4C00FAD3E6 /* AddArtistsCoordinator.swift in Sources */,
				1EC982FA239EA2A8004BF1B8 /* Date+Formatter+Additions.swift in Sources */,
				1EC982F8239E9391004BF1B8 /* RecentlyPlayedCell.swift in Sources */,
				1E526AAA23945BA4005F09E8 /* Configuration.swift in Sources */,
				1E4D05502397F3DD00EE4EEA /* ArtistCollectionCell.swift in Sources */,
				1E7DA2E623A716CB0045FE17 /* UserPortfolioState.swift in Sources */,
				1EA8FDB12391875500498AA6 /* DrawerMenuScreen.swift in Sources */,
				1EC2A13A23916DC9006E5E96 /* Encodable+Json.swift in Sources */,
				1EC2A12723916547006E5E96 /* SignInResponse.swift in Sources */,
				1E3759A4238D7B0F00928EDD /* SettingsViewController.swift in Sources */,
				1E37D9542391E19C0047613B /* TokenEndpointResponse.swift in Sources */,
			);
			runOnlyForDeploymentPostprocessing = 0;
		};
/* End PBXSourcesBuildPhase section */

/* Begin PBXVariantGroup section */
		1E022BE1238B5888007D2EE6 /* LaunchScreen.storyboard */ = {
			isa = PBXVariantGroup;
			children = (
				1E022BE2238B5888007D2EE6 /* Base */,
			);
			name = LaunchScreen.storyboard;
			sourceTree = "<group>";
		};
/* End PBXVariantGroup section */

/* Begin XCBuildConfiguration section */
		1E022BE5238B5888007D2EE6 /* Debug */ = {
			isa = XCBuildConfiguration;
			buildSettings = {
				ALWAYS_SEARCH_USER_PATHS = NO;
				CLANG_ANALYZER_NONNULL = YES;
				CLANG_ANALYZER_NUMBER_OBJECT_CONVERSION = YES_AGGRESSIVE;
				CLANG_CXX_LANGUAGE_STANDARD = "gnu++14";
				CLANG_CXX_LIBRARY = "libc++";
				CLANG_ENABLE_MODULES = YES;
				CLANG_ENABLE_OBJC_ARC = YES;
				CLANG_ENABLE_OBJC_WEAK = YES;
				CLANG_WARN_BLOCK_CAPTURE_AUTORELEASING = YES;
				CLANG_WARN_BOOL_CONVERSION = YES;
				CLANG_WARN_COMMA = YES;
				CLANG_WARN_CONSTANT_CONVERSION = YES;
				CLANG_WARN_DEPRECATED_OBJC_IMPLEMENTATIONS = YES;
				CLANG_WARN_DIRECT_OBJC_ISA_USAGE = YES_ERROR;
				CLANG_WARN_DOCUMENTATION_COMMENTS = YES;
				CLANG_WARN_EMPTY_BODY = YES;
				CLANG_WARN_ENUM_CONVERSION = YES;
				CLANG_WARN_INFINITE_RECURSION = YES;
				CLANG_WARN_INT_CONVERSION = YES;
				CLANG_WARN_NON_LITERAL_NULL_CONVERSION = YES;
				CLANG_WARN_OBJC_IMPLICIT_RETAIN_SELF = YES;
				CLANG_WARN_OBJC_LITERAL_CONVERSION = YES;
				CLANG_WARN_OBJC_ROOT_CLASS = YES_ERROR;
				CLANG_WARN_RANGE_LOOP_ANALYSIS = YES;
				CLANG_WARN_STRICT_PROTOTYPES = YES;
				CLANG_WARN_SUSPICIOUS_MOVE = YES;
				CLANG_WARN_UNGUARDED_AVAILABILITY = YES_AGGRESSIVE;
				CLANG_WARN_UNREACHABLE_CODE = YES;
				CLANG_WARN__DUPLICATE_METHOD_MATCH = YES;
				COPY_PHASE_STRIP = NO;
				DEBUG_INFORMATION_FORMAT = dwarf;
				ENABLE_STRICT_OBJC_MSGSEND = YES;
				ENABLE_TESTABILITY = YES;
				GCC_C_LANGUAGE_STANDARD = gnu11;
				GCC_DYNAMIC_NO_PIC = NO;
				GCC_NO_COMMON_BLOCKS = YES;
				GCC_OPTIMIZATION_LEVEL = 0;
				GCC_PREPROCESSOR_DEFINITIONS = (
					"DEBUG=1",
					"$(inherited)",
				);
				GCC_WARN_64_TO_32_BIT_CONVERSION = YES;
				GCC_WARN_ABOUT_RETURN_TYPE = YES_ERROR;
				GCC_WARN_UNDECLARED_SELECTOR = YES;
				GCC_WARN_UNINITIALIZED_AUTOS = YES_AGGRESSIVE;
				GCC_WARN_UNUSED_FUNCTION = YES;
				GCC_WARN_UNUSED_VARIABLE = YES;
				INFOPLIST_FILE = /Users/kevinli/Documents/PersonalProjects/iOS/SpotifyDaily/SpotifyDaily/Info.plist;
				IPHONEOS_DEPLOYMENT_TARGET = 13.2;
				MTL_ENABLE_DEBUG_INFO = INCLUDE_SOURCE;
				MTL_FAST_MATH = YES;
				ONLY_ACTIVE_ARCH = YES;
				OTHER_LDFLAGS = "-ObjC";
				SDKROOT = iphoneos;
				SWIFT_ACTIVE_COMPILATION_CONDITIONS = DEBUG;
				SWIFT_OPTIMIZATION_LEVEL = "-Onone";
			};
			name = Debug;
		};
		1E022BE6238B5888007D2EE6 /* Release */ = {
			isa = XCBuildConfiguration;
			buildSettings = {
				ALWAYS_SEARCH_USER_PATHS = NO;
				CLANG_ANALYZER_NONNULL = YES;
				CLANG_ANALYZER_NUMBER_OBJECT_CONVERSION = YES_AGGRESSIVE;
				CLANG_CXX_LANGUAGE_STANDARD = "gnu++14";
				CLANG_CXX_LIBRARY = "libc++";
				CLANG_ENABLE_MODULES = YES;
				CLANG_ENABLE_OBJC_ARC = YES;
				CLANG_ENABLE_OBJC_WEAK = YES;
				CLANG_WARN_BLOCK_CAPTURE_AUTORELEASING = YES;
				CLANG_WARN_BOOL_CONVERSION = YES;
				CLANG_WARN_COMMA = YES;
				CLANG_WARN_CONSTANT_CONVERSION = YES;
				CLANG_WARN_DEPRECATED_OBJC_IMPLEMENTATIONS = YES;
				CLANG_WARN_DIRECT_OBJC_ISA_USAGE = YES_ERROR;
				CLANG_WARN_DOCUMENTATION_COMMENTS = YES;
				CLANG_WARN_EMPTY_BODY = YES;
				CLANG_WARN_ENUM_CONVERSION = YES;
				CLANG_WARN_INFINITE_RECURSION = YES;
				CLANG_WARN_INT_CONVERSION = YES;
				CLANG_WARN_NON_LITERAL_NULL_CONVERSION = YES;
				CLANG_WARN_OBJC_IMPLICIT_RETAIN_SELF = YES;
				CLANG_WARN_OBJC_LITERAL_CONVERSION = YES;
				CLANG_WARN_OBJC_ROOT_CLASS = YES_ERROR;
				CLANG_WARN_RANGE_LOOP_ANALYSIS = YES;
				CLANG_WARN_STRICT_PROTOTYPES = YES;
				CLANG_WARN_SUSPICIOUS_MOVE = YES;
				CLANG_WARN_UNGUARDED_AVAILABILITY = YES_AGGRESSIVE;
				CLANG_WARN_UNREACHABLE_CODE = YES;
				CLANG_WARN__DUPLICATE_METHOD_MATCH = YES;
				COPY_PHASE_STRIP = NO;
				DEBUG_INFORMATION_FORMAT = "dwarf-with-dsym";
				ENABLE_NS_ASSERTIONS = NO;
				ENABLE_STRICT_OBJC_MSGSEND = YES;
				GCC_C_LANGUAGE_STANDARD = gnu11;
				GCC_NO_COMMON_BLOCKS = YES;
				GCC_WARN_64_TO_32_BIT_CONVERSION = YES;
				GCC_WARN_ABOUT_RETURN_TYPE = YES_ERROR;
				GCC_WARN_UNDECLARED_SELECTOR = YES;
				GCC_WARN_UNINITIALIZED_AUTOS = YES_AGGRESSIVE;
				GCC_WARN_UNUSED_FUNCTION = YES;
				GCC_WARN_UNUSED_VARIABLE = YES;
				INFOPLIST_FILE = /Users/kevinli/Documents/PersonalProjects/iOS/SpotifyDaily/SpotifyDaily/Info.plist;
				IPHONEOS_DEPLOYMENT_TARGET = 13.2;
				MTL_ENABLE_DEBUG_INFO = NO;
				MTL_FAST_MATH = YES;
				OTHER_LDFLAGS = "-ObjC";
				SDKROOT = iphoneos;
				SWIFT_COMPILATION_MODE = wholemodule;
				SWIFT_OPTIMIZATION_LEVEL = "-O";
				VALIDATE_PRODUCT = YES;
			};
			name = Release;
		};
		1E022BE8238B5888007D2EE6 /* Debug */ = {
			isa = XCBuildConfiguration;
			baseConfigurationReference = 198F25C34363CC8722DFB300 /* Pods-SpotifyDaily.debug.xcconfig */;
			buildSettings = {
				ALWAYS_EMBED_SWIFT_STANDARD_LIBRARIES = "$(inherited)";
				ASSETCATALOG_COMPILER_APPICON_NAME = AppIcon;
				CODE_SIGN_STYLE = Automatic;
				DEVELOPMENT_TEAM = "";
				FRAMEWORK_SEARCH_PATHS = (
					"$(inherited)",
					"$(PROJECT_DIR)",
				);
				INFOPLIST_FILE = SpotifyDaily/Info.plist;
				IPHONEOS_DEPLOYMENT_TARGET = 12.0;
				LD_RUNPATH_SEARCH_PATHS = (
					"$(inherited)",
					"@executable_path/Frameworks",
				);
				OTHER_LDFLAGS = "$(inherited)";
				PRODUCT_BUNDLE_IDENTIFIER = com.kevinli.SpotifyDaily;
				PRODUCT_NAME = "$(TARGET_NAME)";
				SWIFT_OBJC_BRIDGING_HEADER = "";
				SWIFT_VERSION = 5.0;
				TARGETED_DEVICE_FAMILY = "1,2";
			};
			name = Debug;
		};
		1E022BE9238B5888007D2EE6 /* Release */ = {
			isa = XCBuildConfiguration;
			baseConfigurationReference = F90DD166B2BAE744029B1CE9 /* Pods-SpotifyDaily.release.xcconfig */;
			buildSettings = {
				ALWAYS_EMBED_SWIFT_STANDARD_LIBRARIES = "$(inherited)";
				ASSETCATALOG_COMPILER_APPICON_NAME = AppIcon;
				CODE_SIGN_STYLE = Automatic;
				DEVELOPMENT_TEAM = "";
				FRAMEWORK_SEARCH_PATHS = (
					"$(inherited)",
					"$(PROJECT_DIR)",
				);
				INFOPLIST_FILE = SpotifyDaily/Info.plist;
				IPHONEOS_DEPLOYMENT_TARGET = 12.0;
				LD_RUNPATH_SEARCH_PATHS = (
					"$(inherited)",
					"@executable_path/Frameworks",
				);
				OTHER_LDFLAGS = "$(inherited)";
				PRODUCT_BUNDLE_IDENTIFIER = com.kevinli.SpotifyDaily;
				PRODUCT_NAME = "$(TARGET_NAME)";
				SWIFT_OBJC_BRIDGING_HEADER = "";
				SWIFT_VERSION = 5.0;
				TARGETED_DEVICE_FAMILY = "1,2";
			};
			name = Release;
		};
/* End XCBuildConfiguration section */

/* Begin XCConfigurationList section */
		1E022BCE238B5888007D2EE6 /* Build configuration list for PBXProject "SpotifyDaily" */ = {
			isa = XCConfigurationList;
			buildConfigurations = (
				1E022BE5238B5888007D2EE6 /* Debug */,
				1E022BE6238B5888007D2EE6 /* Release */,
			);
			defaultConfigurationIsVisible = 0;
			defaultConfigurationName = Release;
		};
		1E022BE7238B5888007D2EE6 /* Build configuration list for PBXNativeTarget "SpotifyDaily" */ = {
			isa = XCConfigurationList;
			buildConfigurations = (
				1E022BE8238B5888007D2EE6 /* Debug */,
				1E022BE9238B5888007D2EE6 /* Release */,
			);
			defaultConfigurationIsVisible = 0;
			defaultConfigurationName = Release;
		};
/* End XCConfigurationList section */
	};
	rootObject = 1E022BCB238B5888007D2EE6 /* Project object */;
}
