// !$*UTF8*$!
{
	archiveVersion = 1;
	classes = {
	};
	objectVersion = 51;
	objects = {

/* Begin PBXBuildFile section */
		1E022BD7238B5888007D2EE6 /* AppDelegate.swift in Sources */ = {isa = PBXBuildFile; fileRef = 1E022BD6238B5888007D2EE6 /* AppDelegate.swift */; };
		1E022BDB238B5888007D2EE6 /* LoginViewController.swift in Sources */ = {isa = PBXBuildFile; fileRef = 1E022BDA238B5888007D2EE6 /* LoginViewController.swift */; };
		1E022BE0238B5888007D2EE6 /* Assets.xcassets in Resources */ = {isa = PBXBuildFile; fileRef = 1E022BDF238B5888007D2EE6 /* Assets.xcassets */; };
		1E022BE3238B5888007D2EE6 /* LaunchScreen.storyboard in Resources */ = {isa = PBXBuildFile; fileRef = 1E022BE1238B5888007D2EE6 /* LaunchScreen.storyboard */; };
		1E356505238EC9D200C407F1 /* SettingsCoordinator.swift in Sources */ = {isa = PBXBuildFile; fileRef = 1E356504238EC9D200C407F1 /* SettingsCoordinator.swift */; };
		1E356507238ED3D000C407F1 /* UIImageView+Additions.swift in Sources */ = {isa = PBXBuildFile; fileRef = 1E356506238ED3D000C407F1 /* UIImageView+Additions.swift */; };
		1E356511238ED53A00C407F1 /* SpotifyDailyTests.swift in Sources */ = {isa = PBXBuildFile; fileRef = 1E356510238ED53A00C407F1 /* SpotifyDailyTests.swift */; };
		1E3759A4238D7B0F00928EDD /* SettingsViewController.swift in Sources */ = {isa = PBXBuildFile; fileRef = 1E3759A3238D7B0F00928EDD /* SettingsViewController.swift */; };
		1E3AFA72238F197100FAD3E6 /* MainCoordinator.swift in Sources */ = {isa = PBXBuildFile; fileRef = 1E3AFA71238F197100FAD3E6 /* MainCoordinator.swift */; };
		1E3AFA75238F1B4C00FAD3E6 /* RecommendationsCoordinator.swift in Sources */ = {isa = PBXBuildFile; fileRef = 1E3AFA74238F1B4C00FAD3E6 /* RecommendationsCoordinator.swift */; };
		1E896A62238C246400C745F0 /* UIColor+Additions.swift in Sources */ = {isa = PBXBuildFile; fileRef = 1E896A61238C246400C745F0 /* UIColor+Additions.swift */; };
		1E896A64238C27F000C745F0 /* AppCoordinator.swift in Sources */ = {isa = PBXBuildFile; fileRef = 1E896A63238C27F000C745F0 /* AppCoordinator.swift */; };
		1E896A68238C29F400C745F0 /* BaseCoordinator.swift in Sources */ = {isa = PBXBuildFile; fileRef = 1E896A67238C29F400C745F0 /* BaseCoordinator.swift */; };
		1E896A6A238C2A8D00C745F0 /* SignInCoordinator.swift in Sources */ = {isa = PBXBuildFile; fileRef = 1E896A69238C2A8D00C745F0 /* SignInCoordinator.swift */; };
		1EAB9487238F083900C45AD4 /* UIImage+Additions.swift in Sources */ = {isa = PBXBuildFile; fileRef = 1EAB9486238F083900C45AD4 /* UIImage+Additions.swift */; };
		1EAB9489238F15CC00C45AD4 /* MainTabBarController.swift in Sources */ = {isa = PBXBuildFile; fileRef = 1EAB9488238F15CC00C45AD4 /* MainTabBarController.swift */; };
		1EAB948D238F164B00C45AD4 /* RecommendationsViewController.swift in Sources */ = {isa = PBXBuildFile; fileRef = 1EAB948C238F164B00C45AD4 /* RecommendationsViewController.swift */; };
		1EB830D4238CC97E00C002DA /* DashboardViewController.swift in Sources */ = {isa = PBXBuildFile; fileRef = 1EB830D3238CC97E00C002DA /* DashboardViewController.swift */; };
		1EB830D6238CE37400C002DA /* DashboardCoordinator.swift in Sources */ = {isa = PBXBuildFile; fileRef = 1EB830D5238CE37400C002DA /* DashboardCoordinator.swift */; };
		750AE71E376491629780F577 /* Pods_SpotifyDaily.framework in Frameworks */ = {isa = PBXBuildFile; fileRef = 80944179D3EB853F2CAC1487 /* Pods_SpotifyDaily.framework */; };
/* End PBXBuildFile section */

/* Begin PBXContainerItemProxy section */
		1E356513238ED53A00C407F1 /* PBXContainerItemProxy */ = {
			isa = PBXContainerItemProxy;
			containerPortal = 1E022BCB238B5888007D2EE6 /* Project object */;
			proxyType = 1;
			remoteGlobalIDString = 1E022BD2238B5888007D2EE6;
			remoteInfo = SpotifyDaily;
		};
/* End PBXContainerItemProxy section */

/* Begin PBXFileReference section */
		0690C4734A0BF02C9DB10A7D /* Pods-SpotifyDaily.debug.xcconfig */ = {isa = PBXFileReference; includeInIndex = 1; lastKnownFileType = text.xcconfig; name = "Pods-SpotifyDaily.debug.xcconfig"; path = "Target Support Files/Pods-SpotifyDaily/Pods-SpotifyDaily.debug.xcconfig"; sourceTree = "<group>"; };
		1E022BD3238B5888007D2EE6 /* SpotifyDaily.app */ = {isa = PBXFileReference; explicitFileType = wrapper.application; includeInIndex = 0; path = SpotifyDaily.app; sourceTree = BUILT_PRODUCTS_DIR; };
		1E022BD6238B5888007D2EE6 /* AppDelegate.swift */ = {isa = PBXFileReference; lastKnownFileType = sourcecode.swift; path = AppDelegate.swift; sourceTree = "<group>"; };
		1E022BDA238B5888007D2EE6 /* LoginViewController.swift */ = {isa = PBXFileReference; lastKnownFileType = sourcecode.swift; path = LoginViewController.swift; sourceTree = "<group>"; };
		1E022BDF238B5888007D2EE6 /* Assets.xcassets */ = {isa = PBXFileReference; lastKnownFileType = folder.assetcatalog; path = Assets.xcassets; sourceTree = "<group>"; };
		1E022BE2238B5888007D2EE6 /* Base */ = {isa = PBXFileReference; lastKnownFileType = file.storyboard; name = Base; path = Base.lproj/LaunchScreen.storyboard; sourceTree = "<group>"; };
		1E022BE4238B5888007D2EE6 /* Info.plist */ = {isa = PBXFileReference; lastKnownFileType = text.plist.xml; path = Info.plist; sourceTree = "<group>"; };
		1E356504238EC9D200C407F1 /* SettingsCoordinator.swift */ = {isa = PBXFileReference; lastKnownFileType = sourcecode.swift; path = SettingsCoordinator.swift; sourceTree = "<group>"; };
		1E356506238ED3D000C407F1 /* UIImageView+Additions.swift */ = {isa = PBXFileReference; lastKnownFileType = sourcecode.swift; path = "UIImageView+Additions.swift"; sourceTree = "<group>"; };
		1E35650E238ED53A00C407F1 /* SpotifyDailyTests.xctest */ = {isa = PBXFileReference; explicitFileType = wrapper.cfbundle; includeInIndex = 0; path = SpotifyDailyTests.xctest; sourceTree = BUILT_PRODUCTS_DIR; };
		1E356510238ED53A00C407F1 /* SpotifyDailyTests.swift */ = {isa = PBXFileReference; lastKnownFileType = sourcecode.swift; path = SpotifyDailyTests.swift; sourceTree = "<group>"; };
		1E356512238ED53A00C407F1 /* Info.plist */ = {isa = PBXFileReference; lastKnownFileType = text.plist.xml; path = Info.plist; sourceTree = "<group>"; };
		1E3759A3238D7B0F00928EDD /* SettingsViewController.swift */ = {isa = PBXFileReference; lastKnownFileType = sourcecode.swift; path = SettingsViewController.swift; sourceTree = "<group>"; };
		1E3AFA71238F197100FAD3E6 /* MainCoordinator.swift */ = {isa = PBXFileReference; lastKnownFileType = sourcecode.swift; path = MainCoordinator.swift; sourceTree = "<group>"; };
		1E3AFA74238F1B4C00FAD3E6 /* RecommendationsCoordinator.swift */ = {isa = PBXFileReference; lastKnownFileType = sourcecode.swift; path = RecommendationsCoordinator.swift; sourceTree = "<group>"; };
		1E896A61238C246400C745F0 /* UIColor+Additions.swift */ = {isa = PBXFileReference; lastKnownFileType = sourcecode.swift; path = "UIColor+Additions.swift"; sourceTree = "<group>"; };
		1E896A63238C27F000C745F0 /* AppCoordinator.swift */ = {isa = PBXFileReference; lastKnownFileType = sourcecode.swift; path = AppCoordinator.swift; sourceTree = "<group>"; };
		1E896A67238C29F400C745F0 /* BaseCoordinator.swift */ = {isa = PBXFileReference; lastKnownFileType = sourcecode.swift; path = BaseCoordinator.swift; sourceTree = "<group>"; };
		1E896A69238C2A8D00C745F0 /* SignInCoordinator.swift */ = {isa = PBXFileReference; lastKnownFileType = sourcecode.swift; path = SignInCoordinator.swift; sourceTree = "<group>"; };
		1EAB9486238F083900C45AD4 /* UIImage+Additions.swift */ = {isa = PBXFileReference; lastKnownFileType = sourcecode.swift; path = "UIImage+Additions.swift"; sourceTree = "<group>"; };
		1EAB9488238F15CC00C45AD4 /* MainTabBarController.swift */ = {isa = PBXFileReference; lastKnownFileType = sourcecode.swift; path = MainTabBarController.swift; sourceTree = "<group>"; };
		1EAB948C238F164B00C45AD4 /* RecommendationsViewController.swift */ = {isa = PBXFileReference; lastKnownFileType = sourcecode.swift; path = RecommendationsViewController.swift; sourceTree = "<group>"; };
		1EB830D3238CC97E00C002DA /* DashboardViewController.swift */ = {isa = PBXFileReference; lastKnownFileType = sourcecode.swift; path = DashboardViewController.swift; sourceTree = "<group>"; };
		1EB830D5238CE37400C002DA /* DashboardCoordinator.swift */ = {isa = PBXFileReference; lastKnownFileType = sourcecode.swift; path = DashboardCoordinator.swift; sourceTree = "<group>"; };
		77127B0B306A5FA5FD8243FD /* Pods-SpotifyDaily.release.xcconfig */ = {isa = PBXFileReference; includeInIndex = 1; lastKnownFileType = text.xcconfig; name = "Pods-SpotifyDaily.release.xcconfig"; path = "Target Support Files/Pods-SpotifyDaily/Pods-SpotifyDaily.release.xcconfig"; sourceTree = "<group>"; };
		80944179D3EB853F2CAC1487 /* Pods_SpotifyDaily.framework */ = {isa = PBXFileReference; explicitFileType = wrapper.framework; includeInIndex = 0; path = Pods_SpotifyDaily.framework; sourceTree = BUILT_PRODUCTS_DIR; };
/* End PBXFileReference section */

/* Begin PBXFrameworksBuildPhase section */
		1E022BD0238B5888007D2EE6 /* Frameworks */ = {
			isa = PBXFrameworksBuildPhase;
			buildActionMask = 2147483647;
			files = (
				750AE71E376491629780F577 /* Pods_SpotifyDaily.framework in Frameworks */,
			);
			runOnlyForDeploymentPostprocessing = 0;
		};
		1E35650B238ED53A00C407F1 /* Frameworks */ = {
			isa = PBXFrameworksBuildPhase;
			buildActionMask = 2147483647;
			files = (
			);
			runOnlyForDeploymentPostprocessing = 0;
		};
/* End PBXFrameworksBuildPhase section */

/* Begin PBXGroup section */
		1E022BCA238B5888007D2EE6 = {
			isa = PBXGroup;
			children = (
				1E022BD5238B5888007D2EE6 /* SpotifyDaily */,
				1E022BEB238B5903007D2EE6 /* SpotifyDaily_iOS */,
				1E35650F238ED53A00C407F1 /* SpotifyDailyTests */,
				1E022BD4238B5888007D2EE6 /* Products */,
				C65A3C24A672FA67A86509B2 /* Pods */,
				E63FCB5763EE7C5960C238D8 /* Frameworks */,
			);
			sourceTree = "<group>";
		};
		1E022BD4238B5888007D2EE6 /* Products */ = {
			isa = PBXGroup;
			children = (
				1E022BD3238B5888007D2EE6 /* SpotifyDaily.app */,
				1E35650E238ED53A00C407F1 /* SpotifyDailyTests.xctest */,
			);
			name = Products;
			sourceTree = "<group>";
		};
		1E022BD5238B5888007D2EE6 /* SpotifyDaily */ = {
			isa = PBXGroup;
			children = (
				1E022BD6238B5888007D2EE6 /* AppDelegate.swift */,
				1E022BE1238B5888007D2EE6 /* LaunchScreen.storyboard */,
				1E022BDF238B5888007D2EE6 /* Assets.xcassets */,
				1E022BE4238B5888007D2EE6 /* Info.plist */,
			);
			path = SpotifyDaily;
			sourceTree = "<group>";
		};
		1E022BEB238B5903007D2EE6 /* SpotifyDaily_iOS */ = {
			isa = PBXGroup;
			children = (
				1E896A6E238C2CD900C745F0 /* Controllers */,
				1E896A6B238C2C8B00C745F0 /* Coordinators */,
				1E896A6F238C2CF200C745F0 /* Utils */,
			);
			path = SpotifyDaily_iOS;
			sourceTree = "<group>";
		};
		1E2A6BEF238F17FE0045A4D5 /* Main */ = {
			isa = PBXGroup;
			children = (
				1E3AFA71238F197100FAD3E6 /* MainCoordinator.swift */,
				1E3AFA73238F1B3700FAD3E6 /* Recommendations */,
				1EB830DA238CE7C500C002DA /* Dashboard */,
				1E356503238EC9BB00C407F1 /* Settings */,
			);
			path = Main;
			sourceTree = "<group>";
		};
		1E356503238EC9BB00C407F1 /* Settings */ = {
			isa = PBXGroup;
			children = (
				1E356504238EC9D200C407F1 /* SettingsCoordinator.swift */,
			);
			path = Settings;
			sourceTree = "<group>";
		};
		1E35650F238ED53A00C407F1 /* SpotifyDailyTests */ = {
			isa = PBXGroup;
			children = (
				1E356510238ED53A00C407F1 /* SpotifyDailyTests.swift */,
				1E356512238ED53A00C407F1 /* Info.plist */,
			);
			path = SpotifyDailyTests;
			sourceTree = "<group>";
		};
		1E3759A2238D7AFD00928EDD /* Settings */ = {
			isa = PBXGroup;
			children = (
				1E3759A3238D7B0F00928EDD /* SettingsViewController.swift */,
			);
			path = Settings;
			sourceTree = "<group>";
		};
		1E3AFA73238F1B3700FAD3E6 /* Recommendations */ = {
			isa = PBXGroup;
			children = (
				1E3AFA74238F1B4C00FAD3E6 /* RecommendationsCoordinator.swift */,
			);
			path = Recommendations;
			sourceTree = "<group>";
		};
		1E896A6B238C2C8B00C745F0 /* Coordinators */ = {
			isa = PBXGroup;
			children = (
				1EB830DB238CE7CE00C002DA /* App */,
				1EB830D9238CE7BB00C002DA /* Login */,
				1E2A6BEF238F17FE0045A4D5 /* Main */,
			);
			path = Coordinators;
			sourceTree = "<group>";
		};
		1E896A6E238C2CD900C745F0 /* Controllers */ = {
			isa = PBXGroup;
			children = (
				1EB830D7238CE79C00C002DA /* Login */,
				1EAB948A238F15F700C45AD4 /* Main */,
			);
			path = Controllers;
			sourceTree = "<group>";
		};
		1E896A6F238C2CF200C745F0 /* Utils */ = {
			isa = PBXGroup;
			children = (
				1E896A61238C246400C745F0 /* UIColor+Additions.swift */,
				1E356506238ED3D000C407F1 /* UIImageView+Additions.swift */,
				1EAB9486238F083900C45AD4 /* UIImage+Additions.swift */,
			);
			path = Utils;
			sourceTree = "<group>";
		};
		1EAB948A238F15F700C45AD4 /* Main */ = {
			isa = PBXGroup;
			children = (
				1EAB9488238F15CC00C45AD4 /* MainTabBarController.swift */,
				1EAB948B238F161200C45AD4 /* Recommendations */,
				1EB830D8238CE7A400C002DA /* Dashboard */,
				1E3759A2238D7AFD00928EDD /* Settings */,
			);
			path = Main;
			sourceTree = "<group>";
		};
		1EAB948B238F161200C45AD4 /* Recommendations */ = {
			isa = PBXGroup;
			children = (
				1EAB948C238F164B00C45AD4 /* RecommendationsViewController.swift */,
			);
			path = Recommendations;
			sourceTree = "<group>";
		};
		1EB830D7238CE79C00C002DA /* Login */ = {
			isa = PBXGroup;
			children = (
				1E022BDA238B5888007D2EE6 /* LoginViewController.swift */,
			);
			path = Login;
			sourceTree = "<group>";
		};
		1EB830D8238CE7A400C002DA /* Dashboard */ = {
			isa = PBXGroup;
			children = (
				1EB830D3238CC97E00C002DA /* DashboardViewController.swift */,
			);
			path = Dashboard;
			sourceTree = "<group>";
		};
		1EB830D9238CE7BB00C002DA /* Login */ = {
			isa = PBXGroup;
			children = (
				1E896A69238C2A8D00C745F0 /* SignInCoordinator.swift */,
			);
			path = Login;
			sourceTree = "<group>";
		};
		1EB830DA238CE7C500C002DA /* Dashboard */ = {
			isa = PBXGroup;
			children = (
				1EB830D5238CE37400C002DA /* DashboardCoordinator.swift */,
			);
			path = Dashboard;
			sourceTree = "<group>";
		};
		1EB830DB238CE7CE00C002DA /* App */ = {
			isa = PBXGroup;
			children = (
				1E896A67238C29F400C745F0 /* BaseCoordinator.swift */,
				1E896A63238C27F000C745F0 /* AppCoordinator.swift */,
			);
			path = App;
			sourceTree = "<group>";
		};
		C65A3C24A672FA67A86509B2 /* Pods */ = {
			isa = PBXGroup;
			children = (
				0690C4734A0BF02C9DB10A7D /* Pods-SpotifyDaily.debug.xcconfig */,
				77127B0B306A5FA5FD8243FD /* Pods-SpotifyDaily.release.xcconfig */,
			);
			path = Pods;
			sourceTree = "<group>";
		};
		E63FCB5763EE7C5960C238D8 /* Frameworks */ = {
			isa = PBXGroup;
			children = (
				80944179D3EB853F2CAC1487 /* Pods_SpotifyDaily.framework */,
			);
			name = Frameworks;
			sourceTree = "<group>";
		};
/* End PBXGroup section */

/* Begin PBXNativeTarget section */
		1E022BD2238B5888007D2EE6 /* SpotifyDaily */ = {
			isa = PBXNativeTarget;
			buildConfigurationList = 1E022BE7238B5888007D2EE6 /* Build configuration list for PBXNativeTarget "SpotifyDaily" */;
			buildPhases = (
				E0A66B216CD24DEE53486C99 /* [CP] Check Pods Manifest.lock */,
				1E022BCF238B5888007D2EE6 /* Sources */,
				1E022BD0238B5888007D2EE6 /* Frameworks */,
				1E022BD1238B5888007D2EE6 /* Resources */,
				7F71F44A17551036986E6C65 /* [CP] Embed Pods Frameworks */,
			);
			buildRules = (
			);
			dependencies = (
			);
			name = SpotifyDaily;
			productName = SpotifyDaily;
			productReference = 1E022BD3238B5888007D2EE6 /* SpotifyDaily.app */;
			productType = "com.apple.product-type.application";
		};
		1E35650D238ED53A00C407F1 /* SpotifyDailyTests */ = {
			isa = PBXNativeTarget;
			buildConfigurationList = 1E356515238ED53A00C407F1 /* Build configuration list for PBXNativeTarget "SpotifyDailyTests" */;
			buildPhases = (
				1E35650A238ED53A00C407F1 /* Sources */,
				1E35650B238ED53A00C407F1 /* Frameworks */,
				1E35650C238ED53A00C407F1 /* Resources */,
			);
			buildRules = (
			);
			dependencies = (
				1E356514238ED53A00C407F1 /* PBXTargetDependency */,
			);
			name = SpotifyDailyTests;
			productName = SpotifyDailyTests;
			productReference = 1E35650E238ED53A00C407F1 /* SpotifyDailyTests.xctest */;
			productType = "com.apple.product-type.bundle.unit-test";
		};
/* End PBXNativeTarget section */

/* Begin PBXProject section */
		1E022BCB238B5888007D2EE6 /* Project object */ = {
			isa = PBXProject;
			attributes = {
				LastSwiftUpdateCheck = 1120;
				LastUpgradeCheck = 1120;
				ORGANIZATIONNAME = "Kevin Li";
				TargetAttributes = {
					1E022BD2238B5888007D2EE6 = {
						CreatedOnToolsVersion = 11.2.1;
					};
					1E35650D238ED53A00C407F1 = {
						CreatedOnToolsVersion = 11.2.1;
						TestTargetID = 1E022BD2238B5888007D2EE6;
					};
				};
			};
			buildConfigurationList = 1E022BCE238B5888007D2EE6 /* Build configuration list for PBXProject "SpotifyDaily" */;
			compatibilityVersion = "Xcode 9.3";
			developmentRegion = en;
			hasScannedForEncodings = 0;
			knownRegions = (
				en,
				Base,
			);
			mainGroup = 1E022BCA238B5888007D2EE6;
			productRefGroup = 1E022BD4238B5888007D2EE6 /* Products */;
			projectDirPath = "";
			projectRoot = "";
			targets = (
				1E022BD2238B5888007D2EE6 /* SpotifyDaily */,
				1E35650D238ED53A00C407F1 /* SpotifyDailyTests */,
			);
		};
/* End PBXProject section */

/* Begin PBXResourcesBuildPhase section */
		1E022BD1238B5888007D2EE6 /* Resources */ = {
			isa = PBXResourcesBuildPhase;
			buildActionMask = 2147483647;
			files = (
				1E022BE3238B5888007D2EE6 /* LaunchScreen.storyboard in Resources */,
				1E022BE0238B5888007D2EE6 /* Assets.xcassets in Resources */,
			);
			runOnlyForDeploymentPostprocessing = 0;
		};
		1E35650C238ED53A00C407F1 /* Resources */ = {
			isa = PBXResourcesBuildPhase;
			buildActionMask = 2147483647;
			files = (
			);
			runOnlyForDeploymentPostprocessing = 0;
		};
/* End PBXResourcesBuildPhase section */

/* Begin PBXShellScriptBuildPhase section */
		7F71F44A17551036986E6C65 /* [CP] Embed Pods Frameworks */ = {
			isa = PBXShellScriptBuildPhase;
			buildActionMask = 2147483647;
			files = (
			);
			inputFileListPaths = (
				"${PODS_ROOT}/Target Support Files/Pods-SpotifyDaily/Pods-SpotifyDaily-frameworks-${CONFIGURATION}-input-files.xcfilelist",
			);
			name = "[CP] Embed Pods Frameworks";
			outputFileListPaths = (
				"${PODS_ROOT}/Target Support Files/Pods-SpotifyDaily/Pods-SpotifyDaily-frameworks-${CONFIGURATION}-output-files.xcfilelist",
			);
			runOnlyForDeploymentPostprocessing = 0;
			shellPath = /bin/sh;
			shellScript = "\"${PODS_ROOT}/Target Support Files/Pods-SpotifyDaily/Pods-SpotifyDaily-frameworks.sh\"\n";
			showEnvVarsInLog = 0;
		};
		E0A66B216CD24DEE53486C99 /* [CP] Check Pods Manifest.lock */ = {
			isa = PBXShellScriptBuildPhase;
			buildActionMask = 2147483647;
			files = (
			);
			inputFileListPaths = (
			);
			inputPaths = (
				"${PODS_PODFILE_DIR_PATH}/Podfile.lock",
				"${PODS_ROOT}/Manifest.lock",
			);
			name = "[CP] Check Pods Manifest.lock";
			outputFileListPaths = (
			);
			outputPaths = (
				"$(DERIVED_FILE_DIR)/Pods-SpotifyDaily-checkManifestLockResult.txt",
			);
			runOnlyForDeploymentPostprocessing = 0;
			shellPath = /bin/sh;
			shellScript = "diff \"${PODS_PODFILE_DIR_PATH}/Podfile.lock\" \"${PODS_ROOT}/Manifest.lock\" > /dev/null\nif [ $? != 0 ] ; then\n    # print error to STDERR\n    echo \"error: The sandbox is not in sync with the Podfile.lock. Run 'pod install' or update your CocoaPods installation.\" >&2\n    exit 1\nfi\n# This output is used by Xcode 'outputs' to avoid re-running this script phase.\necho \"SUCCESS\" > \"${SCRIPT_OUTPUT_FILE_0}\"\n";
			showEnvVarsInLog = 0;
		};
/* End PBXShellScriptBuildPhase section */

/* Begin PBXSourcesBuildPhase section */
		1E022BCF238B5888007D2EE6 /* Sources */ = {
			isa = PBXSourcesBuildPhase;
			buildActionMask = 2147483647;
			files = (
				1EB830D6238CE37400C002DA /* DashboardCoordinator.swift in Sources */,
				1EB830D4238CC97E00C002DA /* DashboardViewController.swift in Sources */,
				1E022BDB238B5888007D2EE6 /* LoginViewController.swift in Sources */,
				1E022BD7238B5888007D2EE6 /* AppDelegate.swift in Sources */,
				1E896A64238C27F000C745F0 /* AppCoordinator.swift in Sources */,
				1EAB9487238F083900C45AD4 /* UIImage+Additions.swift in Sources */,
				1E356505238EC9D200C407F1 /* SettingsCoordinator.swift in Sources */,
				1EAB9489238F15CC00C45AD4 /* MainTabBarController.swift in Sources */,
				1E356507238ED3D000C407F1 /* UIImageView+Additions.swift in Sources */,
				1EAB948D238F164B00C45AD4 /* RecommendationsViewController.swift in Sources */,
				1E896A6A238C2A8D00C745F0 /* SignInCoordinator.swift in Sources */,
				1E896A68238C29F400C745F0 /* BaseCoordinator.swift in Sources */,
				1E896A62238C246400C745F0 /* UIColor+Additions.swift in Sources */,
				1E3AFA72238F197100FAD3E6 /* MainCoordinator.swift in Sources */,
				1E3AFA75238F1B4C00FAD3E6 /* RecommendationsCoordinator.swift in Sources */,
				1E3759A4238D7B0F00928EDD /* SettingsViewController.swift in Sources */,
			);
			runOnlyForDeploymentPostprocessing = 0;
		};
		1E35650A238ED53A00C407F1 /* Sources */ = {
			isa = PBXSourcesBuildPhase;
			buildActionMask = 2147483647;
			files = (
				1E356511238ED53A00C407F1 /* SpotifyDailyTests.swift in Sources */,
			);
			runOnlyForDeploymentPostprocessing = 0;
		};
/* End PBXSourcesBuildPhase section */

/* Begin PBXTargetDependency section */
		1E356514238ED53A00C407F1 /* PBXTargetDependency */ = {
			isa = PBXTargetDependency;
			target = 1E022BD2238B5888007D2EE6 /* SpotifyDaily */;
			targetProxy = 1E356513238ED53A00C407F1 /* PBXContainerItemProxy */;
		};
/* End PBXTargetDependency section */

/* Begin PBXVariantGroup section */
		1E022BE1238B5888007D2EE6 /* LaunchScreen.storyboard */ = {
			isa = PBXVariantGroup;
			children = (
				1E022BE2238B5888007D2EE6 /* Base */,
			);
			name = LaunchScreen.storyboard;
			sourceTree = "<group>";
		};
/* End PBXVariantGroup section */

/* Begin XCBuildConfiguration section */
		1E022BE5238B5888007D2EE6 /* Debug */ = {
			isa = XCBuildConfiguration;
			buildSettings = {
				ALWAYS_SEARCH_USER_PATHS = NO;
				CLANG_ANALYZER_NONNULL = YES;
				CLANG_ANALYZER_NUMBER_OBJECT_CONVERSION = YES_AGGRESSIVE;
				CLANG_CXX_LANGUAGE_STANDARD = "gnu++14";
				CLANG_CXX_LIBRARY = "libc++";
				CLANG_ENABLE_MODULES = YES;
				CLANG_ENABLE_OBJC_ARC = YES;
				CLANG_ENABLE_OBJC_WEAK = YES;
				CLANG_WARN_BLOCK_CAPTURE_AUTORELEASING = YES;
				CLANG_WARN_BOOL_CONVERSION = YES;
				CLANG_WARN_COMMA = YES;
				CLANG_WARN_CONSTANT_CONVERSION = YES;
				CLANG_WARN_DEPRECATED_OBJC_IMPLEMENTATIONS = YES;
				CLANG_WARN_DIRECT_OBJC_ISA_USAGE = YES_ERROR;
				CLANG_WARN_DOCUMENTATION_COMMENTS = YES;
				CLANG_WARN_EMPTY_BODY = YES;
				CLANG_WARN_ENUM_CONVERSION = YES;
				CLANG_WARN_INFINITE_RECURSION = YES;
				CLANG_WARN_INT_CONVERSION = YES;
				CLANG_WARN_NON_LITERAL_NULL_CONVERSION = YES;
				CLANG_WARN_OBJC_IMPLICIT_RETAIN_SELF = YES;
				CLANG_WARN_OBJC_LITERAL_CONVERSION = YES;
				CLANG_WARN_OBJC_ROOT_CLASS = YES_ERROR;
				CLANG_WARN_RANGE_LOOP_ANALYSIS = YES;
				CLANG_WARN_STRICT_PROTOTYPES = YES;
				CLANG_WARN_SUSPICIOUS_MOVE = YES;
				CLANG_WARN_UNGUARDED_AVAILABILITY = YES_AGGRESSIVE;
				CLANG_WARN_UNREACHABLE_CODE = YES;
				CLANG_WARN__DUPLICATE_METHOD_MATCH = YES;
				COPY_PHASE_STRIP = NO;
				DEBUG_INFORMATION_FORMAT = dwarf;
				ENABLE_STRICT_OBJC_MSGSEND = YES;
				ENABLE_TESTABILITY = YES;
				GCC_C_LANGUAGE_STANDARD = gnu11;
				GCC_DYNAMIC_NO_PIC = NO;
				GCC_NO_COMMON_BLOCKS = YES;
				GCC_OPTIMIZATION_LEVEL = 0;
				GCC_PREPROCESSOR_DEFINITIONS = (
					"DEBUG=1",
					"$(inherited)",
				);
				GCC_WARN_64_TO_32_BIT_CONVERSION = YES;
				GCC_WARN_ABOUT_RETURN_TYPE = YES_ERROR;
				GCC_WARN_UNDECLARED_SELECTOR = YES;
				GCC_WARN_UNINITIALIZED_AUTOS = YES_AGGRESSIVE;
				GCC_WARN_UNUSED_FUNCTION = YES;
				GCC_WARN_UNUSED_VARIABLE = YES;
				INFOPLIST_FILE = /Users/kevinli/Documents/PersonalProjects/iOS/SpotifyDaily/SpotifyDaily/Info.plist;
				IPHONEOS_DEPLOYMENT_TARGET = 13.2;
				MTL_ENABLE_DEBUG_INFO = INCLUDE_SOURCE;
				MTL_FAST_MATH = YES;
				ONLY_ACTIVE_ARCH = YES;
				OTHER_LDFLAGS = "-ObjC";
				SDKROOT = iphoneos;
				SWIFT_ACTIVE_COMPILATION_CONDITIONS = DEBUG;
				SWIFT_OPTIMIZATION_LEVEL = "-Onone";
			};
			name = Debug;
		};
		1E022BE6238B5888007D2EE6 /* Release */ = {
			isa = XCBuildConfiguration;
			buildSettings = {
				ALWAYS_SEARCH_USER_PATHS = NO;
				CLANG_ANALYZER_NONNULL = YES;
				CLANG_ANALYZER_NUMBER_OBJECT_CONVERSION = YES_AGGRESSIVE;
				CLANG_CXX_LANGUAGE_STANDARD = "gnu++14";
				CLANG_CXX_LIBRARY = "libc++";
				CLANG_ENABLE_MODULES = YES;
				CLANG_ENABLE_OBJC_ARC = YES;
				CLANG_ENABLE_OBJC_WEAK = YES;
				CLANG_WARN_BLOCK_CAPTURE_AUTORELEASING = YES;
				CLANG_WARN_BOOL_CONVERSION = YES;
				CLANG_WARN_COMMA = YES;
				CLANG_WARN_CONSTANT_CONVERSION = YES;
				CLANG_WARN_DEPRECATED_OBJC_IMPLEMENTATIONS = YES;
				CLANG_WARN_DIRECT_OBJC_ISA_USAGE = YES_ERROR;
				CLANG_WARN_DOCUMENTATION_COMMENTS = YES;
				CLANG_WARN_EMPTY_BODY = YES;
				CLANG_WARN_ENUM_CONVERSION = YES;
				CLANG_WARN_INFINITE_RECURSION = YES;
				CLANG_WARN_INT_CONVERSION = YES;
				CLANG_WARN_NON_LITERAL_NULL_CONVERSION = YES;
				CLANG_WARN_OBJC_IMPLICIT_RETAIN_SELF = YES;
				CLANG_WARN_OBJC_LITERAL_CONVERSION = YES;
				CLANG_WARN_OBJC_ROOT_CLASS = YES_ERROR;
				CLANG_WARN_RANGE_LOOP_ANALYSIS = YES;
				CLANG_WARN_STRICT_PROTOTYPES = YES;
				CLANG_WARN_SUSPICIOUS_MOVE = YES;
				CLANG_WARN_UNGUARDED_AVAILABILITY = YES_AGGRESSIVE;
				CLANG_WARN_UNREACHABLE_CODE = YES;
				CLANG_WARN__DUPLICATE_METHOD_MATCH = YES;
				COPY_PHASE_STRIP = NO;
				DEBUG_INFORMATION_FORMAT = "dwarf-with-dsym";
				ENABLE_NS_ASSERTIONS = NO;
				ENABLE_STRICT_OBJC_MSGSEND = YES;
				GCC_C_LANGUAGE_STANDARD = gnu11;
				GCC_NO_COMMON_BLOCKS = YES;
				GCC_WARN_64_TO_32_BIT_CONVERSION = YES;
				GCC_WARN_ABOUT_RETURN_TYPE = YES_ERROR;
				GCC_WARN_UNDECLARED_SELECTOR = YES;
				GCC_WARN_UNINITIALIZED_AUTOS = YES_AGGRESSIVE;
				GCC_WARN_UNUSED_FUNCTION = YES;
				GCC_WARN_UNUSED_VARIABLE = YES;
				INFOPLIST_FILE = /Users/kevinli/Documents/PersonalProjects/iOS/SpotifyDaily/SpotifyDaily/Info.plist;
				IPHONEOS_DEPLOYMENT_TARGET = 13.2;
				MTL_ENABLE_DEBUG_INFO = NO;
				MTL_FAST_MATH = YES;
				OTHER_LDFLAGS = "-ObjC";
				SDKROOT = iphoneos;
				SWIFT_COMPILATION_MODE = wholemodule;
				SWIFT_OPTIMIZATION_LEVEL = "-O";
				VALIDATE_PRODUCT = YES;
			};
			name = Release;
		};
		1E022BE8238B5888007D2EE6 /* Debug */ = {
			isa = XCBuildConfiguration;
			baseConfigurationReference = 0690C4734A0BF02C9DB10A7D /* Pods-SpotifyDaily.debug.xcconfig */;
			buildSettings = {
				ASSETCATALOG_COMPILER_APPICON_NAME = AppIcon;
				CODE_SIGN_STYLE = Automatic;
				DEVELOPMENT_TEAM = 75H2NCGMKS;
				FRAMEWORK_SEARCH_PATHS = (
					"$(inherited)",
					"$(PROJECT_DIR)",
				);
				INFOPLIST_FILE = SpotifyDaily/Info.plist;
				LD_RUNPATH_SEARCH_PATHS = (
					"$(inherited)",
					"@executable_path/Frameworks",
				);
				OTHER_LDFLAGS = (
					"-framework",
					"\"SpotifyLogin\"",
					"-framework",
					"\"SwiftyBeaver\"",
				);
				PRODUCT_BUNDLE_IDENTIFIER = com.kevinli.SpotifyDaily;
				PRODUCT_NAME = "$(TARGET_NAME)";
				SWIFT_OBJC_BRIDGING_HEADER = "";
				SWIFT_VERSION = 5.0;
				TARGETED_DEVICE_FAMILY = "1,2";
			};
			name = Debug;
		};
		1E022BE9238B5888007D2EE6 /* Release */ = {
			isa = XCBuildConfiguration;
			baseConfigurationReference = 77127B0B306A5FA5FD8243FD /* Pods-SpotifyDaily.release.xcconfig */;
			buildSettings = {
				ASSETCATALOG_COMPILER_APPICON_NAME = AppIcon;
				CODE_SIGN_STYLE = Automatic;
				DEVELOPMENT_TEAM = 75H2NCGMKS;
				FRAMEWORK_SEARCH_PATHS = (
					"$(inherited)",
					"$(PROJECT_DIR)",
				);
				INFOPLIST_FILE = SpotifyDaily/Info.plist;
				LD_RUNPATH_SEARCH_PATHS = (
					"$(inherited)",
					"@executable_path/Frameworks",
				);
				OTHER_LDFLAGS = (
					"-framework",
					"\"SpotifyLogin\"",
					"-framework",
					"\"SwiftyBeaver\"",
				);
				PRODUCT_BUNDLE_IDENTIFIER = com.kevinli.SpotifyDaily;
				PRODUCT_NAME = "$(TARGET_NAME)";
				SWIFT_OBJC_BRIDGING_HEADER = "";
				SWIFT_VERSION = 5.0;
				TARGETED_DEVICE_FAMILY = "1,2";
			};
			name = Release;
		};
		1E356516238ED53A00C407F1 /* Debug */ = {
			isa = XCBuildConfiguration;
			buildSettings = {
				BUNDLE_LOADER = "$(TEST_HOST)";
				CODE_SIGN_STYLE = Automatic;
				DEVELOPMENT_TEAM = 75H2NCGMKS;
				INFOPLIST_FILE = SpotifyDailyTests/Info.plist;
				LD_RUNPATH_SEARCH_PATHS = (
					"$(inherited)",
					"@executable_path/Frameworks",
					"@loader_path/Frameworks",
				);
				PRODUCT_BUNDLE_IDENTIFIER = com.kevinli.SpotifyDailyTests;
				PRODUCT_NAME = "$(TARGET_NAME)";
				SWIFT_VERSION = 5.0;
				TARGETED_DEVICE_FAMILY = "1,2";
				TEST_HOST = "$(BUILT_PRODUCTS_DIR)/SpotifyDaily.app/SpotifyDaily";
			};
			name = Debug;
		};
		1E356517238ED53A00C407F1 /* Release */ = {
			isa = XCBuildConfiguration;
			buildSettings = {
				BUNDLE_LOADER = "$(TEST_HOST)";
				CODE_SIGN_STYLE = Automatic;
				DEVELOPMENT_TEAM = 75H2NCGMKS;
				INFOPLIST_FILE = SpotifyDailyTests/Info.plist;
				LD_RUNPATH_SEARCH_PATHS = (
					"$(inherited)",
					"@executable_path/Frameworks",
					"@loader_path/Frameworks",
				);
				PRODUCT_BUNDLE_IDENTIFIER = com.kevinli.SpotifyDailyTests;
				PRODUCT_NAME = "$(TARGET_NAME)";
				SWIFT_VERSION = 5.0;
				TARGETED_DEVICE_FAMILY = "1,2";
				TEST_HOST = "$(BUILT_PRODUCTS_DIR)/SpotifyDaily.app/SpotifyDaily";
			};
			name = Release;
		};
/* End XCBuildConfiguration section */

/* Begin XCConfigurationList section */
		1E022BCE238B5888007D2EE6 /* Build configuration list for PBXProject "SpotifyDaily" */ = {
			isa = XCConfigurationList;
			buildConfigurations = (
				1E022BE5238B5888007D2EE6 /* Debug */,
				1E022BE6238B5888007D2EE6 /* Release */,
			);
			defaultConfigurationIsVisible = 0;
			defaultConfigurationName = Release;
		};
		1E022BE7238B5888007D2EE6 /* Build configuration list for PBXNativeTarget "SpotifyDaily" */ = {
			isa = XCConfigurationList;
			buildConfigurations = (
				1E022BE8238B5888007D2EE6 /* Debug */,
				1E022BE9238B5888007D2EE6 /* Release */,
			);
			defaultConfigurationIsVisible = 0;
			defaultConfigurationName = Release;
		};
		1E356515238ED53A00C407F1 /* Build configuration list for PBXNativeTarget "SpotifyDailyTests" */ = {
			isa = XCConfigurationList;
			buildConfigurations = (
				1E356516238ED53A00C407F1 /* Debug */,
				1E356517238ED53A00C407F1 /* Release */,
			);
			defaultConfigurationIsVisible = 0;
			defaultConfigurationName = Release;
		};
/* End XCConfigurationList section */
	};
	rootObject = 1E022BCB238B5888007D2EE6 /* Project object */;
}
